
Microsoft Visual Studio Solution File, Format Version 12.00
# Visual Studio 14
VisualStudioVersion = 14.0.23107.0
MinimumVisualStudioVersion = 10.0.40219.1
Project("{2150E333-8FDC-42A3-9474-1A3956D46DE8}") = ".nuget", ".nuget", "{E43E3146-04DB-495E-AB4C-39D107DE8456}"
	ProjectSection(SolutionItems) = preProject
		.nuget\NuGet.Config = .nuget\NuGet.Config
		.nuget\NuGet.exe = .nuget\NuGet.exe
		.nuget\NuGet.targets = .nuget\NuGet.targets
	EndProjectSection
EndProject
Project("{FAE04EC0-301F-11D3-BF4B-00C04F79EFBC}") = "MoneyManager.Foundation", "MoneyManager.Foundation\MoneyManager.Foundation.csproj", "{6936F4D3-8889-48C7-A676-80D59B2740CE}"
EndProject
Project("{FAE04EC0-301F-11D3-BF4B-00C04F79EFBC}") = "MoneyManager.Business", "MoneyManager.Business\MoneyManager.Business.csproj", "{97C5FD49-1128-4FA5-B529-264562A416EF}"
EndProject
Project("{FAE04EC0-301F-11D3-BF4B-00C04F79EFBC}") = "MoneyManager.DataAccess.WindowsPhone.Test", "MoneyManager.DataAccess.WindowsPhone.Test\MoneyManager.DataAccess.WindowsPhone.Test.csproj", "{206C8CE3-628B-4CD1-8354-8F83546F6C7C}"
EndProject
Project("{2150E333-8FDC-42A3-9474-1A3956D46DE8}") = "Tests", "Tests", "{D6E6E944-C844-4882-A72A-F86C17196117}"
EndProject
Project("{FAE04EC0-301F-11D3-BF4B-00C04F79EFBC}") = "MoneyManager.Business.WindowsPhone.Test", "MoneyManager.Business.WindowsPhone.Test\MoneyManager.Business.WindowsPhone.Test.csproj", "{529E9009-6BE9-4630-84E4-0288A9CE4083}"
EndProject
Project("{FAE04EC0-301F-11D3-BF4B-00C04F79EFBC}") = "MoneyManager.Windows", "MoneyManager.Windows\MoneyManager.Windows.csproj", "{31D78E14-8DC1-490C-A401-F88F6E36DB96}"
EndProject
Project("{2150E333-8FDC-42A3-9474-1A3956D46DE8}") = "Core", "Core", "{60ABB8E8-B9ED-46A7-83D4-318DC8BFE878}"
EndProject
Project("{2150E333-8FDC-42A3-9474-1A3956D46DE8}") = "Platforms", "Platforms", "{AB1FA939-5161-4DDF-8470-A44658E86BC2}"
EndProject
Global
	GlobalSection(SolutionConfigurationPlatforms) = preSolution
		Debug|Any CPU = Debug|Any CPU
		Debug|ARM = Debug|ARM
		Debug|Mixed Platforms = Debug|Mixed Platforms
		Debug|x64 = Debug|x64
		Debug|x86 = Debug|x86
		Release|Any CPU = Release|Any CPU
		Release|ARM = Release|ARM
		Release|Mixed Platforms = Release|Mixed Platforms
		Release|x64 = Release|x64
		Release|x86 = Release|x86
	EndGlobalSection
	GlobalSection(ProjectConfigurationPlatforms) = postSolution
		{6936F4D3-8889-48C7-A676-80D59B2740CE}.Debug|Any CPU.ActiveCfg = Debug|Any CPU
		{6936F4D3-8889-48C7-A676-80D59B2740CE}.Debug|Any CPU.Build.0 = Debug|Any CPU
		{6936F4D3-8889-48C7-A676-80D59B2740CE}.Debug|ARM.ActiveCfg = Debug|Any CPU
		{6936F4D3-8889-48C7-A676-80D59B2740CE}.Debug|ARM.Build.0 = Debug|Any CPU
		{6936F4D3-8889-48C7-A676-80D59B2740CE}.Debug|Mixed Platforms.ActiveCfg = Debug|Any CPU
		{6936F4D3-8889-48C7-A676-80D59B2740CE}.Debug|Mixed Platforms.Build.0 = Debug|Any CPU
		{6936F4D3-8889-48C7-A676-80D59B2740CE}.Debug|x64.ActiveCfg = Debug|Any CPU
		{6936F4D3-8889-48C7-A676-80D59B2740CE}.Debug|x86.ActiveCfg = Debug|Any CPU
		{6936F4D3-8889-48C7-A676-80D59B2740CE}.Debug|x86.Build.0 = Debug|Any CPU
		{6936F4D3-8889-48C7-A676-80D59B2740CE}.Release|Any CPU.ActiveCfg = Release|Any CPU
		{6936F4D3-8889-48C7-A676-80D59B2740CE}.Release|Any CPU.Build.0 = Release|Any CPU
		{6936F4D3-8889-48C7-A676-80D59B2740CE}.Release|ARM.ActiveCfg = Release|Any CPU
		{6936F4D3-8889-48C7-A676-80D59B2740CE}.Release|ARM.Build.0 = Release|Any CPU
		{6936F4D3-8889-48C7-A676-80D59B2740CE}.Release|Mixed Platforms.ActiveCfg = Release|Any CPU
		{6936F4D3-8889-48C7-A676-80D59B2740CE}.Release|Mixed Platforms.Build.0 = Release|Any CPU
		{6936F4D3-8889-48C7-A676-80D59B2740CE}.Release|x64.ActiveCfg = Release|Any CPU
		{6936F4D3-8889-48C7-A676-80D59B2740CE}.Release|x86.ActiveCfg = Release|Any CPU
		{6936F4D3-8889-48C7-A676-80D59B2740CE}.Release|x86.Build.0 = Release|Any CPU
		{97C5FD49-1128-4FA5-B529-264562A416EF}.Debug|Any CPU.ActiveCfg = Debug|Any CPU
		{97C5FD49-1128-4FA5-B529-264562A416EF}.Debug|Any CPU.Build.0 = Debug|Any CPU
		{97C5FD49-1128-4FA5-B529-264562A416EF}.Debug|ARM.ActiveCfg = Debug|Any CPU
		{97C5FD49-1128-4FA5-B529-264562A416EF}.Debug|ARM.Build.0 = Debug|Any CPU
		{97C5FD49-1128-4FA5-B529-264562A416EF}.Debug|Mixed Platforms.ActiveCfg = Debug|Any CPU
		{97C5FD49-1128-4FA5-B529-264562A416EF}.Debug|Mixed Platforms.Build.0 = Debug|Any CPU
		{97C5FD49-1128-4FA5-B529-264562A416EF}.Debug|x64.ActiveCfg = Debug|Any CPU
		{97C5FD49-1128-4FA5-B529-264562A416EF}.Debug|x86.ActiveCfg = Debug|Any CPU
		{97C5FD49-1128-4FA5-B529-264562A416EF}.Debug|x86.Build.0 = Debug|Any CPU
		{97C5FD49-1128-4FA5-B529-264562A416EF}.Release|Any CPU.ActiveCfg = Release|Any CPU
		{97C5FD49-1128-4FA5-B529-264562A416EF}.Release|Any CPU.Build.0 = Release|Any CPU
		{97C5FD49-1128-4FA5-B529-264562A416EF}.Release|ARM.ActiveCfg = Release|Any CPU
		{97C5FD49-1128-4FA5-B529-264562A416EF}.Release|ARM.Build.0 = Release|Any CPU
		{97C5FD49-1128-4FA5-B529-264562A416EF}.Release|Mixed Platforms.ActiveCfg = Release|Any CPU
		{97C5FD49-1128-4FA5-B529-264562A416EF}.Release|Mixed Platforms.Build.0 = Release|Any CPU
		{97C5FD49-1128-4FA5-B529-264562A416EF}.Release|x64.ActiveCfg = Release|Any CPU
		{97C5FD49-1128-4FA5-B529-264562A416EF}.Release|x86.ActiveCfg = Release|Any CPU
		{97C5FD49-1128-4FA5-B529-264562A416EF}.Release|x86.Build.0 = Release|Any CPU
		{206C8CE3-628B-4CD1-8354-8F83546F6C7C}.Debug|Any CPU.ActiveCfg = Debug|x86
		{206C8CE3-628B-4CD1-8354-8F83546F6C7C}.Debug|ARM.ActiveCfg = Debug|ARM
		{206C8CE3-628B-4CD1-8354-8F83546F6C7C}.Debug|ARM.Build.0 = Debug|ARM
		{206C8CE3-628B-4CD1-8354-8F83546F6C7C}.Debug|ARM.Deploy.0 = Debug|ARM
		{206C8CE3-628B-4CD1-8354-8F83546F6C7C}.Debug|Mixed Platforms.ActiveCfg = Debug|x86
		{206C8CE3-628B-4CD1-8354-8F83546F6C7C}.Debug|Mixed Platforms.Build.0 = Debug|x86
		{206C8CE3-628B-4CD1-8354-8F83546F6C7C}.Debug|Mixed Platforms.Deploy.0 = Debug|x86
		{206C8CE3-628B-4CD1-8354-8F83546F6C7C}.Debug|x64.ActiveCfg = Debug|x86
		{206C8CE3-628B-4CD1-8354-8F83546F6C7C}.Debug|x86.ActiveCfg = Debug|x86
		{206C8CE3-628B-4CD1-8354-8F83546F6C7C}.Debug|x86.Build.0 = Debug|x86
		{206C8CE3-628B-4CD1-8354-8F83546F6C7C}.Debug|x86.Deploy.0 = Debug|x86
		{206C8CE3-628B-4CD1-8354-8F83546F6C7C}.Release|Any CPU.ActiveCfg = Release|x86
		{206C8CE3-628B-4CD1-8354-8F83546F6C7C}.Release|ARM.ActiveCfg = Release|ARM
		{206C8CE3-628B-4CD1-8354-8F83546F6C7C}.Release|ARM.Build.0 = Release|ARM
		{206C8CE3-628B-4CD1-8354-8F83546F6C7C}.Release|ARM.Deploy.0 = Release|ARM
		{206C8CE3-628B-4CD1-8354-8F83546F6C7C}.Release|Mixed Platforms.ActiveCfg = Release|x86
		{206C8CE3-628B-4CD1-8354-8F83546F6C7C}.Release|Mixed Platforms.Build.0 = Release|x86
		{206C8CE3-628B-4CD1-8354-8F83546F6C7C}.Release|Mixed Platforms.Deploy.0 = Release|x86
		{206C8CE3-628B-4CD1-8354-8F83546F6C7C}.Release|x64.ActiveCfg = Release|x86
		{206C8CE3-628B-4CD1-8354-8F83546F6C7C}.Release|x86.ActiveCfg = Release|x86
		{206C8CE3-628B-4CD1-8354-8F83546F6C7C}.Release|x86.Build.0 = Release|x86
		{206C8CE3-628B-4CD1-8354-8F83546F6C7C}.Release|x86.Deploy.0 = Release|x86
		{529E9009-6BE9-4630-84E4-0288A9CE4083}.Debug|Any CPU.ActiveCfg = Debug|x86
		{529E9009-6BE9-4630-84E4-0288A9CE4083}.Debug|ARM.ActiveCfg = Debug|ARM
		{529E9009-6BE9-4630-84E4-0288A9CE4083}.Debug|ARM.Build.0 = Debug|ARM
		{529E9009-6BE9-4630-84E4-0288A9CE4083}.Debug|ARM.Deploy.0 = Debug|ARM
		{529E9009-6BE9-4630-84E4-0288A9CE4083}.Debug|Mixed Platforms.ActiveCfg = Debug|x86
		{529E9009-6BE9-4630-84E4-0288A9CE4083}.Debug|Mixed Platforms.Build.0 = Debug|x86
		{529E9009-6BE9-4630-84E4-0288A9CE4083}.Debug|Mixed Platforms.Deploy.0 = Debug|x86
		{529E9009-6BE9-4630-84E4-0288A9CE4083}.Debug|x64.ActiveCfg = Debug|x86
		{529E9009-6BE9-4630-84E4-0288A9CE4083}.Debug|x86.ActiveCfg = Debug|x86
		{529E9009-6BE9-4630-84E4-0288A9CE4083}.Debug|x86.Build.0 = Debug|x86
		{529E9009-6BE9-4630-84E4-0288A9CE4083}.Debug|x86.Deploy.0 = Debug|x86
		{529E9009-6BE9-4630-84E4-0288A9CE4083}.Release|Any CPU.ActiveCfg = Release|x86
		{529E9009-6BE9-4630-84E4-0288A9CE4083}.Release|ARM.ActiveCfg = Release|ARM
		{529E9009-6BE9-4630-84E4-0288A9CE4083}.Release|ARM.Build.0 = Release|ARM
		{529E9009-6BE9-4630-84E4-0288A9CE4083}.Release|ARM.Deploy.0 = Release|ARM
		{529E9009-6BE9-4630-84E4-0288A9CE4083}.Release|Mixed Platforms.ActiveCfg = Release|x86
		{529E9009-6BE9-4630-84E4-0288A9CE4083}.Release|Mixed Platforms.Build.0 = Release|x86
		{529E9009-6BE9-4630-84E4-0288A9CE4083}.Release|Mixed Platforms.Deploy.0 = Release|x86
		{529E9009-6BE9-4630-84E4-0288A9CE4083}.Release|x64.ActiveCfg = Release|x86
		{529E9009-6BE9-4630-84E4-0288A9CE4083}.Release|x86.ActiveCfg = Release|x86
		{529E9009-6BE9-4630-84E4-0288A9CE4083}.Release|x86.Build.0 = Release|x86
		{529E9009-6BE9-4630-84E4-0288A9CE4083}.Release|x86.Deploy.0 = Release|x86
		{31D78E14-8DC1-490C-A401-F88F6E36DB96}.Debug|Any CPU.ActiveCfg = Debug|x86
		{31D78E14-8DC1-490C-A401-F88F6E36DB96}.Debug|ARM.ActiveCfg = Debug|ARM
		{31D78E14-8DC1-490C-A401-F88F6E36DB96}.Debug|ARM.Build.0 = Debug|ARM
		{31D78E14-8DC1-490C-A401-F88F6E36DB96}.Debug|ARM.Deploy.0 = Debug|ARM
		{31D78E14-8DC1-490C-A401-F88F6E36DB96}.Debug|Mixed Platforms.ActiveCfg = Debug|x86
		{31D78E14-8DC1-490C-A401-F88F6E36DB96}.Debug|Mixed Platforms.Build.0 = Debug|x86
		{31D78E14-8DC1-490C-A401-F88F6E36DB96}.Debug|Mixed Platforms.Deploy.0 = Debug|x86
		{31D78E14-8DC1-490C-A401-F88F6E36DB96}.Debug|x64.ActiveCfg = Debug|x64
		{31D78E14-8DC1-490C-A401-F88F6E36DB96}.Debug|x64.Build.0 = Debug|x64
		{31D78E14-8DC1-490C-A401-F88F6E36DB96}.Debug|x64.Deploy.0 = Debug|x64
		{31D78E14-8DC1-490C-A401-F88F6E36DB96}.Debug|x86.ActiveCfg = Debug|x86
		{31D78E14-8DC1-490C-A401-F88F6E36DB96}.Debug|x86.Build.0 = Debug|x86
		{31D78E14-8DC1-490C-A401-F88F6E36DB96}.Debug|x86.Deploy.0 = Debug|x86
		{31D78E14-8DC1-490C-A401-F88F6E36DB96}.Release|Any CPU.ActiveCfg = Release|x86
		{31D78E14-8DC1-490C-A401-F88F6E36DB96}.Release|ARM.ActiveCfg = Release|ARM
		{31D78E14-8DC1-490C-A401-F88F6E36DB96}.Release|ARM.Build.0 = Release|ARM
		{31D78E14-8DC1-490C-A401-F88F6E36DB96}.Release|ARM.Deploy.0 = Release|ARM
		{31D78E14-8DC1-490C-A401-F88F6E36DB96}.Release|Mixed Platforms.ActiveCfg = Release|x86
		{31D78E14-8DC1-490C-A401-F88F6E36DB96}.Release|Mixed Platforms.Build.0 = Release|x86
		{31D78E14-8DC1-490C-A401-F88F6E36DB96}.Release|Mixed Platforms.Deploy.0 = Release|x86
		{31D78E14-8DC1-490C-A401-F88F6E36DB96}.Release|x64.ActiveCfg = Release|x64
		{31D78E14-8DC1-490C-A401-F88F6E36DB96}.Release|x64.Build.0 = Release|x64
		{31D78E14-8DC1-490C-A401-F88F6E36DB96}.Release|x64.Deploy.0 = Release|x64
		{31D78E14-8DC1-490C-A401-F88F6E36DB96}.Release|x86.ActiveCfg = Release|x86
		{31D78E14-8DC1-490C-A401-F88F6E36DB96}.Release|x86.Build.0 = Release|x86
		{31D78E14-8DC1-490C-A401-F88F6E36DB96}.Release|x86.Deploy.0 = Release|x86
	EndGlobalSection
	GlobalSection(SolutionProperties) = preSolution
		HideSolutionNode = FALSE
	EndGlobalSection
	GlobalSection(NestedProjects) = preSolution
		{6936F4D3-8889-48C7-A676-80D59B2740CE} = {60ABB8E8-B9ED-46A7-83D4-318DC8BFE878}
		{97C5FD49-1128-4FA5-B529-264562A416EF} = {60ABB8E8-B9ED-46A7-83D4-318DC8BFE878}
		{206C8CE3-628B-4CD1-8354-8F83546F6C7C} = {D6E6E944-C844-4882-A72A-F86C17196117}
		{529E9009-6BE9-4630-84E4-0288A9CE4083} = {D6E6E944-C844-4882-A72A-F86C17196117}
		{31D78E14-8DC1-490C-A401-F88F6E36DB96} = {AB1FA939-5161-4DDF-8470-A44658E86BC2}
	EndGlobalSection
EndGlobal
