
Microsoft Visual Studio Solution File, Format Version 12.00
# Visual Studio 14
VisualStudioVersion = 14.0.23107.0
MinimumVisualStudioVersion = 10.0.40219.1
Project("{2150E333-8FDC-42A3-9474-1A3956D46DE8}") = ".nuget", ".nuget", "{E43E3146-04DB-495E-AB4C-39D107DE8456}"
	ProjectSection(SolutionItems) = preProject
		.nuget\NuGet.Config = .nuget\NuGet.Config
		.nuget\NuGet.exe = .nuget\NuGet.exe
		.nuget\NuGet.targets = .nuget\NuGet.targets
	EndProjectSection
EndProject
Project("{2150E333-8FDC-42A3-9474-1A3956D46DE8}") = "Tests", "Tests", "{D6E6E944-C844-4882-A72A-F86C17196117}"
EndProject
Project("{FAE04EC0-301F-11D3-BF4B-00C04F79EFBC}") = "MoneyManager.Windows.Core.Tests", "MoneyManager.Windows.Core.Tests\MoneyManager.Windows.Core.Tests.csproj", "{B8538B2D-96F7-46BE-A987-3FBAB75E9D38}"
EndProject
Project("{FAE04EC0-301F-11D3-BF4B-00C04F79EFBC}") = "MoneyManager.Core.Tests", "MoneyManager.Core.Tests\MoneyManager.Core.Tests.csproj", "{8D8635AE-2730-405B-B932-54F39A7FE2F5}"
EndProject
Project("{2150E333-8FDC-42A3-9474-1A3956D46DE8}") = "Core", "Core", "{60ABB8E8-B9ED-46A7-83D4-318DC8BFE878}"
EndProject
Project("{FAE04EC0-301F-11D3-BF4B-00C04F79EFBC}") = "MoneyManager.Foundation", "MoneyManager.Foundation\MoneyManager.Foundation.csproj", "{6936F4D3-8889-48C7-A676-80D59B2740CE}"
EndProject
Project("{FAE04EC0-301F-11D3-BF4B-00C04F79EFBC}") = "MoneyManager.Core", "MoneyManager.Core\MoneyManager.Core.csproj", "{64F3A03F-44C2-44FA-BD29-FA23C35C95F0}"
EndProject
Project("{FAE04EC0-301F-11D3-BF4B-00C04F79EFBC}") = "MoneyManager.Localization", "MoneyManager.Localization\MoneyManager.Localization.csproj", "{90644219-756F-45CC-AB90-253463C5BC5E}"
EndProject
Project("{FAE04EC0-301F-11D3-BF4B-00C04F79EFBC}") = "MoneyManager.DataAccess", "MoneyManager.DataAccess\MoneyManager.DataAccess.csproj", "{038DFD1B-3B87-4098-8B16-8BC011B9EEFC}"
EndProject
Project("{2150E333-8FDC-42A3-9474-1A3956D46DE8}") = "Platforms", "Platforms", "{AB1FA939-5161-4DDF-8470-A44658E86BC2}"
EndProject
Project("{FAE04EC0-301F-11D3-BF4B-00C04F79EFBC}") = "MoneyManager.Windows", "MoneyManager.Windows\MoneyManager.Windows.csproj", "{31D78E14-8DC1-490C-A401-F88F6E36DB96}"
EndProject
Project("{FAE04EC0-301F-11D3-BF4B-00C04F79EFBC}") = "MoneyManager.Droid", "MoneyManager.Droid\MoneyManager.Droid.csproj", "{505CEE6A-E069-44BE-9DD2-4F609C1A2FC4}"
EndProject
Project("{FAE04EC0-301F-11D3-BF4B-00C04F79EFBC}") = "MoneyManager.Ios", "MoneyManager.Ios\MoneyManager.Ios.csproj", "{A28B6D00-5285-4F84-A043-8ABAB789A83F}"
EndProject
Project("{FAE04EC0-301F-11D3-BF4B-00C04F79EFBC}") = "OneDriveSdk.Android", "OneDriveSdk.Android\OneDriveSdk.Android.csproj", "{51A8089E-8713-45B9-93E8-BFF4C3AC0EAD}"
EndProject
Global
	GlobalSection(SolutionConfigurationPlatforms) = preSolution
		Ad-Hoc|Any CPU = Ad-Hoc|Any CPU
		Ad-Hoc|ARM = Ad-Hoc|ARM
		Ad-Hoc|iPhone = Ad-Hoc|iPhone
		Ad-Hoc|iPhoneSimulator = Ad-Hoc|iPhoneSimulator
		Ad-Hoc|Mixed Platforms = Ad-Hoc|Mixed Platforms
		Ad-Hoc|x64 = Ad-Hoc|x64
		Ad-Hoc|x86 = Ad-Hoc|x86
		AppStore|Any CPU = AppStore|Any CPU
		AppStore|ARM = AppStore|ARM
		AppStore|iPhone = AppStore|iPhone
		AppStore|iPhoneSimulator = AppStore|iPhoneSimulator
		AppStore|Mixed Platforms = AppStore|Mixed Platforms
		AppStore|x64 = AppStore|x64
		AppStore|x86 = AppStore|x86
		Debug|Any CPU = Debug|Any CPU
		Debug|ARM = Debug|ARM
		Debug|iPhone = Debug|iPhone
		Debug|iPhoneSimulator = Debug|iPhoneSimulator
		Debug|Mixed Platforms = Debug|Mixed Platforms
		Debug|x64 = Debug|x64
		Debug|x86 = Debug|x86
		Release|Any CPU = Release|Any CPU
		Release|ARM = Release|ARM
		Release|iPhone = Release|iPhone
		Release|iPhoneSimulator = Release|iPhoneSimulator
		Release|Mixed Platforms = Release|Mixed Platforms
		Release|x64 = Release|x64
		Release|x86 = Release|x86
	EndGlobalSection
	GlobalSection(ProjectConfigurationPlatforms) = postSolution
		{B8538B2D-96F7-46BE-A987-3FBAB75E9D38}.Ad-Hoc|Any CPU.ActiveCfg = Release|x64
		{B8538B2D-96F7-46BE-A987-3FBAB75E9D38}.Ad-Hoc|ARM.ActiveCfg = Release|ARM
		{B8538B2D-96F7-46BE-A987-3FBAB75E9D38}.Ad-Hoc|iPhone.ActiveCfg = Release|x64
		{B8538B2D-96F7-46BE-A987-3FBAB75E9D38}.Ad-Hoc|iPhoneSimulator.ActiveCfg = Release|x64
		{B8538B2D-96F7-46BE-A987-3FBAB75E9D38}.Ad-Hoc|Mixed Platforms.ActiveCfg = Release|x86
		{B8538B2D-96F7-46BE-A987-3FBAB75E9D38}.Ad-Hoc|x64.ActiveCfg = Release|x64
		{B8538B2D-96F7-46BE-A987-3FBAB75E9D38}.Ad-Hoc|x86.ActiveCfg = Release|x86
		{B8538B2D-96F7-46BE-A987-3FBAB75E9D38}.AppStore|Any CPU.ActiveCfg = Release|x64
		{B8538B2D-96F7-46BE-A987-3FBAB75E9D38}.AppStore|ARM.ActiveCfg = Release|ARM
		{B8538B2D-96F7-46BE-A987-3FBAB75E9D38}.AppStore|iPhone.ActiveCfg = Release|x64
		{B8538B2D-96F7-46BE-A987-3FBAB75E9D38}.AppStore|iPhoneSimulator.ActiveCfg = Release|x64
		{B8538B2D-96F7-46BE-A987-3FBAB75E9D38}.AppStore|Mixed Platforms.ActiveCfg = Release|x86
		{B8538B2D-96F7-46BE-A987-3FBAB75E9D38}.AppStore|x64.ActiveCfg = Release|x64
		{B8538B2D-96F7-46BE-A987-3FBAB75E9D38}.AppStore|x86.ActiveCfg = Release|x86
		{B8538B2D-96F7-46BE-A987-3FBAB75E9D38}.Debug|Any CPU.ActiveCfg = Debug|x86
		{B8538B2D-96F7-46BE-A987-3FBAB75E9D38}.Debug|ARM.ActiveCfg = Debug|ARM
		{B8538B2D-96F7-46BE-A987-3FBAB75E9D38}.Debug|ARM.Build.0 = Debug|ARM
		{B8538B2D-96F7-46BE-A987-3FBAB75E9D38}.Debug|ARM.Deploy.0 = Debug|ARM
		{B8538B2D-96F7-46BE-A987-3FBAB75E9D38}.Debug|iPhone.ActiveCfg = Debug|x86
		{B8538B2D-96F7-46BE-A987-3FBAB75E9D38}.Debug|iPhoneSimulator.ActiveCfg = Debug|x86
		{B8538B2D-96F7-46BE-A987-3FBAB75E9D38}.Debug|Mixed Platforms.ActiveCfg = Debug|x86
		{B8538B2D-96F7-46BE-A987-3FBAB75E9D38}.Debug|Mixed Platforms.Build.0 = Debug|x86
		{B8538B2D-96F7-46BE-A987-3FBAB75E9D38}.Debug|Mixed Platforms.Deploy.0 = Debug|x86
		{B8538B2D-96F7-46BE-A987-3FBAB75E9D38}.Debug|x64.ActiveCfg = Debug|x64
		{B8538B2D-96F7-46BE-A987-3FBAB75E9D38}.Debug|x64.Build.0 = Debug|x64
		{B8538B2D-96F7-46BE-A987-3FBAB75E9D38}.Debug|x64.Deploy.0 = Debug|x64
		{B8538B2D-96F7-46BE-A987-3FBAB75E9D38}.Debug|x86.ActiveCfg = Debug|x86
		{B8538B2D-96F7-46BE-A987-3FBAB75E9D38}.Debug|x86.Build.0 = Debug|x86
		{B8538B2D-96F7-46BE-A987-3FBAB75E9D38}.Debug|x86.Deploy.0 = Debug|x86
		{B8538B2D-96F7-46BE-A987-3FBAB75E9D38}.Release|Any CPU.ActiveCfg = Release|x86
		{B8538B2D-96F7-46BE-A987-3FBAB75E9D38}.Release|ARM.ActiveCfg = Release|ARM
		{B8538B2D-96F7-46BE-A987-3FBAB75E9D38}.Release|ARM.Build.0 = Release|ARM
		{B8538B2D-96F7-46BE-A987-3FBAB75E9D38}.Release|ARM.Deploy.0 = Release|ARM
		{B8538B2D-96F7-46BE-A987-3FBAB75E9D38}.Release|iPhone.ActiveCfg = Release|x86
		{B8538B2D-96F7-46BE-A987-3FBAB75E9D38}.Release|iPhoneSimulator.ActiveCfg = Release|x86
		{B8538B2D-96F7-46BE-A987-3FBAB75E9D38}.Release|Mixed Platforms.ActiveCfg = Release|x86
		{B8538B2D-96F7-46BE-A987-3FBAB75E9D38}.Release|Mixed Platforms.Build.0 = Release|x86
		{B8538B2D-96F7-46BE-A987-3FBAB75E9D38}.Release|Mixed Platforms.Deploy.0 = Release|x86
		{B8538B2D-96F7-46BE-A987-3FBAB75E9D38}.Release|x64.ActiveCfg = Release|x64
		{B8538B2D-96F7-46BE-A987-3FBAB75E9D38}.Release|x64.Build.0 = Release|x64
		{B8538B2D-96F7-46BE-A987-3FBAB75E9D38}.Release|x64.Deploy.0 = Release|x64
		{B8538B2D-96F7-46BE-A987-3FBAB75E9D38}.Release|x86.ActiveCfg = Release|x86
		{B8538B2D-96F7-46BE-A987-3FBAB75E9D38}.Release|x86.Build.0 = Release|x86
		{B8538B2D-96F7-46BE-A987-3FBAB75E9D38}.Release|x86.Deploy.0 = Release|x86
		{8D8635AE-2730-405B-B932-54F39A7FE2F5}.Ad-Hoc|Any CPU.ActiveCfg = Release|Any CPU
		{8D8635AE-2730-405B-B932-54F39A7FE2F5}.Ad-Hoc|Any CPU.Build.0 = Release|Any CPU
		{8D8635AE-2730-405B-B932-54F39A7FE2F5}.Ad-Hoc|ARM.ActiveCfg = Release|Any CPU
		{8D8635AE-2730-405B-B932-54F39A7FE2F5}.Ad-Hoc|ARM.Build.0 = Release|Any CPU
		{8D8635AE-2730-405B-B932-54F39A7FE2F5}.Ad-Hoc|iPhone.ActiveCfg = Release|Any CPU
		{8D8635AE-2730-405B-B932-54F39A7FE2F5}.Ad-Hoc|iPhone.Build.0 = Release|Any CPU
		{8D8635AE-2730-405B-B932-54F39A7FE2F5}.Ad-Hoc|iPhoneSimulator.ActiveCfg = Release|Any CPU
		{8D8635AE-2730-405B-B932-54F39A7FE2F5}.Ad-Hoc|iPhoneSimulator.Build.0 = Release|Any CPU
		{8D8635AE-2730-405B-B932-54F39A7FE2F5}.Ad-Hoc|Mixed Platforms.ActiveCfg = Release|Any CPU
		{8D8635AE-2730-405B-B932-54F39A7FE2F5}.Ad-Hoc|Mixed Platforms.Build.0 = Release|Any CPU
		{8D8635AE-2730-405B-B932-54F39A7FE2F5}.Ad-Hoc|x64.ActiveCfg = Release|Any CPU
		{8D8635AE-2730-405B-B932-54F39A7FE2F5}.Ad-Hoc|x64.Build.0 = Release|Any CPU
		{8D8635AE-2730-405B-B932-54F39A7FE2F5}.Ad-Hoc|x86.ActiveCfg = Release|Any CPU
		{8D8635AE-2730-405B-B932-54F39A7FE2F5}.Ad-Hoc|x86.Build.0 = Release|Any CPU
		{8D8635AE-2730-405B-B932-54F39A7FE2F5}.AppStore|Any CPU.ActiveCfg = Release|Any CPU
		{8D8635AE-2730-405B-B932-54F39A7FE2F5}.AppStore|Any CPU.Build.0 = Release|Any CPU
		{8D8635AE-2730-405B-B932-54F39A7FE2F5}.AppStore|ARM.ActiveCfg = Release|Any CPU
		{8D8635AE-2730-405B-B932-54F39A7FE2F5}.AppStore|ARM.Build.0 = Release|Any CPU
		{8D8635AE-2730-405B-B932-54F39A7FE2F5}.AppStore|iPhone.ActiveCfg = Release|Any CPU
		{8D8635AE-2730-405B-B932-54F39A7FE2F5}.AppStore|iPhone.Build.0 = Release|Any CPU
		{8D8635AE-2730-405B-B932-54F39A7FE2F5}.AppStore|iPhoneSimulator.ActiveCfg = Release|Any CPU
		{8D8635AE-2730-405B-B932-54F39A7FE2F5}.AppStore|iPhoneSimulator.Build.0 = Release|Any CPU
		{8D8635AE-2730-405B-B932-54F39A7FE2F5}.AppStore|Mixed Platforms.ActiveCfg = Release|Any CPU
		{8D8635AE-2730-405B-B932-54F39A7FE2F5}.AppStore|Mixed Platforms.Build.0 = Release|Any CPU
		{8D8635AE-2730-405B-B932-54F39A7FE2F5}.AppStore|x64.ActiveCfg = Release|Any CPU
		{8D8635AE-2730-405B-B932-54F39A7FE2F5}.AppStore|x64.Build.0 = Release|Any CPU
		{8D8635AE-2730-405B-B932-54F39A7FE2F5}.AppStore|x86.ActiveCfg = Release|Any CPU
		{8D8635AE-2730-405B-B932-54F39A7FE2F5}.AppStore|x86.Build.0 = Release|Any CPU
		{8D8635AE-2730-405B-B932-54F39A7FE2F5}.Debug|Any CPU.ActiveCfg = Debug|Any CPU
		{8D8635AE-2730-405B-B932-54F39A7FE2F5}.Debug|Any CPU.Build.0 = Debug|Any CPU
		{8D8635AE-2730-405B-B932-54F39A7FE2F5}.Debug|ARM.ActiveCfg = Debug|Any CPU
		{8D8635AE-2730-405B-B932-54F39A7FE2F5}.Debug|ARM.Build.0 = Debug|Any CPU
		{8D8635AE-2730-405B-B932-54F39A7FE2F5}.Debug|iPhone.ActiveCfg = Debug|Any CPU
		{8D8635AE-2730-405B-B932-54F39A7FE2F5}.Debug|iPhone.Build.0 = Debug|Any CPU
		{8D8635AE-2730-405B-B932-54F39A7FE2F5}.Debug|iPhoneSimulator.ActiveCfg = Debug|Any CPU
		{8D8635AE-2730-405B-B932-54F39A7FE2F5}.Debug|iPhoneSimulator.Build.0 = Debug|Any CPU
		{8D8635AE-2730-405B-B932-54F39A7FE2F5}.Debug|Mixed Platforms.ActiveCfg = Debug|Any CPU
		{8D8635AE-2730-405B-B932-54F39A7FE2F5}.Debug|Mixed Platforms.Build.0 = Debug|Any CPU
		{8D8635AE-2730-405B-B932-54F39A7FE2F5}.Debug|x64.ActiveCfg = Debug|Any CPU
		{8D8635AE-2730-405B-B932-54F39A7FE2F5}.Debug|x64.Build.0 = Debug|Any CPU
		{8D8635AE-2730-405B-B932-54F39A7FE2F5}.Debug|x86.ActiveCfg = Debug|Any CPU
		{8D8635AE-2730-405B-B932-54F39A7FE2F5}.Debug|x86.Build.0 = Debug|Any CPU
		{8D8635AE-2730-405B-B932-54F39A7FE2F5}.Release|Any CPU.ActiveCfg = Release|Any CPU
		{8D8635AE-2730-405B-B932-54F39A7FE2F5}.Release|Any CPU.Build.0 = Release|Any CPU
		{8D8635AE-2730-405B-B932-54F39A7FE2F5}.Release|ARM.ActiveCfg = Release|Any CPU
		{8D8635AE-2730-405B-B932-54F39A7FE2F5}.Release|ARM.Build.0 = Release|Any CPU
		{8D8635AE-2730-405B-B932-54F39A7FE2F5}.Release|iPhone.ActiveCfg = Release|Any CPU
		{8D8635AE-2730-405B-B932-54F39A7FE2F5}.Release|iPhone.Build.0 = Release|Any CPU
		{8D8635AE-2730-405B-B932-54F39A7FE2F5}.Release|iPhoneSimulator.ActiveCfg = Release|Any CPU
		{8D8635AE-2730-405B-B932-54F39A7FE2F5}.Release|iPhoneSimulator.Build.0 = Release|Any CPU
		{8D8635AE-2730-405B-B932-54F39A7FE2F5}.Release|Mixed Platforms.ActiveCfg = Release|Any CPU
		{8D8635AE-2730-405B-B932-54F39A7FE2F5}.Release|Mixed Platforms.Build.0 = Release|Any CPU
		{8D8635AE-2730-405B-B932-54F39A7FE2F5}.Release|x64.ActiveCfg = Release|Any CPU
		{8D8635AE-2730-405B-B932-54F39A7FE2F5}.Release|x64.Build.0 = Release|Any CPU
		{8D8635AE-2730-405B-B932-54F39A7FE2F5}.Release|x86.ActiveCfg = Release|Any CPU
		{8D8635AE-2730-405B-B932-54F39A7FE2F5}.Release|x86.Build.0 = Release|Any CPU
		{6936F4D3-8889-48C7-A676-80D59B2740CE}.Ad-Hoc|Any CPU.ActiveCfg = Release|Any CPU
		{6936F4D3-8889-48C7-A676-80D59B2740CE}.Ad-Hoc|Any CPU.Build.0 = Release|Any CPU
		{6936F4D3-8889-48C7-A676-80D59B2740CE}.Ad-Hoc|ARM.ActiveCfg = Release|Any CPU
		{6936F4D3-8889-48C7-A676-80D59B2740CE}.Ad-Hoc|ARM.Build.0 = Release|Any CPU
		{6936F4D3-8889-48C7-A676-80D59B2740CE}.Ad-Hoc|iPhone.ActiveCfg = Release|Any CPU
		{6936F4D3-8889-48C7-A676-80D59B2740CE}.Ad-Hoc|iPhone.Build.0 = Release|Any CPU
		{6936F4D3-8889-48C7-A676-80D59B2740CE}.Ad-Hoc|iPhoneSimulator.ActiveCfg = Release|Any CPU
		{6936F4D3-8889-48C7-A676-80D59B2740CE}.Ad-Hoc|iPhoneSimulator.Build.0 = Release|Any CPU
		{6936F4D3-8889-48C7-A676-80D59B2740CE}.Ad-Hoc|Mixed Platforms.ActiveCfg = Release|Any CPU
		{6936F4D3-8889-48C7-A676-80D59B2740CE}.Ad-Hoc|Mixed Platforms.Build.0 = Release|Any CPU
		{6936F4D3-8889-48C7-A676-80D59B2740CE}.Ad-Hoc|x64.ActiveCfg = Release|Any CPU
		{6936F4D3-8889-48C7-A676-80D59B2740CE}.Ad-Hoc|x64.Build.0 = Release|Any CPU
		{6936F4D3-8889-48C7-A676-80D59B2740CE}.Ad-Hoc|x86.ActiveCfg = Release|Any CPU
		{6936F4D3-8889-48C7-A676-80D59B2740CE}.Ad-Hoc|x86.Build.0 = Release|Any CPU
		{6936F4D3-8889-48C7-A676-80D59B2740CE}.AppStore|Any CPU.ActiveCfg = Release|Any CPU
		{6936F4D3-8889-48C7-A676-80D59B2740CE}.AppStore|Any CPU.Build.0 = Release|Any CPU
		{6936F4D3-8889-48C7-A676-80D59B2740CE}.AppStore|ARM.ActiveCfg = Release|Any CPU
		{6936F4D3-8889-48C7-A676-80D59B2740CE}.AppStore|ARM.Build.0 = Release|Any CPU
		{6936F4D3-8889-48C7-A676-80D59B2740CE}.AppStore|iPhone.ActiveCfg = Release|Any CPU
		{6936F4D3-8889-48C7-A676-80D59B2740CE}.AppStore|iPhone.Build.0 = Release|Any CPU
		{6936F4D3-8889-48C7-A676-80D59B2740CE}.AppStore|iPhoneSimulator.ActiveCfg = Release|Any CPU
		{6936F4D3-8889-48C7-A676-80D59B2740CE}.AppStore|iPhoneSimulator.Build.0 = Release|Any CPU
		{6936F4D3-8889-48C7-A676-80D59B2740CE}.AppStore|Mixed Platforms.ActiveCfg = Release|Any CPU
		{6936F4D3-8889-48C7-A676-80D59B2740CE}.AppStore|Mixed Platforms.Build.0 = Release|Any CPU
		{6936F4D3-8889-48C7-A676-80D59B2740CE}.AppStore|x64.ActiveCfg = Release|Any CPU
		{6936F4D3-8889-48C7-A676-80D59B2740CE}.AppStore|x64.Build.0 = Release|Any CPU
		{6936F4D3-8889-48C7-A676-80D59B2740CE}.AppStore|x86.ActiveCfg = Release|Any CPU
		{6936F4D3-8889-48C7-A676-80D59B2740CE}.AppStore|x86.Build.0 = Release|Any CPU
		{6936F4D3-8889-48C7-A676-80D59B2740CE}.Debug|Any CPU.ActiveCfg = Debug|Any CPU
		{6936F4D3-8889-48C7-A676-80D59B2740CE}.Debug|Any CPU.Build.0 = Debug|Any CPU
		{6936F4D3-8889-48C7-A676-80D59B2740CE}.Debug|ARM.ActiveCfg = Debug|Any CPU
		{6936F4D3-8889-48C7-A676-80D59B2740CE}.Debug|ARM.Build.0 = Debug|Any CPU
		{6936F4D3-8889-48C7-A676-80D59B2740CE}.Debug|iPhone.ActiveCfg = Debug|Any CPU
		{6936F4D3-8889-48C7-A676-80D59B2740CE}.Debug|iPhone.Build.0 = Debug|Any CPU
		{6936F4D3-8889-48C7-A676-80D59B2740CE}.Debug|iPhoneSimulator.ActiveCfg = Debug|Any CPU
		{6936F4D3-8889-48C7-A676-80D59B2740CE}.Debug|iPhoneSimulator.Build.0 = Debug|Any CPU
		{6936F4D3-8889-48C7-A676-80D59B2740CE}.Debug|Mixed Platforms.ActiveCfg = Debug|Any CPU
		{6936F4D3-8889-48C7-A676-80D59B2740CE}.Debug|Mixed Platforms.Build.0 = Debug|Any CPU
		{6936F4D3-8889-48C7-A676-80D59B2740CE}.Debug|x64.ActiveCfg = Debug|Any CPU
		{6936F4D3-8889-48C7-A676-80D59B2740CE}.Debug|x86.ActiveCfg = Debug|Any CPU
		{6936F4D3-8889-48C7-A676-80D59B2740CE}.Debug|x86.Build.0 = Debug|Any CPU
		{6936F4D3-8889-48C7-A676-80D59B2740CE}.Release|Any CPU.ActiveCfg = Release|Any CPU
		{6936F4D3-8889-48C7-A676-80D59B2740CE}.Release|Any CPU.Build.0 = Release|Any CPU
		{6936F4D3-8889-48C7-A676-80D59B2740CE}.Release|ARM.ActiveCfg = Release|Any CPU
		{6936F4D3-8889-48C7-A676-80D59B2740CE}.Release|ARM.Build.0 = Release|Any CPU
		{6936F4D3-8889-48C7-A676-80D59B2740CE}.Release|iPhone.ActiveCfg = Release|Any CPU
		{6936F4D3-8889-48C7-A676-80D59B2740CE}.Release|iPhone.Build.0 = Release|Any CPU
		{6936F4D3-8889-48C7-A676-80D59B2740CE}.Release|iPhoneSimulator.ActiveCfg = Release|Any CPU
		{6936F4D3-8889-48C7-A676-80D59B2740CE}.Release|iPhoneSimulator.Build.0 = Release|Any CPU
		{6936F4D3-8889-48C7-A676-80D59B2740CE}.Release|Mixed Platforms.ActiveCfg = Release|Any CPU
		{6936F4D3-8889-48C7-A676-80D59B2740CE}.Release|Mixed Platforms.Build.0 = Release|Any CPU
		{6936F4D3-8889-48C7-A676-80D59B2740CE}.Release|x64.ActiveCfg = Release|Any CPU
		{6936F4D3-8889-48C7-A676-80D59B2740CE}.Release|x86.ActiveCfg = Release|Any CPU
		{6936F4D3-8889-48C7-A676-80D59B2740CE}.Release|x86.Build.0 = Release|Any CPU
		{64F3A03F-44C2-44FA-BD29-FA23C35C95F0}.Ad-Hoc|Any CPU.ActiveCfg = Release|Any CPU
		{64F3A03F-44C2-44FA-BD29-FA23C35C95F0}.Ad-Hoc|Any CPU.Build.0 = Release|Any CPU
		{64F3A03F-44C2-44FA-BD29-FA23C35C95F0}.Ad-Hoc|ARM.ActiveCfg = Release|Any CPU
		{64F3A03F-44C2-44FA-BD29-FA23C35C95F0}.Ad-Hoc|ARM.Build.0 = Release|Any CPU
		{64F3A03F-44C2-44FA-BD29-FA23C35C95F0}.Ad-Hoc|iPhone.ActiveCfg = Release|Any CPU
		{64F3A03F-44C2-44FA-BD29-FA23C35C95F0}.Ad-Hoc|iPhone.Build.0 = Release|Any CPU
		{64F3A03F-44C2-44FA-BD29-FA23C35C95F0}.Ad-Hoc|iPhoneSimulator.ActiveCfg = Release|Any CPU
		{64F3A03F-44C2-44FA-BD29-FA23C35C95F0}.Ad-Hoc|iPhoneSimulator.Build.0 = Release|Any CPU
		{64F3A03F-44C2-44FA-BD29-FA23C35C95F0}.Ad-Hoc|Mixed Platforms.ActiveCfg = Release|Any CPU
		{64F3A03F-44C2-44FA-BD29-FA23C35C95F0}.Ad-Hoc|Mixed Platforms.Build.0 = Release|Any CPU
		{64F3A03F-44C2-44FA-BD29-FA23C35C95F0}.Ad-Hoc|x64.ActiveCfg = Release|Any CPU
		{64F3A03F-44C2-44FA-BD29-FA23C35C95F0}.Ad-Hoc|x64.Build.0 = Release|Any CPU
		{64F3A03F-44C2-44FA-BD29-FA23C35C95F0}.Ad-Hoc|x86.ActiveCfg = Release|Any CPU
		{64F3A03F-44C2-44FA-BD29-FA23C35C95F0}.Ad-Hoc|x86.Build.0 = Release|Any CPU
		{64F3A03F-44C2-44FA-BD29-FA23C35C95F0}.AppStore|Any CPU.ActiveCfg = Release|Any CPU
		{64F3A03F-44C2-44FA-BD29-FA23C35C95F0}.AppStore|Any CPU.Build.0 = Release|Any CPU
		{64F3A03F-44C2-44FA-BD29-FA23C35C95F0}.AppStore|ARM.ActiveCfg = Release|Any CPU
		{64F3A03F-44C2-44FA-BD29-FA23C35C95F0}.AppStore|ARM.Build.0 = Release|Any CPU
		{64F3A03F-44C2-44FA-BD29-FA23C35C95F0}.AppStore|iPhone.ActiveCfg = Release|Any CPU
		{64F3A03F-44C2-44FA-BD29-FA23C35C95F0}.AppStore|iPhone.Build.0 = Release|Any CPU
		{64F3A03F-44C2-44FA-BD29-FA23C35C95F0}.AppStore|iPhoneSimulator.ActiveCfg = Release|Any CPU
		{64F3A03F-44C2-44FA-BD29-FA23C35C95F0}.AppStore|iPhoneSimulator.Build.0 = Release|Any CPU
		{64F3A03F-44C2-44FA-BD29-FA23C35C95F0}.AppStore|Mixed Platforms.ActiveCfg = Release|Any CPU
		{64F3A03F-44C2-44FA-BD29-FA23C35C95F0}.AppStore|Mixed Platforms.Build.0 = Release|Any CPU
		{64F3A03F-44C2-44FA-BD29-FA23C35C95F0}.AppStore|x64.ActiveCfg = Release|Any CPU
		{64F3A03F-44C2-44FA-BD29-FA23C35C95F0}.AppStore|x64.Build.0 = Release|Any CPU
		{64F3A03F-44C2-44FA-BD29-FA23C35C95F0}.AppStore|x86.ActiveCfg = Release|Any CPU
		{64F3A03F-44C2-44FA-BD29-FA23C35C95F0}.AppStore|x86.Build.0 = Release|Any CPU
		{64F3A03F-44C2-44FA-BD29-FA23C35C95F0}.Debug|Any CPU.ActiveCfg = Debug|Any CPU
		{64F3A03F-44C2-44FA-BD29-FA23C35C95F0}.Debug|Any CPU.Build.0 = Debug|Any CPU
		{64F3A03F-44C2-44FA-BD29-FA23C35C95F0}.Debug|ARM.ActiveCfg = Debug|Any CPU
		{64F3A03F-44C2-44FA-BD29-FA23C35C95F0}.Debug|ARM.Build.0 = Debug|Any CPU
		{64F3A03F-44C2-44FA-BD29-FA23C35C95F0}.Debug|iPhone.ActiveCfg = Debug|Any CPU
		{64F3A03F-44C2-44FA-BD29-FA23C35C95F0}.Debug|iPhone.Build.0 = Debug|Any CPU
		{64F3A03F-44C2-44FA-BD29-FA23C35C95F0}.Debug|iPhoneSimulator.ActiveCfg = Debug|Any CPU
		{64F3A03F-44C2-44FA-BD29-FA23C35C95F0}.Debug|iPhoneSimulator.Build.0 = Debug|Any CPU
		{64F3A03F-44C2-44FA-BD29-FA23C35C95F0}.Debug|Mixed Platforms.ActiveCfg = Debug|Any CPU
		{64F3A03F-44C2-44FA-BD29-FA23C35C95F0}.Debug|Mixed Platforms.Build.0 = Debug|Any CPU
		{64F3A03F-44C2-44FA-BD29-FA23C35C95F0}.Debug|x64.ActiveCfg = Debug|Any CPU
		{64F3A03F-44C2-44FA-BD29-FA23C35C95F0}.Debug|x64.Build.0 = Debug|Any CPU
		{64F3A03F-44C2-44FA-BD29-FA23C35C95F0}.Debug|x86.ActiveCfg = Debug|Any CPU
		{64F3A03F-44C2-44FA-BD29-FA23C35C95F0}.Debug|x86.Build.0 = Debug|Any CPU
		{64F3A03F-44C2-44FA-BD29-FA23C35C95F0}.Release|Any CPU.ActiveCfg = Release|Any CPU
		{64F3A03F-44C2-44FA-BD29-FA23C35C95F0}.Release|Any CPU.Build.0 = Release|Any CPU
		{64F3A03F-44C2-44FA-BD29-FA23C35C95F0}.Release|ARM.ActiveCfg = Release|Any CPU
		{64F3A03F-44C2-44FA-BD29-FA23C35C95F0}.Release|ARM.Build.0 = Release|Any CPU
		{64F3A03F-44C2-44FA-BD29-FA23C35C95F0}.Release|iPhone.ActiveCfg = Release|Any CPU
		{64F3A03F-44C2-44FA-BD29-FA23C35C95F0}.Release|iPhone.Build.0 = Release|Any CPU
		{64F3A03F-44C2-44FA-BD29-FA23C35C95F0}.Release|iPhoneSimulator.ActiveCfg = Release|Any CPU
		{64F3A03F-44C2-44FA-BD29-FA23C35C95F0}.Release|iPhoneSimulator.Build.0 = Release|Any CPU
		{64F3A03F-44C2-44FA-BD29-FA23C35C95F0}.Release|Mixed Platforms.ActiveCfg = Release|Any CPU
		{64F3A03F-44C2-44FA-BD29-FA23C35C95F0}.Release|Mixed Platforms.Build.0 = Release|Any CPU
		{64F3A03F-44C2-44FA-BD29-FA23C35C95F0}.Release|x64.ActiveCfg = Release|Any CPU
		{64F3A03F-44C2-44FA-BD29-FA23C35C95F0}.Release|x64.Build.0 = Release|Any CPU
		{64F3A03F-44C2-44FA-BD29-FA23C35C95F0}.Release|x86.ActiveCfg = Release|Any CPU
		{64F3A03F-44C2-44FA-BD29-FA23C35C95F0}.Release|x86.Build.0 = Release|Any CPU
		{90644219-756F-45CC-AB90-253463C5BC5E}.Ad-Hoc|Any CPU.ActiveCfg = Release|Any CPU
		{90644219-756F-45CC-AB90-253463C5BC5E}.Ad-Hoc|Any CPU.Build.0 = Release|Any CPU
		{90644219-756F-45CC-AB90-253463C5BC5E}.Ad-Hoc|ARM.ActiveCfg = Release|Any CPU
		{90644219-756F-45CC-AB90-253463C5BC5E}.Ad-Hoc|ARM.Build.0 = Release|Any CPU
		{90644219-756F-45CC-AB90-253463C5BC5E}.Ad-Hoc|iPhone.ActiveCfg = Release|Any CPU
		{90644219-756F-45CC-AB90-253463C5BC5E}.Ad-Hoc|iPhone.Build.0 = Release|Any CPU
		{90644219-756F-45CC-AB90-253463C5BC5E}.Ad-Hoc|iPhoneSimulator.ActiveCfg = Release|Any CPU
		{90644219-756F-45CC-AB90-253463C5BC5E}.Ad-Hoc|iPhoneSimulator.Build.0 = Release|Any CPU
		{90644219-756F-45CC-AB90-253463C5BC5E}.Ad-Hoc|Mixed Platforms.ActiveCfg = Release|Any CPU
		{90644219-756F-45CC-AB90-253463C5BC5E}.Ad-Hoc|Mixed Platforms.Build.0 = Release|Any CPU
		{90644219-756F-45CC-AB90-253463C5BC5E}.Ad-Hoc|x64.ActiveCfg = Release|Any CPU
		{90644219-756F-45CC-AB90-253463C5BC5E}.Ad-Hoc|x64.Build.0 = Release|Any CPU
		{90644219-756F-45CC-AB90-253463C5BC5E}.Ad-Hoc|x86.ActiveCfg = Release|Any CPU
		{90644219-756F-45CC-AB90-253463C5BC5E}.Ad-Hoc|x86.Build.0 = Release|Any CPU
		{90644219-756F-45CC-AB90-253463C5BC5E}.AppStore|Any CPU.ActiveCfg = Release|Any CPU
		{90644219-756F-45CC-AB90-253463C5BC5E}.AppStore|Any CPU.Build.0 = Release|Any CPU
		{90644219-756F-45CC-AB90-253463C5BC5E}.AppStore|ARM.ActiveCfg = Release|Any CPU
		{90644219-756F-45CC-AB90-253463C5BC5E}.AppStore|ARM.Build.0 = Release|Any CPU
		{90644219-756F-45CC-AB90-253463C5BC5E}.AppStore|iPhone.ActiveCfg = Release|Any CPU
		{90644219-756F-45CC-AB90-253463C5BC5E}.AppStore|iPhone.Build.0 = Release|Any CPU
		{90644219-756F-45CC-AB90-253463C5BC5E}.AppStore|iPhoneSimulator.ActiveCfg = Release|Any CPU
		{90644219-756F-45CC-AB90-253463C5BC5E}.AppStore|iPhoneSimulator.Build.0 = Release|Any CPU
		{90644219-756F-45CC-AB90-253463C5BC5E}.AppStore|Mixed Platforms.ActiveCfg = Release|Any CPU
		{90644219-756F-45CC-AB90-253463C5BC5E}.AppStore|Mixed Platforms.Build.0 = Release|Any CPU
		{90644219-756F-45CC-AB90-253463C5BC5E}.AppStore|x64.ActiveCfg = Release|Any CPU
		{90644219-756F-45CC-AB90-253463C5BC5E}.AppStore|x64.Build.0 = Release|Any CPU
		{90644219-756F-45CC-AB90-253463C5BC5E}.AppStore|x86.ActiveCfg = Release|Any CPU
		{90644219-756F-45CC-AB90-253463C5BC5E}.AppStore|x86.Build.0 = Release|Any CPU
		{90644219-756F-45CC-AB90-253463C5BC5E}.Debug|Any CPU.ActiveCfg = Debug|Any CPU
		{90644219-756F-45CC-AB90-253463C5BC5E}.Debug|Any CPU.Build.0 = Debug|Any CPU
		{90644219-756F-45CC-AB90-253463C5BC5E}.Debug|ARM.ActiveCfg = Debug|Any CPU
		{90644219-756F-45CC-AB90-253463C5BC5E}.Debug|ARM.Build.0 = Debug|Any CPU
		{90644219-756F-45CC-AB90-253463C5BC5E}.Debug|iPhone.ActiveCfg = Debug|Any CPU
		{90644219-756F-45CC-AB90-253463C5BC5E}.Debug|iPhone.Build.0 = Debug|Any CPU
		{90644219-756F-45CC-AB90-253463C5BC5E}.Debug|iPhoneSimulator.ActiveCfg = Debug|Any CPU
		{90644219-756F-45CC-AB90-253463C5BC5E}.Debug|iPhoneSimulator.Build.0 = Debug|Any CPU
		{90644219-756F-45CC-AB90-253463C5BC5E}.Debug|Mixed Platforms.ActiveCfg = Debug|Any CPU
		{90644219-756F-45CC-AB90-253463C5BC5E}.Debug|Mixed Platforms.Build.0 = Debug|Any CPU
		{90644219-756F-45CC-AB90-253463C5BC5E}.Debug|x64.ActiveCfg = Debug|Any CPU
		{90644219-756F-45CC-AB90-253463C5BC5E}.Debug|x64.Build.0 = Debug|Any CPU
		{90644219-756F-45CC-AB90-253463C5BC5E}.Debug|x86.ActiveCfg = Debug|Any CPU
		{90644219-756F-45CC-AB90-253463C5BC5E}.Debug|x86.Build.0 = Debug|Any CPU
		{90644219-756F-45CC-AB90-253463C5BC5E}.Release|Any CPU.ActiveCfg = Release|Any CPU
		{90644219-756F-45CC-AB90-253463C5BC5E}.Release|Any CPU.Build.0 = Release|Any CPU
		{90644219-756F-45CC-AB90-253463C5BC5E}.Release|ARM.ActiveCfg = Release|Any CPU
		{90644219-756F-45CC-AB90-253463C5BC5E}.Release|ARM.Build.0 = Release|Any CPU
		{90644219-756F-45CC-AB90-253463C5BC5E}.Release|iPhone.ActiveCfg = Release|Any CPU
		{90644219-756F-45CC-AB90-253463C5BC5E}.Release|iPhone.Build.0 = Release|Any CPU
		{90644219-756F-45CC-AB90-253463C5BC5E}.Release|iPhoneSimulator.ActiveCfg = Release|Any CPU
		{90644219-756F-45CC-AB90-253463C5BC5E}.Release|iPhoneSimulator.Build.0 = Release|Any CPU
		{90644219-756F-45CC-AB90-253463C5BC5E}.Release|Mixed Platforms.ActiveCfg = Release|Any CPU
		{90644219-756F-45CC-AB90-253463C5BC5E}.Release|Mixed Platforms.Build.0 = Release|Any CPU
		{90644219-756F-45CC-AB90-253463C5BC5E}.Release|x64.ActiveCfg = Release|Any CPU
		{90644219-756F-45CC-AB90-253463C5BC5E}.Release|x64.Build.0 = Release|Any CPU
		{90644219-756F-45CC-AB90-253463C5BC5E}.Release|x86.ActiveCfg = Release|Any CPU
		{90644219-756F-45CC-AB90-253463C5BC5E}.Release|x86.Build.0 = Release|Any CPU
		{038DFD1B-3B87-4098-8B16-8BC011B9EEFC}.Ad-Hoc|Any CPU.ActiveCfg = Release|Any CPU
		{038DFD1B-3B87-4098-8B16-8BC011B9EEFC}.Ad-Hoc|Any CPU.Build.0 = Release|Any CPU
		{038DFD1B-3B87-4098-8B16-8BC011B9EEFC}.Ad-Hoc|ARM.ActiveCfg = Release|Any CPU
		{038DFD1B-3B87-4098-8B16-8BC011B9EEFC}.Ad-Hoc|ARM.Build.0 = Release|Any CPU
		{038DFD1B-3B87-4098-8B16-8BC011B9EEFC}.Ad-Hoc|iPhone.ActiveCfg = Release|Any CPU
		{038DFD1B-3B87-4098-8B16-8BC011B9EEFC}.Ad-Hoc|iPhone.Build.0 = Release|Any CPU
		{038DFD1B-3B87-4098-8B16-8BC011B9EEFC}.Ad-Hoc|iPhoneSimulator.ActiveCfg = Release|Any CPU
		{038DFD1B-3B87-4098-8B16-8BC011B9EEFC}.Ad-Hoc|iPhoneSimulator.Build.0 = Release|Any CPU
		{038DFD1B-3B87-4098-8B16-8BC011B9EEFC}.Ad-Hoc|Mixed Platforms.ActiveCfg = Release|Any CPU
		{038DFD1B-3B87-4098-8B16-8BC011B9EEFC}.Ad-Hoc|Mixed Platforms.Build.0 = Release|Any CPU
		{038DFD1B-3B87-4098-8B16-8BC011B9EEFC}.Ad-Hoc|x64.ActiveCfg = Release|Any CPU
		{038DFD1B-3B87-4098-8B16-8BC011B9EEFC}.Ad-Hoc|x64.Build.0 = Release|Any CPU
		{038DFD1B-3B87-4098-8B16-8BC011B9EEFC}.Ad-Hoc|x86.ActiveCfg = Release|Any CPU
		{038DFD1B-3B87-4098-8B16-8BC011B9EEFC}.Ad-Hoc|x86.Build.0 = Release|Any CPU
		{038DFD1B-3B87-4098-8B16-8BC011B9EEFC}.AppStore|Any CPU.ActiveCfg = Release|Any CPU
		{038DFD1B-3B87-4098-8B16-8BC011B9EEFC}.AppStore|Any CPU.Build.0 = Release|Any CPU
		{038DFD1B-3B87-4098-8B16-8BC011B9EEFC}.AppStore|ARM.ActiveCfg = Release|Any CPU
		{038DFD1B-3B87-4098-8B16-8BC011B9EEFC}.AppStore|ARM.Build.0 = Release|Any CPU
		{038DFD1B-3B87-4098-8B16-8BC011B9EEFC}.AppStore|iPhone.ActiveCfg = Release|Any CPU
		{038DFD1B-3B87-4098-8B16-8BC011B9EEFC}.AppStore|iPhone.Build.0 = Release|Any CPU
		{038DFD1B-3B87-4098-8B16-8BC011B9EEFC}.AppStore|iPhoneSimulator.ActiveCfg = Release|Any CPU
		{038DFD1B-3B87-4098-8B16-8BC011B9EEFC}.AppStore|iPhoneSimulator.Build.0 = Release|Any CPU
		{038DFD1B-3B87-4098-8B16-8BC011B9EEFC}.AppStore|Mixed Platforms.ActiveCfg = Release|Any CPU
		{038DFD1B-3B87-4098-8B16-8BC011B9EEFC}.AppStore|Mixed Platforms.Build.0 = Release|Any CPU
		{038DFD1B-3B87-4098-8B16-8BC011B9EEFC}.AppStore|x64.ActiveCfg = Release|Any CPU
		{038DFD1B-3B87-4098-8B16-8BC011B9EEFC}.AppStore|x64.Build.0 = Release|Any CPU
		{038DFD1B-3B87-4098-8B16-8BC011B9EEFC}.AppStore|x86.ActiveCfg = Release|Any CPU
		{038DFD1B-3B87-4098-8B16-8BC011B9EEFC}.AppStore|x86.Build.0 = Release|Any CPU
		{038DFD1B-3B87-4098-8B16-8BC011B9EEFC}.Debug|Any CPU.ActiveCfg = Debug|Any CPU
		{038DFD1B-3B87-4098-8B16-8BC011B9EEFC}.Debug|Any CPU.Build.0 = Debug|Any CPU
		{038DFD1B-3B87-4098-8B16-8BC011B9EEFC}.Debug|ARM.ActiveCfg = Debug|Any CPU
		{038DFD1B-3B87-4098-8B16-8BC011B9EEFC}.Debug|ARM.Build.0 = Debug|Any CPU
		{038DFD1B-3B87-4098-8B16-8BC011B9EEFC}.Debug|iPhone.ActiveCfg = Debug|Any CPU
		{038DFD1B-3B87-4098-8B16-8BC011B9EEFC}.Debug|iPhone.Build.0 = Debug|Any CPU
		{038DFD1B-3B87-4098-8B16-8BC011B9EEFC}.Debug|iPhoneSimulator.ActiveCfg = Debug|Any CPU
		{038DFD1B-3B87-4098-8B16-8BC011B9EEFC}.Debug|iPhoneSimulator.Build.0 = Debug|Any CPU
		{038DFD1B-3B87-4098-8B16-8BC011B9EEFC}.Debug|Mixed Platforms.ActiveCfg = Debug|Any CPU
		{038DFD1B-3B87-4098-8B16-8BC011B9EEFC}.Debug|Mixed Platforms.Build.0 = Debug|Any CPU
		{038DFD1B-3B87-4098-8B16-8BC011B9EEFC}.Debug|x64.ActiveCfg = Debug|Any CPU
		{038DFD1B-3B87-4098-8B16-8BC011B9EEFC}.Debug|x64.Build.0 = Debug|Any CPU
		{038DFD1B-3B87-4098-8B16-8BC011B9EEFC}.Debug|x86.ActiveCfg = Debug|Any CPU
		{038DFD1B-3B87-4098-8B16-8BC011B9EEFC}.Debug|x86.Build.0 = Debug|Any CPU
		{038DFD1B-3B87-4098-8B16-8BC011B9EEFC}.Release|Any CPU.ActiveCfg = Release|Any CPU
		{038DFD1B-3B87-4098-8B16-8BC011B9EEFC}.Release|Any CPU.Build.0 = Release|Any CPU
		{038DFD1B-3B87-4098-8B16-8BC011B9EEFC}.Release|ARM.ActiveCfg = Release|Any CPU
		{038DFD1B-3B87-4098-8B16-8BC011B9EEFC}.Release|ARM.Build.0 = Release|Any CPU
		{038DFD1B-3B87-4098-8B16-8BC011B9EEFC}.Release|iPhone.ActiveCfg = Release|Any CPU
		{038DFD1B-3B87-4098-8B16-8BC011B9EEFC}.Release|iPhone.Build.0 = Release|Any CPU
		{038DFD1B-3B87-4098-8B16-8BC011B9EEFC}.Release|iPhoneSimulator.ActiveCfg = Release|Any CPU
		{038DFD1B-3B87-4098-8B16-8BC011B9EEFC}.Release|iPhoneSimulator.Build.0 = Release|Any CPU
		{038DFD1B-3B87-4098-8B16-8BC011B9EEFC}.Release|Mixed Platforms.ActiveCfg = Release|Any CPU
		{038DFD1B-3B87-4098-8B16-8BC011B9EEFC}.Release|Mixed Platforms.Build.0 = Release|Any CPU
		{038DFD1B-3B87-4098-8B16-8BC011B9EEFC}.Release|x64.ActiveCfg = Release|Any CPU
		{038DFD1B-3B87-4098-8B16-8BC011B9EEFC}.Release|x64.Build.0 = Release|Any CPU
		{038DFD1B-3B87-4098-8B16-8BC011B9EEFC}.Release|x86.ActiveCfg = Release|Any CPU
		{038DFD1B-3B87-4098-8B16-8BC011B9EEFC}.Release|x86.Build.0 = Release|Any CPU
		{31D78E14-8DC1-490C-A401-F88F6E36DB96}.Ad-Hoc|Any CPU.ActiveCfg = Release|x64
		{31D78E14-8DC1-490C-A401-F88F6E36DB96}.Ad-Hoc|ARM.ActiveCfg = Release|ARM
		{31D78E14-8DC1-490C-A401-F88F6E36DB96}.Ad-Hoc|iPhone.ActiveCfg = Release|x64
		{31D78E14-8DC1-490C-A401-F88F6E36DB96}.Ad-Hoc|iPhoneSimulator.ActiveCfg = Release|x64
		{31D78E14-8DC1-490C-A401-F88F6E36DB96}.Ad-Hoc|Mixed Platforms.ActiveCfg = Release|x86
		{31D78E14-8DC1-490C-A401-F88F6E36DB96}.Ad-Hoc|x64.ActiveCfg = Release|x64
		{31D78E14-8DC1-490C-A401-F88F6E36DB96}.Ad-Hoc|x86.ActiveCfg = Release|x86
		{31D78E14-8DC1-490C-A401-F88F6E36DB96}.AppStore|Any CPU.ActiveCfg = Release|x64
		{31D78E14-8DC1-490C-A401-F88F6E36DB96}.AppStore|ARM.ActiveCfg = Release|ARM
		{31D78E14-8DC1-490C-A401-F88F6E36DB96}.AppStore|iPhone.ActiveCfg = Release|x64
		{31D78E14-8DC1-490C-A401-F88F6E36DB96}.AppStore|iPhoneSimulator.ActiveCfg = Release|x64
		{31D78E14-8DC1-490C-A401-F88F6E36DB96}.AppStore|Mixed Platforms.ActiveCfg = Release|x86
		{31D78E14-8DC1-490C-A401-F88F6E36DB96}.AppStore|x64.ActiveCfg = Release|x64
		{31D78E14-8DC1-490C-A401-F88F6E36DB96}.AppStore|x86.ActiveCfg = Release|x86
		{31D78E14-8DC1-490C-A401-F88F6E36DB96}.Debug|Any CPU.ActiveCfg = Debug|x86
		{31D78E14-8DC1-490C-A401-F88F6E36DB96}.Debug|Any CPU.Build.0 = Debug|x86
		{31D78E14-8DC1-490C-A401-F88F6E36DB96}.Debug|Any CPU.Deploy.0 = Debug|x86
		{31D78E14-8DC1-490C-A401-F88F6E36DB96}.Debug|ARM.ActiveCfg = Debug|ARM
		{31D78E14-8DC1-490C-A401-F88F6E36DB96}.Debug|ARM.Build.0 = Debug|ARM
		{31D78E14-8DC1-490C-A401-F88F6E36DB96}.Debug|ARM.Deploy.0 = Debug|ARM
		{31D78E14-8DC1-490C-A401-F88F6E36DB96}.Debug|iPhone.ActiveCfg = Debug|x86
		{31D78E14-8DC1-490C-A401-F88F6E36DB96}.Debug|iPhoneSimulator.ActiveCfg = Debug|x86
		{31D78E14-8DC1-490C-A401-F88F6E36DB96}.Debug|Mixed Platforms.ActiveCfg = Debug|x86
		{31D78E14-8DC1-490C-A401-F88F6E36DB96}.Debug|Mixed Platforms.Build.0 = Debug|x86
		{31D78E14-8DC1-490C-A401-F88F6E36DB96}.Debug|Mixed Platforms.Deploy.0 = Debug|x86
		{31D78E14-8DC1-490C-A401-F88F6E36DB96}.Debug|x64.ActiveCfg = Debug|x64
		{31D78E14-8DC1-490C-A401-F88F6E36DB96}.Debug|x64.Build.0 = Debug|x64
		{31D78E14-8DC1-490C-A401-F88F6E36DB96}.Debug|x64.Deploy.0 = Debug|x64
		{31D78E14-8DC1-490C-A401-F88F6E36DB96}.Debug|x86.ActiveCfg = Debug|x86
		{31D78E14-8DC1-490C-A401-F88F6E36DB96}.Debug|x86.Build.0 = Debug|x86
		{31D78E14-8DC1-490C-A401-F88F6E36DB96}.Debug|x86.Deploy.0 = Debug|x86
		{31D78E14-8DC1-490C-A401-F88F6E36DB96}.Release|Any CPU.ActiveCfg = Release|x86
		{31D78E14-8DC1-490C-A401-F88F6E36DB96}.Release|ARM.ActiveCfg = Release|ARM
		{31D78E14-8DC1-490C-A401-F88F6E36DB96}.Release|ARM.Build.0 = Release|ARM
		{31D78E14-8DC1-490C-A401-F88F6E36DB96}.Release|ARM.Deploy.0 = Release|ARM
		{31D78E14-8DC1-490C-A401-F88F6E36DB96}.Release|iPhone.ActiveCfg = Release|x86
		{31D78E14-8DC1-490C-A401-F88F6E36DB96}.Release|iPhoneSimulator.ActiveCfg = Release|x86
		{31D78E14-8DC1-490C-A401-F88F6E36DB96}.Release|Mixed Platforms.ActiveCfg = Release|x86
		{31D78E14-8DC1-490C-A401-F88F6E36DB96}.Release|Mixed Platforms.Build.0 = Release|x86
		{31D78E14-8DC1-490C-A401-F88F6E36DB96}.Release|Mixed Platforms.Deploy.0 = Release|x86
		{31D78E14-8DC1-490C-A401-F88F6E36DB96}.Release|x64.ActiveCfg = Release|x64
		{31D78E14-8DC1-490C-A401-F88F6E36DB96}.Release|x64.Build.0 = Release|x64
		{31D78E14-8DC1-490C-A401-F88F6E36DB96}.Release|x64.Deploy.0 = Release|x64
		{31D78E14-8DC1-490C-A401-F88F6E36DB96}.Release|x86.ActiveCfg = Release|x86
		{31D78E14-8DC1-490C-A401-F88F6E36DB96}.Release|x86.Build.0 = Release|x86
		{31D78E14-8DC1-490C-A401-F88F6E36DB96}.Release|x86.Deploy.0 = Release|x86
		{505CEE6A-E069-44BE-9DD2-4F609C1A2FC4}.Ad-Hoc|Any CPU.ActiveCfg = Release|Any CPU
		{505CEE6A-E069-44BE-9DD2-4F609C1A2FC4}.Ad-Hoc|Any CPU.Build.0 = Release|Any CPU
		{505CEE6A-E069-44BE-9DD2-4F609C1A2FC4}.Ad-Hoc|Any CPU.Deploy.0 = Release|Any CPU
		{505CEE6A-E069-44BE-9DD2-4F609C1A2FC4}.Ad-Hoc|ARM.ActiveCfg = Release|Any CPU
		{505CEE6A-E069-44BE-9DD2-4F609C1A2FC4}.Ad-Hoc|ARM.Build.0 = Release|Any CPU
		{505CEE6A-E069-44BE-9DD2-4F609C1A2FC4}.Ad-Hoc|ARM.Deploy.0 = Release|Any CPU
		{505CEE6A-E069-44BE-9DD2-4F609C1A2FC4}.Ad-Hoc|iPhone.ActiveCfg = Release|Any CPU
		{505CEE6A-E069-44BE-9DD2-4F609C1A2FC4}.Ad-Hoc|iPhone.Build.0 = Release|Any CPU
		{505CEE6A-E069-44BE-9DD2-4F609C1A2FC4}.Ad-Hoc|iPhone.Deploy.0 = Release|Any CPU
		{505CEE6A-E069-44BE-9DD2-4F609C1A2FC4}.Ad-Hoc|iPhoneSimulator.ActiveCfg = Release|Any CPU
		{505CEE6A-E069-44BE-9DD2-4F609C1A2FC4}.Ad-Hoc|iPhoneSimulator.Build.0 = Release|Any CPU
		{505CEE6A-E069-44BE-9DD2-4F609C1A2FC4}.Ad-Hoc|iPhoneSimulator.Deploy.0 = Release|Any CPU
		{505CEE6A-E069-44BE-9DD2-4F609C1A2FC4}.Ad-Hoc|Mixed Platforms.ActiveCfg = Release|Any CPU
		{505CEE6A-E069-44BE-9DD2-4F609C1A2FC4}.Ad-Hoc|Mixed Platforms.Build.0 = Release|Any CPU
		{505CEE6A-E069-44BE-9DD2-4F609C1A2FC4}.Ad-Hoc|Mixed Platforms.Deploy.0 = Release|Any CPU
		{505CEE6A-E069-44BE-9DD2-4F609C1A2FC4}.Ad-Hoc|x64.ActiveCfg = Release|Any CPU
		{505CEE6A-E069-44BE-9DD2-4F609C1A2FC4}.Ad-Hoc|x64.Build.0 = Release|Any CPU
		{505CEE6A-E069-44BE-9DD2-4F609C1A2FC4}.Ad-Hoc|x64.Deploy.0 = Release|Any CPU
		{505CEE6A-E069-44BE-9DD2-4F609C1A2FC4}.Ad-Hoc|x86.ActiveCfg = Release|Any CPU
		{505CEE6A-E069-44BE-9DD2-4F609C1A2FC4}.Ad-Hoc|x86.Build.0 = Release|Any CPU
		{505CEE6A-E069-44BE-9DD2-4F609C1A2FC4}.Ad-Hoc|x86.Deploy.0 = Release|Any CPU
		{505CEE6A-E069-44BE-9DD2-4F609C1A2FC4}.AppStore|Any CPU.ActiveCfg = Release|Any CPU
		{505CEE6A-E069-44BE-9DD2-4F609C1A2FC4}.AppStore|Any CPU.Build.0 = Release|Any CPU
		{505CEE6A-E069-44BE-9DD2-4F609C1A2FC4}.AppStore|Any CPU.Deploy.0 = Release|Any CPU
		{505CEE6A-E069-44BE-9DD2-4F609C1A2FC4}.AppStore|ARM.ActiveCfg = Release|Any CPU
		{505CEE6A-E069-44BE-9DD2-4F609C1A2FC4}.AppStore|ARM.Build.0 = Release|Any CPU
		{505CEE6A-E069-44BE-9DD2-4F609C1A2FC4}.AppStore|ARM.Deploy.0 = Release|Any CPU
		{505CEE6A-E069-44BE-9DD2-4F609C1A2FC4}.AppStore|iPhone.ActiveCfg = Release|Any CPU
		{505CEE6A-E069-44BE-9DD2-4F609C1A2FC4}.AppStore|iPhone.Build.0 = Release|Any CPU
		{505CEE6A-E069-44BE-9DD2-4F609C1A2FC4}.AppStore|iPhone.Deploy.0 = Release|Any CPU
		{505CEE6A-E069-44BE-9DD2-4F609C1A2FC4}.AppStore|iPhoneSimulator.ActiveCfg = Release|Any CPU
		{505CEE6A-E069-44BE-9DD2-4F609C1A2FC4}.AppStore|iPhoneSimulator.Build.0 = Release|Any CPU
		{505CEE6A-E069-44BE-9DD2-4F609C1A2FC4}.AppStore|iPhoneSimulator.Deploy.0 = Release|Any CPU
		{505CEE6A-E069-44BE-9DD2-4F609C1A2FC4}.AppStore|Mixed Platforms.ActiveCfg = Release|Any CPU
		{505CEE6A-E069-44BE-9DD2-4F609C1A2FC4}.AppStore|Mixed Platforms.Build.0 = Release|Any CPU
		{505CEE6A-E069-44BE-9DD2-4F609C1A2FC4}.AppStore|Mixed Platforms.Deploy.0 = Release|Any CPU
		{505CEE6A-E069-44BE-9DD2-4F609C1A2FC4}.AppStore|x64.ActiveCfg = Release|Any CPU
		{505CEE6A-E069-44BE-9DD2-4F609C1A2FC4}.AppStore|x64.Build.0 = Release|Any CPU
		{505CEE6A-E069-44BE-9DD2-4F609C1A2FC4}.AppStore|x64.Deploy.0 = Release|Any CPU
		{505CEE6A-E069-44BE-9DD2-4F609C1A2FC4}.AppStore|x86.ActiveCfg = Release|Any CPU
		{505CEE6A-E069-44BE-9DD2-4F609C1A2FC4}.AppStore|x86.Build.0 = Release|Any CPU
		{505CEE6A-E069-44BE-9DD2-4F609C1A2FC4}.AppStore|x86.Deploy.0 = Release|Any CPU
		{505CEE6A-E069-44BE-9DD2-4F609C1A2FC4}.Debug|Any CPU.ActiveCfg = Debug|Any CPU
		{505CEE6A-E069-44BE-9DD2-4F609C1A2FC4}.Debug|Any CPU.Build.0 = Debug|Any CPU
		{505CEE6A-E069-44BE-9DD2-4F609C1A2FC4}.Debug|Any CPU.Deploy.0 = Debug|Any CPU
		{505CEE6A-E069-44BE-9DD2-4F609C1A2FC4}.Debug|ARM.ActiveCfg = Debug|Any CPU
		{505CEE6A-E069-44BE-9DD2-4F609C1A2FC4}.Debug|ARM.Build.0 = Debug|Any CPU
		{505CEE6A-E069-44BE-9DD2-4F609C1A2FC4}.Debug|ARM.Deploy.0 = Debug|Any CPU
		{505CEE6A-E069-44BE-9DD2-4F609C1A2FC4}.Debug|iPhone.ActiveCfg = Debug|Any CPU
		{505CEE6A-E069-44BE-9DD2-4F609C1A2FC4}.Debug|iPhone.Build.0 = Debug|Any CPU
		{505CEE6A-E069-44BE-9DD2-4F609C1A2FC4}.Debug|iPhone.Deploy.0 = Debug|Any CPU
		{505CEE6A-E069-44BE-9DD2-4F609C1A2FC4}.Debug|iPhoneSimulator.ActiveCfg = Debug|Any CPU
		{505CEE6A-E069-44BE-9DD2-4F609C1A2FC4}.Debug|iPhoneSimulator.Build.0 = Debug|Any CPU
		{505CEE6A-E069-44BE-9DD2-4F609C1A2FC4}.Debug|iPhoneSimulator.Deploy.0 = Debug|Any CPU
		{505CEE6A-E069-44BE-9DD2-4F609C1A2FC4}.Debug|Mixed Platforms.ActiveCfg = Debug|Any CPU
		{505CEE6A-E069-44BE-9DD2-4F609C1A2FC4}.Debug|Mixed Platforms.Build.0 = Debug|Any CPU
		{505CEE6A-E069-44BE-9DD2-4F609C1A2FC4}.Debug|Mixed Platforms.Deploy.0 = Debug|Any CPU
		{505CEE6A-E069-44BE-9DD2-4F609C1A2FC4}.Debug|x64.ActiveCfg = Debug|Any CPU
		{505CEE6A-E069-44BE-9DD2-4F609C1A2FC4}.Debug|x64.Build.0 = Debug|Any CPU
		{505CEE6A-E069-44BE-9DD2-4F609C1A2FC4}.Debug|x64.Deploy.0 = Debug|Any CPU
		{505CEE6A-E069-44BE-9DD2-4F609C1A2FC4}.Debug|x86.ActiveCfg = Debug|Any CPU
		{505CEE6A-E069-44BE-9DD2-4F609C1A2FC4}.Debug|x86.Build.0 = Debug|Any CPU
		{505CEE6A-E069-44BE-9DD2-4F609C1A2FC4}.Debug|x86.Deploy.0 = Debug|Any CPU
		{505CEE6A-E069-44BE-9DD2-4F609C1A2FC4}.Release|Any CPU.ActiveCfg = Release|Any CPU
		{505CEE6A-E069-44BE-9DD2-4F609C1A2FC4}.Release|Any CPU.Build.0 = Release|Any CPU
		{505CEE6A-E069-44BE-9DD2-4F609C1A2FC4}.Release|Any CPU.Deploy.0 = Release|Any CPU
		{505CEE6A-E069-44BE-9DD2-4F609C1A2FC4}.Release|ARM.ActiveCfg = Release|Any CPU
		{505CEE6A-E069-44BE-9DD2-4F609C1A2FC4}.Release|ARM.Build.0 = Release|Any CPU
		{505CEE6A-E069-44BE-9DD2-4F609C1A2FC4}.Release|ARM.Deploy.0 = Release|Any CPU
		{505CEE6A-E069-44BE-9DD2-4F609C1A2FC4}.Release|iPhone.ActiveCfg = Release|Any CPU
		{505CEE6A-E069-44BE-9DD2-4F609C1A2FC4}.Release|iPhone.Build.0 = Release|Any CPU
		{505CEE6A-E069-44BE-9DD2-4F609C1A2FC4}.Release|iPhone.Deploy.0 = Release|Any CPU
		{505CEE6A-E069-44BE-9DD2-4F609C1A2FC4}.Release|iPhoneSimulator.ActiveCfg = Release|Any CPU
		{505CEE6A-E069-44BE-9DD2-4F609C1A2FC4}.Release|iPhoneSimulator.Build.0 = Release|Any CPU
		{505CEE6A-E069-44BE-9DD2-4F609C1A2FC4}.Release|iPhoneSimulator.Deploy.0 = Release|Any CPU
		{505CEE6A-E069-44BE-9DD2-4F609C1A2FC4}.Release|Mixed Platforms.ActiveCfg = Release|Any CPU
		{505CEE6A-E069-44BE-9DD2-4F609C1A2FC4}.Release|Mixed Platforms.Build.0 = Release|Any CPU
		{505CEE6A-E069-44BE-9DD2-4F609C1A2FC4}.Release|Mixed Platforms.Deploy.0 = Release|Any CPU
		{505CEE6A-E069-44BE-9DD2-4F609C1A2FC4}.Release|x64.ActiveCfg = Release|Any CPU
		{505CEE6A-E069-44BE-9DD2-4F609C1A2FC4}.Release|x64.Build.0 = Release|Any CPU
		{505CEE6A-E069-44BE-9DD2-4F609C1A2FC4}.Release|x64.Deploy.0 = Release|Any CPU
		{505CEE6A-E069-44BE-9DD2-4F609C1A2FC4}.Release|x86.ActiveCfg = Release|Any CPU
		{505CEE6A-E069-44BE-9DD2-4F609C1A2FC4}.Release|x86.Build.0 = Release|Any CPU
		{505CEE6A-E069-44BE-9DD2-4F609C1A2FC4}.Release|x86.Deploy.0 = Release|Any CPU
		{A28B6D00-5285-4F84-A043-8ABAB789A83F}.Ad-Hoc|Any CPU.ActiveCfg = Ad-Hoc|iPhone
		{A28B6D00-5285-4F84-A043-8ABAB789A83F}.Ad-Hoc|ARM.ActiveCfg = Ad-Hoc|iPhone
		{A28B6D00-5285-4F84-A043-8ABAB789A83F}.Ad-Hoc|iPhone.ActiveCfg = Ad-Hoc|iPhone
		{A28B6D00-5285-4F84-A043-8ABAB789A83F}.Ad-Hoc|iPhone.Build.0 = Ad-Hoc|iPhone
		{A28B6D00-5285-4F84-A043-8ABAB789A83F}.Ad-Hoc|iPhoneSimulator.ActiveCfg = Ad-Hoc|iPhoneSimulator
		{A28B6D00-5285-4F84-A043-8ABAB789A83F}.Ad-Hoc|iPhoneSimulator.Build.0 = Ad-Hoc|iPhoneSimulator
		{A28B6D00-5285-4F84-A043-8ABAB789A83F}.Ad-Hoc|Mixed Platforms.ActiveCfg = Ad-Hoc|iPhone
		{A28B6D00-5285-4F84-A043-8ABAB789A83F}.Ad-Hoc|Mixed Platforms.Build.0 = Ad-Hoc|iPhone
		{A28B6D00-5285-4F84-A043-8ABAB789A83F}.Ad-Hoc|x64.ActiveCfg = Ad-Hoc|iPhone
		{A28B6D00-5285-4F84-A043-8ABAB789A83F}.Ad-Hoc|x86.ActiveCfg = Ad-Hoc|iPhone
		{A28B6D00-5285-4F84-A043-8ABAB789A83F}.AppStore|Any CPU.ActiveCfg = AppStore|iPhone
		{A28B6D00-5285-4F84-A043-8ABAB789A83F}.AppStore|ARM.ActiveCfg = AppStore|iPhone
		{A28B6D00-5285-4F84-A043-8ABAB789A83F}.AppStore|iPhone.ActiveCfg = AppStore|iPhone
		{A28B6D00-5285-4F84-A043-8ABAB789A83F}.AppStore|iPhone.Build.0 = AppStore|iPhone
		{A28B6D00-5285-4F84-A043-8ABAB789A83F}.AppStore|iPhoneSimulator.ActiveCfg = AppStore|iPhoneSimulator
		{A28B6D00-5285-4F84-A043-8ABAB789A83F}.AppStore|iPhoneSimulator.Build.0 = AppStore|iPhoneSimulator
		{A28B6D00-5285-4F84-A043-8ABAB789A83F}.AppStore|Mixed Platforms.ActiveCfg = AppStore|iPhone
		{A28B6D00-5285-4F84-A043-8ABAB789A83F}.AppStore|Mixed Platforms.Build.0 = AppStore|iPhone
		{A28B6D00-5285-4F84-A043-8ABAB789A83F}.AppStore|x64.ActiveCfg = AppStore|iPhone
		{A28B6D00-5285-4F84-A043-8ABAB789A83F}.AppStore|x86.ActiveCfg = AppStore|iPhone
		{A28B6D00-5285-4F84-A043-8ABAB789A83F}.Debug|Any CPU.ActiveCfg = Debug|iPhone
		{A28B6D00-5285-4F84-A043-8ABAB789A83F}.Debug|ARM.ActiveCfg = Debug|iPhone
		{A28B6D00-5285-4F84-A043-8ABAB789A83F}.Debug|iPhone.ActiveCfg = Debug|iPhone
		{A28B6D00-5285-4F84-A043-8ABAB789A83F}.Debug|iPhone.Build.0 = Debug|iPhone
		{A28B6D00-5285-4F84-A043-8ABAB789A83F}.Debug|iPhoneSimulator.ActiveCfg = Debug|iPhoneSimulator
		{A28B6D00-5285-4F84-A043-8ABAB789A83F}.Debug|iPhoneSimulator.Build.0 = Debug|iPhoneSimulator
		{A28B6D00-5285-4F84-A043-8ABAB789A83F}.Debug|Mixed Platforms.ActiveCfg = Debug|iPhone
		{A28B6D00-5285-4F84-A043-8ABAB789A83F}.Debug|Mixed Platforms.Build.0 = Debug|iPhone
		{A28B6D00-5285-4F84-A043-8ABAB789A83F}.Debug|x64.ActiveCfg = Debug|iPhone
		{A28B6D00-5285-4F84-A043-8ABAB789A83F}.Debug|x86.ActiveCfg = Debug|iPhone
		{A28B6D00-5285-4F84-A043-8ABAB789A83F}.Release|Any CPU.ActiveCfg = Release|iPhone
		{A28B6D00-5285-4F84-A043-8ABAB789A83F}.Release|ARM.ActiveCfg = Release|iPhone
		{A28B6D00-5285-4F84-A043-8ABAB789A83F}.Release|iPhone.ActiveCfg = Release|iPhone
		{A28B6D00-5285-4F84-A043-8ABAB789A83F}.Release|iPhone.Build.0 = Release|iPhone
		{A28B6D00-5285-4F84-A043-8ABAB789A83F}.Release|iPhoneSimulator.ActiveCfg = Release|iPhoneSimulator
		{A28B6D00-5285-4F84-A043-8ABAB789A83F}.Release|iPhoneSimulator.Build.0 = Release|iPhoneSimulator
		{A28B6D00-5285-4F84-A043-8ABAB789A83F}.Release|Mixed Platforms.ActiveCfg = Release|iPhone
		{A28B6D00-5285-4F84-A043-8ABAB789A83F}.Release|Mixed Platforms.Build.0 = Release|iPhone
		{A28B6D00-5285-4F84-A043-8ABAB789A83F}.Release|x64.ActiveCfg = Release|iPhone
		{A28B6D00-5285-4F84-A043-8ABAB789A83F}.Release|x86.ActiveCfg = Release|iPhone
		{51A8089E-8713-45B9-93E8-BFF4C3AC0EAD}.Ad-Hoc|Any CPU.ActiveCfg = Release|Any CPU
		{51A8089E-8713-45B9-93E8-BFF4C3AC0EAD}.Ad-Hoc|Any CPU.Build.0 = Release|Any CPU
		{51A8089E-8713-45B9-93E8-BFF4C3AC0EAD}.Ad-Hoc|ARM.ActiveCfg = Release|Any CPU
		{51A8089E-8713-45B9-93E8-BFF4C3AC0EAD}.Ad-Hoc|ARM.Build.0 = Release|Any CPU
		{51A8089E-8713-45B9-93E8-BFF4C3AC0EAD}.Ad-Hoc|iPhone.ActiveCfg = Release|Any CPU
		{51A8089E-8713-45B9-93E8-BFF4C3AC0EAD}.Ad-Hoc|iPhone.Build.0 = Release|Any CPU
		{51A8089E-8713-45B9-93E8-BFF4C3AC0EAD}.Ad-Hoc|iPhoneSimulator.ActiveCfg = Release|Any CPU
		{51A8089E-8713-45B9-93E8-BFF4C3AC0EAD}.Ad-Hoc|iPhoneSimulator.Build.0 = Release|Any CPU
		{51A8089E-8713-45B9-93E8-BFF4C3AC0EAD}.Ad-Hoc|Mixed Platforms.ActiveCfg = Release|Any CPU
		{51A8089E-8713-45B9-93E8-BFF4C3AC0EAD}.Ad-Hoc|Mixed Platforms.Build.0 = Release|Any CPU
		{51A8089E-8713-45B9-93E8-BFF4C3AC0EAD}.Ad-Hoc|x64.ActiveCfg = Release|Any CPU
		{51A8089E-8713-45B9-93E8-BFF4C3AC0EAD}.Ad-Hoc|x64.Build.0 = Release|Any CPU
		{51A8089E-8713-45B9-93E8-BFF4C3AC0EAD}.Ad-Hoc|x86.ActiveCfg = Release|Any CPU
		{51A8089E-8713-45B9-93E8-BFF4C3AC0EAD}.Ad-Hoc|x86.Build.0 = Release|Any CPU
		{51A8089E-8713-45B9-93E8-BFF4C3AC0EAD}.AppStore|Any CPU.ActiveCfg = Release|Any CPU
		{51A8089E-8713-45B9-93E8-BFF4C3AC0EAD}.AppStore|Any CPU.Build.0 = Release|Any CPU
		{51A8089E-8713-45B9-93E8-BFF4C3AC0EAD}.AppStore|ARM.ActiveCfg = Release|Any CPU
		{51A8089E-8713-45B9-93E8-BFF4C3AC0EAD}.AppStore|ARM.Build.0 = Release|Any CPU
		{51A8089E-8713-45B9-93E8-BFF4C3AC0EAD}.AppStore|iPhone.ActiveCfg = Release|Any CPU
		{51A8089E-8713-45B9-93E8-BFF4C3AC0EAD}.AppStore|iPhone.Build.0 = Release|Any CPU
		{51A8089E-8713-45B9-93E8-BFF4C3AC0EAD}.AppStore|iPhoneSimulator.ActiveCfg = Release|Any CPU
		{51A8089E-8713-45B9-93E8-BFF4C3AC0EAD}.AppStore|iPhoneSimulator.Build.0 = Release|Any CPU
		{51A8089E-8713-45B9-93E8-BFF4C3AC0EAD}.AppStore|Mixed Platforms.ActiveCfg = Release|Any CPU
		{51A8089E-8713-45B9-93E8-BFF4C3AC0EAD}.AppStore|Mixed Platforms.Build.0 = Release|Any CPU
		{51A8089E-8713-45B9-93E8-BFF4C3AC0EAD}.AppStore|x64.ActiveCfg = Release|Any CPU
		{51A8089E-8713-45B9-93E8-BFF4C3AC0EAD}.AppStore|x64.Build.0 = Release|Any CPU
		{51A8089E-8713-45B9-93E8-BFF4C3AC0EAD}.AppStore|x86.ActiveCfg = Release|Any CPU
		{51A8089E-8713-45B9-93E8-BFF4C3AC0EAD}.AppStore|x86.Build.0 = Release|Any CPU
		{51A8089E-8713-45B9-93E8-BFF4C3AC0EAD}.Debug|Any CPU.ActiveCfg = Debug|Any CPU
		{51A8089E-8713-45B9-93E8-BFF4C3AC0EAD}.Debug|Any CPU.Build.0 = Debug|Any CPU
		{51A8089E-8713-45B9-93E8-BFF4C3AC0EAD}.Debug|ARM.ActiveCfg = Debug|Any CPU
		{51A8089E-8713-45B9-93E8-BFF4C3AC0EAD}.Debug|ARM.Build.0 = Debug|Any CPU
		{51A8089E-8713-45B9-93E8-BFF4C3AC0EAD}.Debug|iPhone.ActiveCfg = Debug|Any CPU
		{51A8089E-8713-45B9-93E8-BFF4C3AC0EAD}.Debug|iPhone.Build.0 = Debug|Any CPU
		{51A8089E-8713-45B9-93E8-BFF4C3AC0EAD}.Debug|iPhoneSimulator.ActiveCfg = Debug|Any CPU
		{51A8089E-8713-45B9-93E8-BFF4C3AC0EAD}.Debug|iPhoneSimulator.Build.0 = Debug|Any CPU
		{51A8089E-8713-45B9-93E8-BFF4C3AC0EAD}.Debug|Mixed Platforms.ActiveCfg = Debug|Any CPU
		{51A8089E-8713-45B9-93E8-BFF4C3AC0EAD}.Debug|Mixed Platforms.Build.0 = Debug|Any CPU
		{51A8089E-8713-45B9-93E8-BFF4C3AC0EAD}.Debug|x64.ActiveCfg = Debug|Any CPU
		{51A8089E-8713-45B9-93E8-BFF4C3AC0EAD}.Debug|x64.Build.0 = Debug|Any CPU
		{51A8089E-8713-45B9-93E8-BFF4C3AC0EAD}.Debug|x86.ActiveCfg = Debug|Any CPU
		{51A8089E-8713-45B9-93E8-BFF4C3AC0EAD}.Debug|x86.Build.0 = Debug|Any CPU
		{51A8089E-8713-45B9-93E8-BFF4C3AC0EAD}.Release|Any CPU.ActiveCfg = Release|Any CPU
		{51A8089E-8713-45B9-93E8-BFF4C3AC0EAD}.Release|Any CPU.Build.0 = Release|Any CPU
		{51A8089E-8713-45B9-93E8-BFF4C3AC0EAD}.Release|ARM.ActiveCfg = Release|Any CPU
		{51A8089E-8713-45B9-93E8-BFF4C3AC0EAD}.Release|ARM.Build.0 = Release|Any CPU
		{51A8089E-8713-45B9-93E8-BFF4C3AC0EAD}.Release|iPhone.ActiveCfg = Release|Any CPU
		{51A8089E-8713-45B9-93E8-BFF4C3AC0EAD}.Release|iPhone.Build.0 = Release|Any CPU
		{51A8089E-8713-45B9-93E8-BFF4C3AC0EAD}.Release|iPhoneSimulator.ActiveCfg = Release|Any CPU
		{51A8089E-8713-45B9-93E8-BFF4C3AC0EAD}.Release|iPhoneSimulator.Build.0 = Release|Any CPU
		{51A8089E-8713-45B9-93E8-BFF4C3AC0EAD}.Release|Mixed Platforms.ActiveCfg = Release|Any CPU
		{51A8089E-8713-45B9-93E8-BFF4C3AC0EAD}.Release|Mixed Platforms.Build.0 = Release|Any CPU
		{51A8089E-8713-45B9-93E8-BFF4C3AC0EAD}.Release|x64.ActiveCfg = Release|Any CPU
		{51A8089E-8713-45B9-93E8-BFF4C3AC0EAD}.Release|x64.Build.0 = Release|Any CPU
		{51A8089E-8713-45B9-93E8-BFF4C3AC0EAD}.Release|x86.ActiveCfg = Release|Any CPU
		{51A8089E-8713-45B9-93E8-BFF4C3AC0EAD}.Release|x86.Build.0 = Release|Any CPU
	EndGlobalSection
	GlobalSection(SolutionProperties) = preSolution
		HideSolutionNode = FALSE
	EndGlobalSection
	GlobalSection(NestedProjects) = preSolution
		{B8538B2D-96F7-46BE-A987-3FBAB75E9D38} = {D6E6E944-C844-4882-A72A-F86C17196117}
		{8D8635AE-2730-405B-B932-54F39A7FE2F5} = {D6E6E944-C844-4882-A72A-F86C17196117}
		{6936F4D3-8889-48C7-A676-80D59B2740CE} = {60ABB8E8-B9ED-46A7-83D4-318DC8BFE878}
		{64F3A03F-44C2-44FA-BD29-FA23C35C95F0} = {60ABB8E8-B9ED-46A7-83D4-318DC8BFE878}
		{90644219-756F-45CC-AB90-253463C5BC5E} = {60ABB8E8-B9ED-46A7-83D4-318DC8BFE878}
		{038DFD1B-3B87-4098-8B16-8BC011B9EEFC} = {60ABB8E8-B9ED-46A7-83D4-318DC8BFE878}
		{31D78E14-8DC1-490C-A401-F88F6E36DB96} = {AB1FA939-5161-4DDF-8470-A44658E86BC2}
		{505CEE6A-E069-44BE-9DD2-4F609C1A2FC4} = {AB1FA939-5161-4DDF-8470-A44658E86BC2}
		{A28B6D00-5285-4F84-A043-8ABAB789A83F} = {AB1FA939-5161-4DDF-8470-A44658E86BC2}
	EndGlobalSection
	GlobalSection(MonoDevelopProperties) = preSolution
		version = 0.5.0.0
	EndGlobalSection
EndGlobal
