Microsoft Visual Studio Solution File, Format Version 12.00
# Visual Studio Version 17
VisualStudioVersion = 17.0.31903.59
MinimumVisualStudioVersion = 10.0.40219.1
Project("{FAE04EC0-301F-11D3-BF4B-00C04F79EFBC}") = "MoneyFox.Android", "MoneyFox.Android\MoneyFox.Android.csproj", "{FE2B1389-86D0-4915-A8BB-2B12FB951246}"
EndProject
Project("{FAE04EC0-301F-11D3-BF4B-00C04F79EFBC}") = "MoneyFox.iOS", "MoneyFox.Ios\MoneyFox.iOS.csproj", "{543F0752-1B4A-40FF-83EF-D80A26576910}"
EndProject
Project("{2150E333-8FDC-42A3-9474-1A3956D46DE8}") = "Presentation", "Presentation", "{39D5696B-0B77-49B8-9BD2-8BA164035D72}"
EndProject
Project("{2150E333-8FDC-42A3-9474-1A3956D46DE8}") = "_Tests", "_Tests", "{C34715EF-4059-44BC-A162-5599ACA83C82}"
EndProject
Project("{FAE04EC0-301F-11D3-BF4B-00C04F79EFBC}") = "MoneyFox.Uwp", "MoneyFox.Uwp\MoneyFox.Uwp.csproj", "{7609020C-0D2A-49D6-8EC2-731971159B62}"
EndProject
Project("{9A19103F-16F7-4668-BE54-9A1E7A4F7556}") = "MoneyFox.Migrations.Startup", "MoneyFox.Migrations.Startup\MoneyFox.Migrations.Startup.csproj", "{EA29B996-13E8-4775-9031-88E05C6288C4}"
EndProject
Project("{2150E333-8FDC-42A3-9474-1A3956D46DE8}") = "_Helper", "_Helper", "{B5F4E306-E019-4753-9C8F-4858C7517DA6}"
EndProject
Project("{9A19103F-16F7-4668-BE54-9A1E7A4F7556}") = "MoneyFox.Application", "MoneyFox.Application\MoneyFox.Application.csproj", "{9777F861-F072-4FB3-A23E-09F37DF90CC1}"
EndProject
Project("{9A19103F-16F7-4668-BE54-9A1E7A4F7556}") = "MoneyFox.Application.Tests", "MoneyFox.Application.Tests\MoneyFox.Application.Tests.csproj", "{D7169F9B-01A1-4098-9DB4-9005222DC507}"
EndProject
Project("{2150E333-8FDC-42A3-9474-1A3956D46DE8}") = "Solution Items", "Solution Items", "{0CF8258F-193E-4373-9E7A-61DB4579EE66}"
	ProjectSection(SolutionItems) = preProject
		.editorconfig = .editorconfig
		..\pipelines\azure-pipelines-android.yml = ..\pipelines\azure-pipelines-android.yml
		..\pipelines\azure-pipelines-iOS.yml = ..\pipelines\azure-pipelines-iOS.yml
		..\pipelines\azure-pipelines-validate-pr.yml = ..\pipelines\azure-pipelines-validate-pr.yml
		..\pipelines\azure-pipelines-windows.yml = ..\pipelines\azure-pipelines-windows.yml
		..\renovate.json = ..\renovate.json
	EndProjectSection
EndProject
Project("{2150E333-8FDC-42A3-9474-1A3956D46DE8}") = "Mobile", "Mobile", "{322785EB-7924-4EC1-849E-79C91C1159C7}"
EndProject
Project("{9A19103F-16F7-4668-BE54-9A1E7A4F7556}") = "MoneyFox", "MoneyFox\MoneyFox.csproj", "{AC88BCF6-97ED-4410-A61B-19CA5E3737F8}"
EndProject
Project("{9A19103F-16F7-4668-BE54-9A1E7A4F7556}") = "MoneyFox.Tests", "MoneyFox.Tests\MoneyFox.Tests.csproj", "{BD2E5EFE-7D2B-4CC8-8B7C-C0BDB1659777}"
EndProject
Project("{2150E333-8FDC-42A3-9474-1A3956D46DE8}") = "Desktop", "Desktop", "{B32CCED4-586C-4C27-80C1-DDBFFE6D5988}"
EndProject
Project("{FAE04EC0-301F-11D3-BF4B-00C04F79EFBC}") = "MoneyFox.Desktop.Infrastructure", "MoneyFox.Desktop.Infrastructure\MoneyFox.Desktop.Infrastructure.csproj", "{5127A85E-C3B3-44FE-A10D-1B52F92955C4}"
EndProject
Project("{9A19103F-16F7-4668-BE54-9A1E7A4F7556}") = "MoneyFox.Mobile.Infrastructure", "MoneyFox.Mobile.Infrastructure\MoneyFox.Mobile.Infrastructure.csproj", "{0D7B5BCE-3CB6-4FE4-806A-81BCAEFF18A1}"
EndProject
Project("{9A19103F-16F7-4668-BE54-9A1E7A4F7556}") = "MoneyFox.Infrastructure", "MoneyFox.Infrastructure\MoneyFox.Infrastructure.csproj", "{0429508E-AFD9-4F1C-900A-EA1997FC8567}"
EndProject
Project("{9A19103F-16F7-4668-BE54-9A1E7A4F7556}") = "MoneyFox.Core", "MoneyFox.Core\MoneyFox.Core.csproj", "{E593AFFA-EE19-4F42-8CC1-77B86ACF25A5}"
EndProject
Project("{2150E333-8FDC-42A3-9474-1A3956D46DE8}") = "Src", "Src", "{68196064-35D5-4628-9065-329772C8745A}"
EndProject
Project("{9A19103F-16F7-4668-BE54-9A1E7A4F7556}") = "MoneyFox.Core.Tests", "MoneyFox.Core.Tests\MoneyFox.Core.Tests.csproj", "{DC9FA7E8-3098-45BA-A267-DCA34D765A0D}"
EndProject
Project("{FAE04EC0-301F-11D3-BF4B-00C04F79EFBC}") = "MoneyFox.SharedKernel", "MoneyFox.SharedKernel\MoneyFox.SharedKernel.csproj", "{C026B27B-7A05-40AE-917B-27709254526B}"
EndProject
Global
	GlobalSection(SolutionConfigurationPlatforms) = preSolution
		Ad-Hoc|Any CPU = Ad-Hoc|Any CPU
		Ad-Hoc|ARM = Ad-Hoc|ARM
		Ad-Hoc|ARM64 = Ad-Hoc|ARM64
		Ad-Hoc|iPhone = Ad-Hoc|iPhone
		Ad-Hoc|iPhoneSimulator = Ad-Hoc|iPhoneSimulator
		Ad-Hoc|Mixed Platforms = Ad-Hoc|Mixed Platforms
		Ad-Hoc|Unix = Ad-Hoc|Unix
		Ad-Hoc|x64 = Ad-Hoc|x64
		Ad-Hoc|x86 = Ad-Hoc|x86
		AppStore|Any CPU = AppStore|Any CPU
		AppStore|ARM = AppStore|ARM
		AppStore|ARM64 = AppStore|ARM64
		AppStore|iPhone = AppStore|iPhone
		AppStore|iPhoneSimulator = AppStore|iPhoneSimulator
		AppStore|Mixed Platforms = AppStore|Mixed Platforms
		AppStore|Unix = AppStore|Unix
		AppStore|x64 = AppStore|x64
		AppStore|x86 = AppStore|x86
		Debug|Any CPU = Debug|Any CPU
		Debug|ARM = Debug|ARM
		Debug|ARM64 = Debug|ARM64
		Debug|iPhone = Debug|iPhone
		Debug|iPhoneSimulator = Debug|iPhoneSimulator
		Debug|Mixed Platforms = Debug|Mixed Platforms
		Debug|Unix = Debug|Unix
		Debug|x64 = Debug|x64
		Debug|x86 = Debug|x86
		Release|Any CPU = Release|Any CPU
		Release|ARM = Release|ARM
		Release|ARM64 = Release|ARM64
		Release|iPhone = Release|iPhone
		Release|iPhoneSimulator = Release|iPhoneSimulator
		Release|Mixed Platforms = Release|Mixed Platforms
		Release|Unix = Release|Unix
		Release|x64 = Release|x64
		Release|x86 = Release|x86
	EndGlobalSection
	GlobalSection(ProjectConfigurationPlatforms) = postSolution
		{FE2B1389-86D0-4915-A8BB-2B12FB951246}.Ad-Hoc|Any CPU.ActiveCfg = Release|Any CPU
		{FE2B1389-86D0-4915-A8BB-2B12FB951246}.Ad-Hoc|Any CPU.Build.0 = Release|Any CPU
		{FE2B1389-86D0-4915-A8BB-2B12FB951246}.Ad-Hoc|Any CPU.Deploy.0 = Release|Any CPU
		{FE2B1389-86D0-4915-A8BB-2B12FB951246}.Ad-Hoc|ARM.ActiveCfg = Release|Any CPU
		{FE2B1389-86D0-4915-A8BB-2B12FB951246}.Ad-Hoc|ARM.Build.0 = Release|Any CPU
		{FE2B1389-86D0-4915-A8BB-2B12FB951246}.Ad-Hoc|ARM.Deploy.0 = Release|Any CPU
		{FE2B1389-86D0-4915-A8BB-2B12FB951246}.Ad-Hoc|ARM64.ActiveCfg = Debug|Any CPU
		{FE2B1389-86D0-4915-A8BB-2B12FB951246}.Ad-Hoc|ARM64.Build.0 = Debug|Any CPU
		{FE2B1389-86D0-4915-A8BB-2B12FB951246}.Ad-Hoc|ARM64.Deploy.0 = Debug|Any CPU
		{FE2B1389-86D0-4915-A8BB-2B12FB951246}.Ad-Hoc|iPhone.ActiveCfg = Release|Any CPU
		{FE2B1389-86D0-4915-A8BB-2B12FB951246}.Ad-Hoc|iPhone.Build.0 = Release|Any CPU
		{FE2B1389-86D0-4915-A8BB-2B12FB951246}.Ad-Hoc|iPhone.Deploy.0 = Release|Any CPU
		{FE2B1389-86D0-4915-A8BB-2B12FB951246}.Ad-Hoc|iPhoneSimulator.ActiveCfg = Release|Any CPU
		{FE2B1389-86D0-4915-A8BB-2B12FB951246}.Ad-Hoc|iPhoneSimulator.Build.0 = Release|Any CPU
		{FE2B1389-86D0-4915-A8BB-2B12FB951246}.Ad-Hoc|iPhoneSimulator.Deploy.0 = Release|Any CPU
		{FE2B1389-86D0-4915-A8BB-2B12FB951246}.Ad-Hoc|Mixed Platforms.ActiveCfg = Release|Any CPU
		{FE2B1389-86D0-4915-A8BB-2B12FB951246}.Ad-Hoc|Mixed Platforms.Build.0 = Release|Any CPU
		{FE2B1389-86D0-4915-A8BB-2B12FB951246}.Ad-Hoc|Mixed Platforms.Deploy.0 = Release|Any CPU
		{FE2B1389-86D0-4915-A8BB-2B12FB951246}.Ad-Hoc|Unix.ActiveCfg = Release|Any CPU
		{FE2B1389-86D0-4915-A8BB-2B12FB951246}.Ad-Hoc|Unix.Build.0 = Release|Any CPU
		{FE2B1389-86D0-4915-A8BB-2B12FB951246}.Ad-Hoc|Unix.Deploy.0 = Release|Any CPU
		{FE2B1389-86D0-4915-A8BB-2B12FB951246}.Ad-Hoc|x64.ActiveCfg = Release|Any CPU
		{FE2B1389-86D0-4915-A8BB-2B12FB951246}.Ad-Hoc|x64.Build.0 = Release|Any CPU
		{FE2B1389-86D0-4915-A8BB-2B12FB951246}.Ad-Hoc|x64.Deploy.0 = Release|Any CPU
		{FE2B1389-86D0-4915-A8BB-2B12FB951246}.Ad-Hoc|x86.ActiveCfg = Release|Any CPU
		{FE2B1389-86D0-4915-A8BB-2B12FB951246}.Ad-Hoc|x86.Build.0 = Release|Any CPU
		{FE2B1389-86D0-4915-A8BB-2B12FB951246}.Ad-Hoc|x86.Deploy.0 = Release|Any CPU
		{FE2B1389-86D0-4915-A8BB-2B12FB951246}.AppStore|Any CPU.ActiveCfg = Release|Any CPU
		{FE2B1389-86D0-4915-A8BB-2B12FB951246}.AppStore|Any CPU.Build.0 = Release|Any CPU
		{FE2B1389-86D0-4915-A8BB-2B12FB951246}.AppStore|Any CPU.Deploy.0 = Release|Any CPU
		{FE2B1389-86D0-4915-A8BB-2B12FB951246}.AppStore|ARM.ActiveCfg = Release|Any CPU
		{FE2B1389-86D0-4915-A8BB-2B12FB951246}.AppStore|ARM.Build.0 = Release|Any CPU
		{FE2B1389-86D0-4915-A8BB-2B12FB951246}.AppStore|ARM.Deploy.0 = Release|Any CPU
		{FE2B1389-86D0-4915-A8BB-2B12FB951246}.AppStore|ARM64.ActiveCfg = Debug|Any CPU
		{FE2B1389-86D0-4915-A8BB-2B12FB951246}.AppStore|ARM64.Build.0 = Debug|Any CPU
		{FE2B1389-86D0-4915-A8BB-2B12FB951246}.AppStore|ARM64.Deploy.0 = Debug|Any CPU
		{FE2B1389-86D0-4915-A8BB-2B12FB951246}.AppStore|iPhone.ActiveCfg = Release|Any CPU
		{FE2B1389-86D0-4915-A8BB-2B12FB951246}.AppStore|iPhone.Build.0 = Release|Any CPU
		{FE2B1389-86D0-4915-A8BB-2B12FB951246}.AppStore|iPhone.Deploy.0 = Release|Any CPU
		{FE2B1389-86D0-4915-A8BB-2B12FB951246}.AppStore|iPhoneSimulator.ActiveCfg = Release|Any CPU
		{FE2B1389-86D0-4915-A8BB-2B12FB951246}.AppStore|iPhoneSimulator.Build.0 = Release|Any CPU
		{FE2B1389-86D0-4915-A8BB-2B12FB951246}.AppStore|iPhoneSimulator.Deploy.0 = Release|Any CPU
		{FE2B1389-86D0-4915-A8BB-2B12FB951246}.AppStore|Mixed Platforms.ActiveCfg = Release|Any CPU
		{FE2B1389-86D0-4915-A8BB-2B12FB951246}.AppStore|Mixed Platforms.Build.0 = Release|Any CPU
		{FE2B1389-86D0-4915-A8BB-2B12FB951246}.AppStore|Mixed Platforms.Deploy.0 = Release|Any CPU
		{FE2B1389-86D0-4915-A8BB-2B12FB951246}.AppStore|Unix.ActiveCfg = Release|Any CPU
		{FE2B1389-86D0-4915-A8BB-2B12FB951246}.AppStore|Unix.Build.0 = Release|Any CPU
		{FE2B1389-86D0-4915-A8BB-2B12FB951246}.AppStore|Unix.Deploy.0 = Release|Any CPU
		{FE2B1389-86D0-4915-A8BB-2B12FB951246}.AppStore|x64.ActiveCfg = Release|Any CPU
		{FE2B1389-86D0-4915-A8BB-2B12FB951246}.AppStore|x64.Build.0 = Release|Any CPU
		{FE2B1389-86D0-4915-A8BB-2B12FB951246}.AppStore|x64.Deploy.0 = Release|Any CPU
		{FE2B1389-86D0-4915-A8BB-2B12FB951246}.AppStore|x86.ActiveCfg = Release|Any CPU
		{FE2B1389-86D0-4915-A8BB-2B12FB951246}.AppStore|x86.Build.0 = Release|Any CPU
		{FE2B1389-86D0-4915-A8BB-2B12FB951246}.AppStore|x86.Deploy.0 = Release|Any CPU
		{FE2B1389-86D0-4915-A8BB-2B12FB951246}.Debug|Any CPU.ActiveCfg = Debug|Any CPU
		{FE2B1389-86D0-4915-A8BB-2B12FB951246}.Debug|Any CPU.Build.0 = Debug|Any CPU
		{FE2B1389-86D0-4915-A8BB-2B12FB951246}.Debug|Any CPU.Deploy.0 = Debug|Any CPU
		{FE2B1389-86D0-4915-A8BB-2B12FB951246}.Debug|ARM.ActiveCfg = Debug|Any CPU
		{FE2B1389-86D0-4915-A8BB-2B12FB951246}.Debug|ARM.Build.0 = Debug|Any CPU
		{FE2B1389-86D0-4915-A8BB-2B12FB951246}.Debug|ARM.Deploy.0 = Debug|Any CPU
		{FE2B1389-86D0-4915-A8BB-2B12FB951246}.Debug|ARM64.ActiveCfg = Debug|Any CPU
		{FE2B1389-86D0-4915-A8BB-2B12FB951246}.Debug|ARM64.Build.0 = Debug|Any CPU
		{FE2B1389-86D0-4915-A8BB-2B12FB951246}.Debug|ARM64.Deploy.0 = Debug|Any CPU
		{FE2B1389-86D0-4915-A8BB-2B12FB951246}.Debug|iPhone.ActiveCfg = Debug|Any CPU
		{FE2B1389-86D0-4915-A8BB-2B12FB951246}.Debug|iPhone.Build.0 = Debug|Any CPU
		{FE2B1389-86D0-4915-A8BB-2B12FB951246}.Debug|iPhone.Deploy.0 = Debug|Any CPU
		{FE2B1389-86D0-4915-A8BB-2B12FB951246}.Debug|iPhoneSimulator.ActiveCfg = Debug|Any CPU
		{FE2B1389-86D0-4915-A8BB-2B12FB951246}.Debug|iPhoneSimulator.Build.0 = Debug|Any CPU
		{FE2B1389-86D0-4915-A8BB-2B12FB951246}.Debug|iPhoneSimulator.Deploy.0 = Debug|Any CPU
		{FE2B1389-86D0-4915-A8BB-2B12FB951246}.Debug|Mixed Platforms.ActiveCfg = Debug|Any CPU
		{FE2B1389-86D0-4915-A8BB-2B12FB951246}.Debug|Mixed Platforms.Build.0 = Debug|Any CPU
		{FE2B1389-86D0-4915-A8BB-2B12FB951246}.Debug|Mixed Platforms.Deploy.0 = Debug|Any CPU
		{FE2B1389-86D0-4915-A8BB-2B12FB951246}.Debug|Unix.ActiveCfg = Debug|Any CPU
		{FE2B1389-86D0-4915-A8BB-2B12FB951246}.Debug|Unix.Build.0 = Debug|Any CPU
		{FE2B1389-86D0-4915-A8BB-2B12FB951246}.Debug|Unix.Deploy.0 = Debug|Any CPU
		{FE2B1389-86D0-4915-A8BB-2B12FB951246}.Debug|x64.ActiveCfg = Debug|Any CPU
		{FE2B1389-86D0-4915-A8BB-2B12FB951246}.Debug|x64.Build.0 = Debug|Any CPU
		{FE2B1389-86D0-4915-A8BB-2B12FB951246}.Debug|x64.Deploy.0 = Debug|Any CPU
		{FE2B1389-86D0-4915-A8BB-2B12FB951246}.Debug|x86.ActiveCfg = Debug|Any CPU
		{FE2B1389-86D0-4915-A8BB-2B12FB951246}.Debug|x86.Build.0 = Debug|Any CPU
		{FE2B1389-86D0-4915-A8BB-2B12FB951246}.Debug|x86.Deploy.0 = Debug|Any CPU
		{FE2B1389-86D0-4915-A8BB-2B12FB951246}.Release|Any CPU.ActiveCfg = Release|Any CPU
		{FE2B1389-86D0-4915-A8BB-2B12FB951246}.Release|Any CPU.Build.0 = Release|Any CPU
		{FE2B1389-86D0-4915-A8BB-2B12FB951246}.Release|Any CPU.Deploy.0 = Release|Any CPU
		{FE2B1389-86D0-4915-A8BB-2B12FB951246}.Release|ARM.ActiveCfg = Release|Any CPU
		{FE2B1389-86D0-4915-A8BB-2B12FB951246}.Release|ARM.Build.0 = Release|Any CPU
		{FE2B1389-86D0-4915-A8BB-2B12FB951246}.Release|ARM.Deploy.0 = Release|Any CPU
		{FE2B1389-86D0-4915-A8BB-2B12FB951246}.Release|ARM64.ActiveCfg = Release|Any CPU
		{FE2B1389-86D0-4915-A8BB-2B12FB951246}.Release|ARM64.Build.0 = Release|Any CPU
		{FE2B1389-86D0-4915-A8BB-2B12FB951246}.Release|ARM64.Deploy.0 = Release|Any CPU
		{FE2B1389-86D0-4915-A8BB-2B12FB951246}.Release|iPhone.ActiveCfg = Release|Any CPU
		{FE2B1389-86D0-4915-A8BB-2B12FB951246}.Release|iPhone.Build.0 = Release|Any CPU
		{FE2B1389-86D0-4915-A8BB-2B12FB951246}.Release|iPhone.Deploy.0 = Release|Any CPU
		{FE2B1389-86D0-4915-A8BB-2B12FB951246}.Release|iPhoneSimulator.ActiveCfg = Release|Any CPU
		{FE2B1389-86D0-4915-A8BB-2B12FB951246}.Release|iPhoneSimulator.Build.0 = Release|Any CPU
		{FE2B1389-86D0-4915-A8BB-2B12FB951246}.Release|iPhoneSimulator.Deploy.0 = Release|Any CPU
		{FE2B1389-86D0-4915-A8BB-2B12FB951246}.Release|Mixed Platforms.ActiveCfg = Release|Any CPU
		{FE2B1389-86D0-4915-A8BB-2B12FB951246}.Release|Mixed Platforms.Build.0 = Release|Any CPU
		{FE2B1389-86D0-4915-A8BB-2B12FB951246}.Release|Mixed Platforms.Deploy.0 = Release|Any CPU
		{FE2B1389-86D0-4915-A8BB-2B12FB951246}.Release|Unix.ActiveCfg = Release|Any CPU
		{FE2B1389-86D0-4915-A8BB-2B12FB951246}.Release|Unix.Build.0 = Release|Any CPU
		{FE2B1389-86D0-4915-A8BB-2B12FB951246}.Release|Unix.Deploy.0 = Release|Any CPU
		{FE2B1389-86D0-4915-A8BB-2B12FB951246}.Release|x64.ActiveCfg = Release|Any CPU
		{FE2B1389-86D0-4915-A8BB-2B12FB951246}.Release|x64.Build.0 = Release|Any CPU
		{FE2B1389-86D0-4915-A8BB-2B12FB951246}.Release|x64.Deploy.0 = Release|Any CPU
		{FE2B1389-86D0-4915-A8BB-2B12FB951246}.Release|x86.ActiveCfg = Release|Any CPU
		{FE2B1389-86D0-4915-A8BB-2B12FB951246}.Release|x86.Build.0 = Release|Any CPU
		{FE2B1389-86D0-4915-A8BB-2B12FB951246}.Release|x86.Deploy.0 = Release|Any CPU
		{543F0752-1B4A-40FF-83EF-D80A26576910}.Ad-Hoc|Any CPU.ActiveCfg = Release|iPhoneSimulator
		{543F0752-1B4A-40FF-83EF-D80A26576910}.Ad-Hoc|Any CPU.Build.0 = Release|iPhoneSimulator
		{543F0752-1B4A-40FF-83EF-D80A26576910}.Ad-Hoc|Any CPU.Deploy.0 = Release|iPhoneSimulator
		{543F0752-1B4A-40FF-83EF-D80A26576910}.Ad-Hoc|ARM.ActiveCfg = Release|iPhoneSimulator
		{543F0752-1B4A-40FF-83EF-D80A26576910}.Ad-Hoc|ARM.Build.0 = Release|iPhoneSimulator
		{543F0752-1B4A-40FF-83EF-D80A26576910}.Ad-Hoc|ARM.Deploy.0 = Release|iPhoneSimulator
		{543F0752-1B4A-40FF-83EF-D80A26576910}.Ad-Hoc|ARM64.ActiveCfg = Release|iPhoneSimulator
		{543F0752-1B4A-40FF-83EF-D80A26576910}.Ad-Hoc|ARM64.Build.0 = Release|iPhoneSimulator
		{543F0752-1B4A-40FF-83EF-D80A26576910}.Ad-Hoc|ARM64.Deploy.0 = Release|iPhoneSimulator
		{543F0752-1B4A-40FF-83EF-D80A26576910}.Ad-Hoc|iPhone.ActiveCfg = Release|iPhone
		{543F0752-1B4A-40FF-83EF-D80A26576910}.Ad-Hoc|iPhone.Build.0 = Release|iPhone
		{543F0752-1B4A-40FF-83EF-D80A26576910}.Ad-Hoc|iPhone.Deploy.0 = Release|iPhone
		{543F0752-1B4A-40FF-83EF-D80A26576910}.Ad-Hoc|iPhoneSimulator.ActiveCfg = Release|iPhoneSimulator
		{543F0752-1B4A-40FF-83EF-D80A26576910}.Ad-Hoc|iPhoneSimulator.Build.0 = Release|iPhoneSimulator
		{543F0752-1B4A-40FF-83EF-D80A26576910}.Ad-Hoc|iPhoneSimulator.Deploy.0 = Release|iPhoneSimulator
		{543F0752-1B4A-40FF-83EF-D80A26576910}.Ad-Hoc|Mixed Platforms.ActiveCfg = Release|iPhoneSimulator
		{543F0752-1B4A-40FF-83EF-D80A26576910}.Ad-Hoc|Mixed Platforms.Build.0 = Release|iPhoneSimulator
		{543F0752-1B4A-40FF-83EF-D80A26576910}.Ad-Hoc|Mixed Platforms.Deploy.0 = Release|iPhoneSimulator
		{543F0752-1B4A-40FF-83EF-D80A26576910}.Ad-Hoc|Unix.ActiveCfg = Release|iPhoneSimulator
		{543F0752-1B4A-40FF-83EF-D80A26576910}.Ad-Hoc|Unix.Build.0 = Release|iPhoneSimulator
		{543F0752-1B4A-40FF-83EF-D80A26576910}.Ad-Hoc|Unix.Deploy.0 = Release|iPhoneSimulator
		{543F0752-1B4A-40FF-83EF-D80A26576910}.Ad-Hoc|x64.ActiveCfg = Release|iPhoneSimulator
		{543F0752-1B4A-40FF-83EF-D80A26576910}.Ad-Hoc|x64.Build.0 = Release|iPhoneSimulator
		{543F0752-1B4A-40FF-83EF-D80A26576910}.Ad-Hoc|x64.Deploy.0 = Release|iPhoneSimulator
		{543F0752-1B4A-40FF-83EF-D80A26576910}.Ad-Hoc|x86.ActiveCfg = Release|iPhoneSimulator
		{543F0752-1B4A-40FF-83EF-D80A26576910}.Ad-Hoc|x86.Build.0 = Release|iPhoneSimulator
		{543F0752-1B4A-40FF-83EF-D80A26576910}.Ad-Hoc|x86.Deploy.0 = Release|iPhoneSimulator
		{543F0752-1B4A-40FF-83EF-D80A26576910}.AppStore|Any CPU.ActiveCfg = Release|iPhoneSimulator
		{543F0752-1B4A-40FF-83EF-D80A26576910}.AppStore|Any CPU.Build.0 = Release|iPhoneSimulator
		{543F0752-1B4A-40FF-83EF-D80A26576910}.AppStore|Any CPU.Deploy.0 = Release|iPhoneSimulator
		{543F0752-1B4A-40FF-83EF-D80A26576910}.AppStore|ARM.ActiveCfg = Release|iPhoneSimulator
		{543F0752-1B4A-40FF-83EF-D80A26576910}.AppStore|ARM.Build.0 = Release|iPhoneSimulator
		{543F0752-1B4A-40FF-83EF-D80A26576910}.AppStore|ARM.Deploy.0 = Release|iPhoneSimulator
		{543F0752-1B4A-40FF-83EF-D80A26576910}.AppStore|ARM64.ActiveCfg = Release|iPhoneSimulator
		{543F0752-1B4A-40FF-83EF-D80A26576910}.AppStore|ARM64.Build.0 = Release|iPhoneSimulator
		{543F0752-1B4A-40FF-83EF-D80A26576910}.AppStore|ARM64.Deploy.0 = Release|iPhoneSimulator
		{543F0752-1B4A-40FF-83EF-D80A26576910}.AppStore|iPhone.ActiveCfg = Release|iPhone
		{543F0752-1B4A-40FF-83EF-D80A26576910}.AppStore|iPhone.Build.0 = Release|iPhone
		{543F0752-1B4A-40FF-83EF-D80A26576910}.AppStore|iPhone.Deploy.0 = Release|iPhone
		{543F0752-1B4A-40FF-83EF-D80A26576910}.AppStore|iPhoneSimulator.ActiveCfg = Release|iPhoneSimulator
		{543F0752-1B4A-40FF-83EF-D80A26576910}.AppStore|iPhoneSimulator.Build.0 = Release|iPhoneSimulator
		{543F0752-1B4A-40FF-83EF-D80A26576910}.AppStore|iPhoneSimulator.Deploy.0 = Release|iPhoneSimulator
		{543F0752-1B4A-40FF-83EF-D80A26576910}.AppStore|Mixed Platforms.ActiveCfg = Release|iPhoneSimulator
		{543F0752-1B4A-40FF-83EF-D80A26576910}.AppStore|Mixed Platforms.Build.0 = Release|iPhoneSimulator
		{543F0752-1B4A-40FF-83EF-D80A26576910}.AppStore|Mixed Platforms.Deploy.0 = Release|iPhoneSimulator
		{543F0752-1B4A-40FF-83EF-D80A26576910}.AppStore|Unix.ActiveCfg = Release|iPhoneSimulator
		{543F0752-1B4A-40FF-83EF-D80A26576910}.AppStore|Unix.Build.0 = Release|iPhoneSimulator
		{543F0752-1B4A-40FF-83EF-D80A26576910}.AppStore|Unix.Deploy.0 = Release|iPhoneSimulator
		{543F0752-1B4A-40FF-83EF-D80A26576910}.AppStore|x64.ActiveCfg = Release|iPhoneSimulator
		{543F0752-1B4A-40FF-83EF-D80A26576910}.AppStore|x64.Build.0 = Release|iPhoneSimulator
		{543F0752-1B4A-40FF-83EF-D80A26576910}.AppStore|x64.Deploy.0 = Release|iPhoneSimulator
		{543F0752-1B4A-40FF-83EF-D80A26576910}.AppStore|x86.ActiveCfg = Release|iPhoneSimulator
		{543F0752-1B4A-40FF-83EF-D80A26576910}.AppStore|x86.Build.0 = Release|iPhoneSimulator
		{543F0752-1B4A-40FF-83EF-D80A26576910}.AppStore|x86.Deploy.0 = Release|iPhoneSimulator
		{543F0752-1B4A-40FF-83EF-D80A26576910}.Debug|Any CPU.ActiveCfg = Debug|iPhone
		{543F0752-1B4A-40FF-83EF-D80A26576910}.Debug|ARM.ActiveCfg = Debug|iPhone
		{543F0752-1B4A-40FF-83EF-D80A26576910}.Debug|ARM64.ActiveCfg = Debug|iPhoneSimulator
		{543F0752-1B4A-40FF-83EF-D80A26576910}.Debug|iPhone.ActiveCfg = Debug|iPhone
		{543F0752-1B4A-40FF-83EF-D80A26576910}.Debug|iPhone.Build.0 = Debug|iPhone
		{543F0752-1B4A-40FF-83EF-D80A26576910}.Debug|iPhone.Deploy.0 = Debug|iPhone
		{543F0752-1B4A-40FF-83EF-D80A26576910}.Debug|iPhoneSimulator.ActiveCfg = Debug|iPhoneSimulator
		{543F0752-1B4A-40FF-83EF-D80A26576910}.Debug|iPhoneSimulator.Build.0 = Debug|iPhoneSimulator
		{543F0752-1B4A-40FF-83EF-D80A26576910}.Debug|Mixed Platforms.ActiveCfg = Debug|iPhone
		{543F0752-1B4A-40FF-83EF-D80A26576910}.Debug|Mixed Platforms.Build.0 = Debug|iPhone
		{543F0752-1B4A-40FF-83EF-D80A26576910}.Debug|Unix.ActiveCfg = Debug|iPhone
		{543F0752-1B4A-40FF-83EF-D80A26576910}.Debug|x64.ActiveCfg = Debug|iPhone
		{543F0752-1B4A-40FF-83EF-D80A26576910}.Debug|x86.ActiveCfg = Debug|iPhone
		{543F0752-1B4A-40FF-83EF-D80A26576910}.Release|Any CPU.ActiveCfg = Release|iPhone
		{543F0752-1B4A-40FF-83EF-D80A26576910}.Release|ARM.ActiveCfg = Release|iPhone
		{543F0752-1B4A-40FF-83EF-D80A26576910}.Release|ARM64.ActiveCfg = Release|iPhoneSimulator
		{543F0752-1B4A-40FF-83EF-D80A26576910}.Release|iPhone.ActiveCfg = Release|iPhone
		{543F0752-1B4A-40FF-83EF-D80A26576910}.Release|iPhone.Build.0 = Release|iPhone
		{543F0752-1B4A-40FF-83EF-D80A26576910}.Release|iPhoneSimulator.ActiveCfg = Release|iPhoneSimulator
		{543F0752-1B4A-40FF-83EF-D80A26576910}.Release|iPhoneSimulator.Build.0 = Release|iPhoneSimulator
		{543F0752-1B4A-40FF-83EF-D80A26576910}.Release|Mixed Platforms.ActiveCfg = Release|iPhone
		{543F0752-1B4A-40FF-83EF-D80A26576910}.Release|Mixed Platforms.Build.0 = Release|iPhone
		{543F0752-1B4A-40FF-83EF-D80A26576910}.Release|Unix.ActiveCfg = Release|iPhone
		{543F0752-1B4A-40FF-83EF-D80A26576910}.Release|x64.ActiveCfg = Release|iPhone
		{543F0752-1B4A-40FF-83EF-D80A26576910}.Release|x86.ActiveCfg = Release|iPhone
		{7609020C-0D2A-49D6-8EC2-731971159B62}.Ad-Hoc|Any CPU.ActiveCfg = Release|x64
		{7609020C-0D2A-49D6-8EC2-731971159B62}.Ad-Hoc|Any CPU.Build.0 = Release|x64
		{7609020C-0D2A-49D6-8EC2-731971159B62}.Ad-Hoc|Any CPU.Deploy.0 = Release|x64
		{7609020C-0D2A-49D6-8EC2-731971159B62}.Ad-Hoc|ARM.ActiveCfg = Release|ARM
		{7609020C-0D2A-49D6-8EC2-731971159B62}.Ad-Hoc|ARM.Build.0 = Release|ARM
		{7609020C-0D2A-49D6-8EC2-731971159B62}.Ad-Hoc|ARM.Deploy.0 = Release|ARM
		{7609020C-0D2A-49D6-8EC2-731971159B62}.Ad-Hoc|ARM64.ActiveCfg = Release|ARM64
		{7609020C-0D2A-49D6-8EC2-731971159B62}.Ad-Hoc|ARM64.Build.0 = Release|ARM64
		{7609020C-0D2A-49D6-8EC2-731971159B62}.Ad-Hoc|ARM64.Deploy.0 = Release|ARM64
		{7609020C-0D2A-49D6-8EC2-731971159B62}.Ad-Hoc|iPhone.ActiveCfg = Release|x64
		{7609020C-0D2A-49D6-8EC2-731971159B62}.Ad-Hoc|iPhone.Build.0 = Release|x64
		{7609020C-0D2A-49D6-8EC2-731971159B62}.Ad-Hoc|iPhone.Deploy.0 = Release|x64
		{7609020C-0D2A-49D6-8EC2-731971159B62}.Ad-Hoc|iPhoneSimulator.ActiveCfg = Release|x64
		{7609020C-0D2A-49D6-8EC2-731971159B62}.Ad-Hoc|iPhoneSimulator.Build.0 = Release|x64
		{7609020C-0D2A-49D6-8EC2-731971159B62}.Ad-Hoc|iPhoneSimulator.Deploy.0 = Release|x64
		{7609020C-0D2A-49D6-8EC2-731971159B62}.Ad-Hoc|Mixed Platforms.ActiveCfg = Release|x86
		{7609020C-0D2A-49D6-8EC2-731971159B62}.Ad-Hoc|Mixed Platforms.Build.0 = Release|x86
		{7609020C-0D2A-49D6-8EC2-731971159B62}.Ad-Hoc|Mixed Platforms.Deploy.0 = Release|x86
		{7609020C-0D2A-49D6-8EC2-731971159B62}.Ad-Hoc|Unix.ActiveCfg = Release|x64
		{7609020C-0D2A-49D6-8EC2-731971159B62}.Ad-Hoc|Unix.Build.0 = Release|x64
		{7609020C-0D2A-49D6-8EC2-731971159B62}.Ad-Hoc|Unix.Deploy.0 = Release|x64
		{7609020C-0D2A-49D6-8EC2-731971159B62}.Ad-Hoc|x64.ActiveCfg = Release|x64
		{7609020C-0D2A-49D6-8EC2-731971159B62}.Ad-Hoc|x64.Build.0 = Release|x64
		{7609020C-0D2A-49D6-8EC2-731971159B62}.Ad-Hoc|x64.Deploy.0 = Release|x64
		{7609020C-0D2A-49D6-8EC2-731971159B62}.Ad-Hoc|x86.ActiveCfg = Release|x86
		{7609020C-0D2A-49D6-8EC2-731971159B62}.Ad-Hoc|x86.Build.0 = Release|x86
		{7609020C-0D2A-49D6-8EC2-731971159B62}.Ad-Hoc|x86.Deploy.0 = Release|x86
		{7609020C-0D2A-49D6-8EC2-731971159B62}.AppStore|Any CPU.ActiveCfg = Release|x64
		{7609020C-0D2A-49D6-8EC2-731971159B62}.AppStore|Any CPU.Build.0 = Release|x64
		{7609020C-0D2A-49D6-8EC2-731971159B62}.AppStore|Any CPU.Deploy.0 = Release|x64
		{7609020C-0D2A-49D6-8EC2-731971159B62}.AppStore|ARM.ActiveCfg = Release|ARM
		{7609020C-0D2A-49D6-8EC2-731971159B62}.AppStore|ARM.Build.0 = Release|ARM
		{7609020C-0D2A-49D6-8EC2-731971159B62}.AppStore|ARM.Deploy.0 = Release|ARM
		{7609020C-0D2A-49D6-8EC2-731971159B62}.AppStore|ARM64.ActiveCfg = Release|ARM64
		{7609020C-0D2A-49D6-8EC2-731971159B62}.AppStore|ARM64.Build.0 = Release|ARM64
		{7609020C-0D2A-49D6-8EC2-731971159B62}.AppStore|ARM64.Deploy.0 = Release|ARM64
		{7609020C-0D2A-49D6-8EC2-731971159B62}.AppStore|iPhone.ActiveCfg = Release|x64
		{7609020C-0D2A-49D6-8EC2-731971159B62}.AppStore|iPhone.Build.0 = Release|x64
		{7609020C-0D2A-49D6-8EC2-731971159B62}.AppStore|iPhone.Deploy.0 = Release|x64
		{7609020C-0D2A-49D6-8EC2-731971159B62}.AppStore|iPhoneSimulator.ActiveCfg = Release|x64
		{7609020C-0D2A-49D6-8EC2-731971159B62}.AppStore|iPhoneSimulator.Build.0 = Release|x64
		{7609020C-0D2A-49D6-8EC2-731971159B62}.AppStore|iPhoneSimulator.Deploy.0 = Release|x64
		{7609020C-0D2A-49D6-8EC2-731971159B62}.AppStore|Mixed Platforms.ActiveCfg = Release|x86
		{7609020C-0D2A-49D6-8EC2-731971159B62}.AppStore|Mixed Platforms.Build.0 = Release|x86
		{7609020C-0D2A-49D6-8EC2-731971159B62}.AppStore|Mixed Platforms.Deploy.0 = Release|x86
		{7609020C-0D2A-49D6-8EC2-731971159B62}.AppStore|Unix.ActiveCfg = Release|x64
		{7609020C-0D2A-49D6-8EC2-731971159B62}.AppStore|Unix.Build.0 = Release|x64
		{7609020C-0D2A-49D6-8EC2-731971159B62}.AppStore|Unix.Deploy.0 = Release|x64
		{7609020C-0D2A-49D6-8EC2-731971159B62}.AppStore|x64.ActiveCfg = Release|x64
		{7609020C-0D2A-49D6-8EC2-731971159B62}.AppStore|x64.Build.0 = Release|x64
		{7609020C-0D2A-49D6-8EC2-731971159B62}.AppStore|x64.Deploy.0 = Release|x64
		{7609020C-0D2A-49D6-8EC2-731971159B62}.AppStore|x86.ActiveCfg = Release|x86
		{7609020C-0D2A-49D6-8EC2-731971159B62}.AppStore|x86.Build.0 = Release|x86
		{7609020C-0D2A-49D6-8EC2-731971159B62}.AppStore|x86.Deploy.0 = Release|x86
		{7609020C-0D2A-49D6-8EC2-731971159B62}.Debug|Any CPU.ActiveCfg = Debug|x86
		{7609020C-0D2A-49D6-8EC2-731971159B62}.Debug|Any CPU.Build.0 = Debug|x86
		{7609020C-0D2A-49D6-8EC2-731971159B62}.Debug|Any CPU.Deploy.0 = Debug|x86
		{7609020C-0D2A-49D6-8EC2-731971159B62}.Debug|ARM.ActiveCfg = Debug|ARM
		{7609020C-0D2A-49D6-8EC2-731971159B62}.Debug|ARM.Build.0 = Debug|ARM
		{7609020C-0D2A-49D6-8EC2-731971159B62}.Debug|ARM.Deploy.0 = Debug|ARM
		{7609020C-0D2A-49D6-8EC2-731971159B62}.Debug|ARM64.ActiveCfg = Debug|ARM64
		{7609020C-0D2A-49D6-8EC2-731971159B62}.Debug|ARM64.Build.0 = Debug|ARM64
		{7609020C-0D2A-49D6-8EC2-731971159B62}.Debug|ARM64.Deploy.0 = Debug|ARM64
		{7609020C-0D2A-49D6-8EC2-731971159B62}.Debug|iPhone.ActiveCfg = Debug|x86
		{7609020C-0D2A-49D6-8EC2-731971159B62}.Debug|iPhoneSimulator.ActiveCfg = Debug|x86
		{7609020C-0D2A-49D6-8EC2-731971159B62}.Debug|Mixed Platforms.ActiveCfg = Debug|x86
		{7609020C-0D2A-49D6-8EC2-731971159B62}.Debug|Mixed Platforms.Build.0 = Debug|x86
		{7609020C-0D2A-49D6-8EC2-731971159B62}.Debug|Mixed Platforms.Deploy.0 = Debug|x86
		{7609020C-0D2A-49D6-8EC2-731971159B62}.Debug|Unix.ActiveCfg = Debug|x86
		{7609020C-0D2A-49D6-8EC2-731971159B62}.Debug|x64.ActiveCfg = Debug|x64
		{7609020C-0D2A-49D6-8EC2-731971159B62}.Debug|x64.Build.0 = Debug|x64
		{7609020C-0D2A-49D6-8EC2-731971159B62}.Debug|x64.Deploy.0 = Debug|x64
		{7609020C-0D2A-49D6-8EC2-731971159B62}.Debug|x86.ActiveCfg = Debug|x86
		{7609020C-0D2A-49D6-8EC2-731971159B62}.Debug|x86.Build.0 = Debug|x86
		{7609020C-0D2A-49D6-8EC2-731971159B62}.Debug|x86.Deploy.0 = Debug|x86
		{7609020C-0D2A-49D6-8EC2-731971159B62}.Release|Any CPU.ActiveCfg = Release|x86
		{7609020C-0D2A-49D6-8EC2-731971159B62}.Release|ARM.ActiveCfg = Release|ARM
		{7609020C-0D2A-49D6-8EC2-731971159B62}.Release|ARM.Build.0 = Release|ARM
		{7609020C-0D2A-49D6-8EC2-731971159B62}.Release|ARM.Deploy.0 = Release|ARM
		{7609020C-0D2A-49D6-8EC2-731971159B62}.Release|ARM64.ActiveCfg = Release|ARM64
		{7609020C-0D2A-49D6-8EC2-731971159B62}.Release|ARM64.Build.0 = Release|ARM64
		{7609020C-0D2A-49D6-8EC2-731971159B62}.Release|ARM64.Deploy.0 = Release|ARM64
		{7609020C-0D2A-49D6-8EC2-731971159B62}.Release|iPhone.ActiveCfg = Release|x86
		{7609020C-0D2A-49D6-8EC2-731971159B62}.Release|iPhoneSimulator.ActiveCfg = Release|x86
		{7609020C-0D2A-49D6-8EC2-731971159B62}.Release|Mixed Platforms.ActiveCfg = Release|x86
		{7609020C-0D2A-49D6-8EC2-731971159B62}.Release|Mixed Platforms.Build.0 = Release|x86
		{7609020C-0D2A-49D6-8EC2-731971159B62}.Release|Mixed Platforms.Deploy.0 = Release|x86
		{7609020C-0D2A-49D6-8EC2-731971159B62}.Release|Unix.ActiveCfg = Release|x86
		{7609020C-0D2A-49D6-8EC2-731971159B62}.Release|x64.ActiveCfg = Release|x64
		{7609020C-0D2A-49D6-8EC2-731971159B62}.Release|x64.Build.0 = Release|x64
		{7609020C-0D2A-49D6-8EC2-731971159B62}.Release|x64.Deploy.0 = Release|x64
		{7609020C-0D2A-49D6-8EC2-731971159B62}.Release|x86.ActiveCfg = Release|x86
		{7609020C-0D2A-49D6-8EC2-731971159B62}.Release|x86.Build.0 = Release|x86
		{7609020C-0D2A-49D6-8EC2-731971159B62}.Release|x86.Deploy.0 = Release|x86
		{EA29B996-13E8-4775-9031-88E05C6288C4}.Ad-Hoc|Any CPU.ActiveCfg = Debug|Any CPU
		{EA29B996-13E8-4775-9031-88E05C6288C4}.Ad-Hoc|Any CPU.Build.0 = Debug|Any CPU
		{EA29B996-13E8-4775-9031-88E05C6288C4}.Ad-Hoc|ARM.ActiveCfg = Debug|Any CPU
		{EA29B996-13E8-4775-9031-88E05C6288C4}.Ad-Hoc|ARM.Build.0 = Debug|Any CPU
		{EA29B996-13E8-4775-9031-88E05C6288C4}.Ad-Hoc|ARM64.ActiveCfg = Debug|Any CPU
		{EA29B996-13E8-4775-9031-88E05C6288C4}.Ad-Hoc|ARM64.Build.0 = Debug|Any CPU
		{EA29B996-13E8-4775-9031-88E05C6288C4}.Ad-Hoc|iPhone.ActiveCfg = Debug|Any CPU
		{EA29B996-13E8-4775-9031-88E05C6288C4}.Ad-Hoc|iPhone.Build.0 = Debug|Any CPU
		{EA29B996-13E8-4775-9031-88E05C6288C4}.Ad-Hoc|iPhoneSimulator.ActiveCfg = Debug|Any CPU
		{EA29B996-13E8-4775-9031-88E05C6288C4}.Ad-Hoc|iPhoneSimulator.Build.0 = Debug|Any CPU
		{EA29B996-13E8-4775-9031-88E05C6288C4}.Ad-Hoc|Mixed Platforms.ActiveCfg = Debug|Any CPU
		{EA29B996-13E8-4775-9031-88E05C6288C4}.Ad-Hoc|Mixed Platforms.Build.0 = Debug|Any CPU
		{EA29B996-13E8-4775-9031-88E05C6288C4}.Ad-Hoc|Unix.ActiveCfg = Debug|Any CPU
		{EA29B996-13E8-4775-9031-88E05C6288C4}.Ad-Hoc|Unix.Build.0 = Debug|Any CPU
		{EA29B996-13E8-4775-9031-88E05C6288C4}.Ad-Hoc|x64.ActiveCfg = Debug|Any CPU
		{EA29B996-13E8-4775-9031-88E05C6288C4}.Ad-Hoc|x64.Build.0 = Debug|Any CPU
		{EA29B996-13E8-4775-9031-88E05C6288C4}.Ad-Hoc|x86.ActiveCfg = Debug|Any CPU
		{EA29B996-13E8-4775-9031-88E05C6288C4}.Ad-Hoc|x86.Build.0 = Debug|Any CPU
		{EA29B996-13E8-4775-9031-88E05C6288C4}.AppStore|Any CPU.ActiveCfg = Debug|Any CPU
		{EA29B996-13E8-4775-9031-88E05C6288C4}.AppStore|Any CPU.Build.0 = Debug|Any CPU
		{EA29B996-13E8-4775-9031-88E05C6288C4}.AppStore|ARM.ActiveCfg = Debug|Any CPU
		{EA29B996-13E8-4775-9031-88E05C6288C4}.AppStore|ARM.Build.0 = Debug|Any CPU
		{EA29B996-13E8-4775-9031-88E05C6288C4}.AppStore|ARM64.ActiveCfg = Debug|Any CPU
		{EA29B996-13E8-4775-9031-88E05C6288C4}.AppStore|ARM64.Build.0 = Debug|Any CPU
		{EA29B996-13E8-4775-9031-88E05C6288C4}.AppStore|iPhone.ActiveCfg = Debug|Any CPU
		{EA29B996-13E8-4775-9031-88E05C6288C4}.AppStore|iPhone.Build.0 = Debug|Any CPU
		{EA29B996-13E8-4775-9031-88E05C6288C4}.AppStore|iPhoneSimulator.ActiveCfg = Debug|Any CPU
		{EA29B996-13E8-4775-9031-88E05C6288C4}.AppStore|iPhoneSimulator.Build.0 = Debug|Any CPU
		{EA29B996-13E8-4775-9031-88E05C6288C4}.AppStore|Mixed Platforms.ActiveCfg = Debug|Any CPU
		{EA29B996-13E8-4775-9031-88E05C6288C4}.AppStore|Mixed Platforms.Build.0 = Debug|Any CPU
		{EA29B996-13E8-4775-9031-88E05C6288C4}.AppStore|Unix.ActiveCfg = Debug|Any CPU
		{EA29B996-13E8-4775-9031-88E05C6288C4}.AppStore|Unix.Build.0 = Debug|Any CPU
		{EA29B996-13E8-4775-9031-88E05C6288C4}.AppStore|x64.ActiveCfg = Debug|Any CPU
		{EA29B996-13E8-4775-9031-88E05C6288C4}.AppStore|x64.Build.0 = Debug|Any CPU
		{EA29B996-13E8-4775-9031-88E05C6288C4}.AppStore|x86.ActiveCfg = Debug|Any CPU
		{EA29B996-13E8-4775-9031-88E05C6288C4}.AppStore|x86.Build.0 = Debug|Any CPU
		{EA29B996-13E8-4775-9031-88E05C6288C4}.Debug|Any CPU.ActiveCfg = Debug|Any CPU
		{EA29B996-13E8-4775-9031-88E05C6288C4}.Debug|Any CPU.Build.0 = Debug|Any CPU
		{EA29B996-13E8-4775-9031-88E05C6288C4}.Debug|ARM.ActiveCfg = Debug|Any CPU
		{EA29B996-13E8-4775-9031-88E05C6288C4}.Debug|ARM.Build.0 = Debug|Any CPU
		{EA29B996-13E8-4775-9031-88E05C6288C4}.Debug|ARM64.ActiveCfg = Debug|Any CPU
		{EA29B996-13E8-4775-9031-88E05C6288C4}.Debug|ARM64.Build.0 = Debug|Any CPU
		{EA29B996-13E8-4775-9031-88E05C6288C4}.Debug|iPhone.ActiveCfg = Debug|Any CPU
		{EA29B996-13E8-4775-9031-88E05C6288C4}.Debug|iPhone.Build.0 = Debug|Any CPU
		{EA29B996-13E8-4775-9031-88E05C6288C4}.Debug|iPhoneSimulator.ActiveCfg = Debug|Any CPU
		{EA29B996-13E8-4775-9031-88E05C6288C4}.Debug|iPhoneSimulator.Build.0 = Debug|Any CPU
		{EA29B996-13E8-4775-9031-88E05C6288C4}.Debug|Mixed Platforms.ActiveCfg = Debug|Any CPU
		{EA29B996-13E8-4775-9031-88E05C6288C4}.Debug|Mixed Platforms.Build.0 = Debug|Any CPU
		{EA29B996-13E8-4775-9031-88E05C6288C4}.Debug|Unix.ActiveCfg = Debug|Any CPU
		{EA29B996-13E8-4775-9031-88E05C6288C4}.Debug|Unix.Build.0 = Debug|Any CPU
		{EA29B996-13E8-4775-9031-88E05C6288C4}.Debug|x64.ActiveCfg = Debug|Any CPU
		{EA29B996-13E8-4775-9031-88E05C6288C4}.Debug|x64.Build.0 = Debug|Any CPU
		{EA29B996-13E8-4775-9031-88E05C6288C4}.Debug|x86.ActiveCfg = Debug|Any CPU
		{EA29B996-13E8-4775-9031-88E05C6288C4}.Debug|x86.Build.0 = Debug|Any CPU
		{EA29B996-13E8-4775-9031-88E05C6288C4}.Release|Any CPU.ActiveCfg = Release|Any CPU
		{EA29B996-13E8-4775-9031-88E05C6288C4}.Release|Any CPU.Build.0 = Release|Any CPU
		{EA29B996-13E8-4775-9031-88E05C6288C4}.Release|ARM.ActiveCfg = Release|Any CPU
		{EA29B996-13E8-4775-9031-88E05C6288C4}.Release|ARM.Build.0 = Release|Any CPU
		{EA29B996-13E8-4775-9031-88E05C6288C4}.Release|ARM64.ActiveCfg = Release|Any CPU
		{EA29B996-13E8-4775-9031-88E05C6288C4}.Release|ARM64.Build.0 = Release|Any CPU
		{EA29B996-13E8-4775-9031-88E05C6288C4}.Release|iPhone.ActiveCfg = Release|Any CPU
		{EA29B996-13E8-4775-9031-88E05C6288C4}.Release|iPhone.Build.0 = Release|Any CPU
		{EA29B996-13E8-4775-9031-88E05C6288C4}.Release|iPhoneSimulator.ActiveCfg = Release|Any CPU
		{EA29B996-13E8-4775-9031-88E05C6288C4}.Release|iPhoneSimulator.Build.0 = Release|Any CPU
		{EA29B996-13E8-4775-9031-88E05C6288C4}.Release|Mixed Platforms.ActiveCfg = Release|Any CPU
		{EA29B996-13E8-4775-9031-88E05C6288C4}.Release|Mixed Platforms.Build.0 = Release|Any CPU
		{EA29B996-13E8-4775-9031-88E05C6288C4}.Release|Unix.ActiveCfg = Release|Any CPU
		{EA29B996-13E8-4775-9031-88E05C6288C4}.Release|Unix.Build.0 = Release|Any CPU
		{EA29B996-13E8-4775-9031-88E05C6288C4}.Release|x64.ActiveCfg = Release|Any CPU
		{EA29B996-13E8-4775-9031-88E05C6288C4}.Release|x64.Build.0 = Release|Any CPU
		{EA29B996-13E8-4775-9031-88E05C6288C4}.Release|x86.ActiveCfg = Release|Any CPU
		{EA29B996-13E8-4775-9031-88E05C6288C4}.Release|x86.Build.0 = Release|Any CPU
		{9777F861-F072-4FB3-A23E-09F37DF90CC1}.Ad-Hoc|Any CPU.ActiveCfg = Debug|Any CPU
		{9777F861-F072-4FB3-A23E-09F37DF90CC1}.Ad-Hoc|Any CPU.Build.0 = Debug|Any CPU
		{9777F861-F072-4FB3-A23E-09F37DF90CC1}.Ad-Hoc|ARM.ActiveCfg = Debug|Any CPU
		{9777F861-F072-4FB3-A23E-09F37DF90CC1}.Ad-Hoc|ARM.Build.0 = Debug|Any CPU
		{9777F861-F072-4FB3-A23E-09F37DF90CC1}.Ad-Hoc|ARM64.ActiveCfg = Debug|Any CPU
		{9777F861-F072-4FB3-A23E-09F37DF90CC1}.Ad-Hoc|ARM64.Build.0 = Debug|Any CPU
		{9777F861-F072-4FB3-A23E-09F37DF90CC1}.Ad-Hoc|iPhone.ActiveCfg = Debug|Any CPU
		{9777F861-F072-4FB3-A23E-09F37DF90CC1}.Ad-Hoc|iPhone.Build.0 = Debug|Any CPU
		{9777F861-F072-4FB3-A23E-09F37DF90CC1}.Ad-Hoc|iPhoneSimulator.ActiveCfg = Debug|Any CPU
		{9777F861-F072-4FB3-A23E-09F37DF90CC1}.Ad-Hoc|iPhoneSimulator.Build.0 = Debug|Any CPU
		{9777F861-F072-4FB3-A23E-09F37DF90CC1}.Ad-Hoc|Mixed Platforms.ActiveCfg = Debug|Any CPU
		{9777F861-F072-4FB3-A23E-09F37DF90CC1}.Ad-Hoc|Mixed Platforms.Build.0 = Debug|Any CPU
		{9777F861-F072-4FB3-A23E-09F37DF90CC1}.Ad-Hoc|Unix.ActiveCfg = Debug|Any CPU
		{9777F861-F072-4FB3-A23E-09F37DF90CC1}.Ad-Hoc|Unix.Build.0 = Debug|Any CPU
		{9777F861-F072-4FB3-A23E-09F37DF90CC1}.Ad-Hoc|x64.ActiveCfg = Debug|Any CPU
		{9777F861-F072-4FB3-A23E-09F37DF90CC1}.Ad-Hoc|x64.Build.0 = Debug|Any CPU
		{9777F861-F072-4FB3-A23E-09F37DF90CC1}.Ad-Hoc|x86.ActiveCfg = Debug|Any CPU
		{9777F861-F072-4FB3-A23E-09F37DF90CC1}.Ad-Hoc|x86.Build.0 = Debug|Any CPU
		{9777F861-F072-4FB3-A23E-09F37DF90CC1}.AppStore|Any CPU.ActiveCfg = Debug|Any CPU
		{9777F861-F072-4FB3-A23E-09F37DF90CC1}.AppStore|Any CPU.Build.0 = Debug|Any CPU
		{9777F861-F072-4FB3-A23E-09F37DF90CC1}.AppStore|ARM.ActiveCfg = Debug|Any CPU
		{9777F861-F072-4FB3-A23E-09F37DF90CC1}.AppStore|ARM.Build.0 = Debug|Any CPU
		{9777F861-F072-4FB3-A23E-09F37DF90CC1}.AppStore|ARM64.ActiveCfg = Debug|Any CPU
		{9777F861-F072-4FB3-A23E-09F37DF90CC1}.AppStore|ARM64.Build.0 = Debug|Any CPU
		{9777F861-F072-4FB3-A23E-09F37DF90CC1}.AppStore|iPhone.ActiveCfg = Debug|Any CPU
		{9777F861-F072-4FB3-A23E-09F37DF90CC1}.AppStore|iPhone.Build.0 = Debug|Any CPU
		{9777F861-F072-4FB3-A23E-09F37DF90CC1}.AppStore|iPhoneSimulator.ActiveCfg = Debug|Any CPU
		{9777F861-F072-4FB3-A23E-09F37DF90CC1}.AppStore|iPhoneSimulator.Build.0 = Debug|Any CPU
		{9777F861-F072-4FB3-A23E-09F37DF90CC1}.AppStore|Mixed Platforms.ActiveCfg = Debug|Any CPU
		{9777F861-F072-4FB3-A23E-09F37DF90CC1}.AppStore|Mixed Platforms.Build.0 = Debug|Any CPU
		{9777F861-F072-4FB3-A23E-09F37DF90CC1}.AppStore|Unix.ActiveCfg = Debug|Any CPU
		{9777F861-F072-4FB3-A23E-09F37DF90CC1}.AppStore|Unix.Build.0 = Debug|Any CPU
		{9777F861-F072-4FB3-A23E-09F37DF90CC1}.AppStore|x64.ActiveCfg = Debug|Any CPU
		{9777F861-F072-4FB3-A23E-09F37DF90CC1}.AppStore|x64.Build.0 = Debug|Any CPU
		{9777F861-F072-4FB3-A23E-09F37DF90CC1}.AppStore|x86.ActiveCfg = Debug|Any CPU
		{9777F861-F072-4FB3-A23E-09F37DF90CC1}.AppStore|x86.Build.0 = Debug|Any CPU
		{9777F861-F072-4FB3-A23E-09F37DF90CC1}.Debug|Any CPU.ActiveCfg = Debug|Any CPU
		{9777F861-F072-4FB3-A23E-09F37DF90CC1}.Debug|Any CPU.Build.0 = Debug|Any CPU
		{9777F861-F072-4FB3-A23E-09F37DF90CC1}.Debug|ARM.ActiveCfg = Debug|Any CPU
		{9777F861-F072-4FB3-A23E-09F37DF90CC1}.Debug|ARM.Build.0 = Debug|Any CPU
		{9777F861-F072-4FB3-A23E-09F37DF90CC1}.Debug|ARM64.ActiveCfg = Debug|Any CPU
		{9777F861-F072-4FB3-A23E-09F37DF90CC1}.Debug|ARM64.Build.0 = Debug|Any CPU
		{9777F861-F072-4FB3-A23E-09F37DF90CC1}.Debug|iPhone.ActiveCfg = Debug|Any CPU
		{9777F861-F072-4FB3-A23E-09F37DF90CC1}.Debug|iPhone.Build.0 = Debug|Any CPU
		{9777F861-F072-4FB3-A23E-09F37DF90CC1}.Debug|iPhoneSimulator.ActiveCfg = Debug|Any CPU
		{9777F861-F072-4FB3-A23E-09F37DF90CC1}.Debug|iPhoneSimulator.Build.0 = Debug|Any CPU
		{9777F861-F072-4FB3-A23E-09F37DF90CC1}.Debug|Mixed Platforms.ActiveCfg = Debug|Any CPU
		{9777F861-F072-4FB3-A23E-09F37DF90CC1}.Debug|Mixed Platforms.Build.0 = Debug|Any CPU
		{9777F861-F072-4FB3-A23E-09F37DF90CC1}.Debug|Unix.ActiveCfg = Debug|Any CPU
		{9777F861-F072-4FB3-A23E-09F37DF90CC1}.Debug|Unix.Build.0 = Debug|Any CPU
		{9777F861-F072-4FB3-A23E-09F37DF90CC1}.Debug|x64.ActiveCfg = Debug|Any CPU
		{9777F861-F072-4FB3-A23E-09F37DF90CC1}.Debug|x64.Build.0 = Debug|Any CPU
		{9777F861-F072-4FB3-A23E-09F37DF90CC1}.Debug|x86.ActiveCfg = Debug|Any CPU
		{9777F861-F072-4FB3-A23E-09F37DF90CC1}.Debug|x86.Build.0 = Debug|Any CPU
		{9777F861-F072-4FB3-A23E-09F37DF90CC1}.Release|Any CPU.ActiveCfg = Release|Any CPU
		{9777F861-F072-4FB3-A23E-09F37DF90CC1}.Release|Any CPU.Build.0 = Release|Any CPU
		{9777F861-F072-4FB3-A23E-09F37DF90CC1}.Release|ARM.ActiveCfg = Release|Any CPU
		{9777F861-F072-4FB3-A23E-09F37DF90CC1}.Release|ARM.Build.0 = Release|Any CPU
		{9777F861-F072-4FB3-A23E-09F37DF90CC1}.Release|ARM64.ActiveCfg = Release|Any CPU
		{9777F861-F072-4FB3-A23E-09F37DF90CC1}.Release|ARM64.Build.0 = Release|Any CPU
		{9777F861-F072-4FB3-A23E-09F37DF90CC1}.Release|iPhone.ActiveCfg = Release|Any CPU
		{9777F861-F072-4FB3-A23E-09F37DF90CC1}.Release|iPhone.Build.0 = Release|Any CPU
		{9777F861-F072-4FB3-A23E-09F37DF90CC1}.Release|iPhoneSimulator.ActiveCfg = Release|Any CPU
		{9777F861-F072-4FB3-A23E-09F37DF90CC1}.Release|iPhoneSimulator.Build.0 = Release|Any CPU
		{9777F861-F072-4FB3-A23E-09F37DF90CC1}.Release|Mixed Platforms.ActiveCfg = Release|Any CPU
		{9777F861-F072-4FB3-A23E-09F37DF90CC1}.Release|Mixed Platforms.Build.0 = Release|Any CPU
		{9777F861-F072-4FB3-A23E-09F37DF90CC1}.Release|Unix.ActiveCfg = Release|Any CPU
		{9777F861-F072-4FB3-A23E-09F37DF90CC1}.Release|Unix.Build.0 = Release|Any CPU
		{9777F861-F072-4FB3-A23E-09F37DF90CC1}.Release|x64.ActiveCfg = Release|Any CPU
		{9777F861-F072-4FB3-A23E-09F37DF90CC1}.Release|x64.Build.0 = Release|Any CPU
		{9777F861-F072-4FB3-A23E-09F37DF90CC1}.Release|x86.ActiveCfg = Release|Any CPU
		{9777F861-F072-4FB3-A23E-09F37DF90CC1}.Release|x86.Build.0 = Release|Any CPU
		{D7169F9B-01A1-4098-9DB4-9005222DC507}.Ad-Hoc|Any CPU.ActiveCfg = Debug|Any CPU
		{D7169F9B-01A1-4098-9DB4-9005222DC507}.Ad-Hoc|Any CPU.Build.0 = Debug|Any CPU
		{D7169F9B-01A1-4098-9DB4-9005222DC507}.Ad-Hoc|ARM.ActiveCfg = Debug|Any CPU
		{D7169F9B-01A1-4098-9DB4-9005222DC507}.Ad-Hoc|ARM.Build.0 = Debug|Any CPU
		{D7169F9B-01A1-4098-9DB4-9005222DC507}.Ad-Hoc|ARM64.ActiveCfg = Debug|Any CPU
		{D7169F9B-01A1-4098-9DB4-9005222DC507}.Ad-Hoc|ARM64.Build.0 = Debug|Any CPU
		{D7169F9B-01A1-4098-9DB4-9005222DC507}.Ad-Hoc|iPhone.ActiveCfg = Debug|Any CPU
		{D7169F9B-01A1-4098-9DB4-9005222DC507}.Ad-Hoc|iPhone.Build.0 = Debug|Any CPU
		{D7169F9B-01A1-4098-9DB4-9005222DC507}.Ad-Hoc|iPhoneSimulator.ActiveCfg = Debug|Any CPU
		{D7169F9B-01A1-4098-9DB4-9005222DC507}.Ad-Hoc|iPhoneSimulator.Build.0 = Debug|Any CPU
		{D7169F9B-01A1-4098-9DB4-9005222DC507}.Ad-Hoc|Mixed Platforms.ActiveCfg = Debug|Any CPU
		{D7169F9B-01A1-4098-9DB4-9005222DC507}.Ad-Hoc|Mixed Platforms.Build.0 = Debug|Any CPU
		{D7169F9B-01A1-4098-9DB4-9005222DC507}.Ad-Hoc|Unix.ActiveCfg = Debug|Any CPU
		{D7169F9B-01A1-4098-9DB4-9005222DC507}.Ad-Hoc|Unix.Build.0 = Debug|Any CPU
		{D7169F9B-01A1-4098-9DB4-9005222DC507}.Ad-Hoc|x64.ActiveCfg = Debug|Any CPU
		{D7169F9B-01A1-4098-9DB4-9005222DC507}.Ad-Hoc|x64.Build.0 = Debug|Any CPU
		{D7169F9B-01A1-4098-9DB4-9005222DC507}.Ad-Hoc|x86.ActiveCfg = Debug|Any CPU
		{D7169F9B-01A1-4098-9DB4-9005222DC507}.Ad-Hoc|x86.Build.0 = Debug|Any CPU
		{D7169F9B-01A1-4098-9DB4-9005222DC507}.AppStore|Any CPU.ActiveCfg = Debug|Any CPU
		{D7169F9B-01A1-4098-9DB4-9005222DC507}.AppStore|Any CPU.Build.0 = Debug|Any CPU
		{D7169F9B-01A1-4098-9DB4-9005222DC507}.AppStore|ARM.ActiveCfg = Debug|Any CPU
		{D7169F9B-01A1-4098-9DB4-9005222DC507}.AppStore|ARM.Build.0 = Debug|Any CPU
		{D7169F9B-01A1-4098-9DB4-9005222DC507}.AppStore|ARM64.ActiveCfg = Debug|Any CPU
		{D7169F9B-01A1-4098-9DB4-9005222DC507}.AppStore|ARM64.Build.0 = Debug|Any CPU
		{D7169F9B-01A1-4098-9DB4-9005222DC507}.AppStore|iPhone.ActiveCfg = Debug|Any CPU
		{D7169F9B-01A1-4098-9DB4-9005222DC507}.AppStore|iPhone.Build.0 = Debug|Any CPU
		{D7169F9B-01A1-4098-9DB4-9005222DC507}.AppStore|iPhoneSimulator.ActiveCfg = Debug|Any CPU
		{D7169F9B-01A1-4098-9DB4-9005222DC507}.AppStore|iPhoneSimulator.Build.0 = Debug|Any CPU
		{D7169F9B-01A1-4098-9DB4-9005222DC507}.AppStore|Mixed Platforms.ActiveCfg = Debug|Any CPU
		{D7169F9B-01A1-4098-9DB4-9005222DC507}.AppStore|Mixed Platforms.Build.0 = Debug|Any CPU
		{D7169F9B-01A1-4098-9DB4-9005222DC507}.AppStore|Unix.ActiveCfg = Debug|Any CPU
		{D7169F9B-01A1-4098-9DB4-9005222DC507}.AppStore|Unix.Build.0 = Debug|Any CPU
		{D7169F9B-01A1-4098-9DB4-9005222DC507}.AppStore|x64.ActiveCfg = Debug|Any CPU
		{D7169F9B-01A1-4098-9DB4-9005222DC507}.AppStore|x64.Build.0 = Debug|Any CPU
		{D7169F9B-01A1-4098-9DB4-9005222DC507}.AppStore|x86.ActiveCfg = Debug|Any CPU
		{D7169F9B-01A1-4098-9DB4-9005222DC507}.AppStore|x86.Build.0 = Debug|Any CPU
		{D7169F9B-01A1-4098-9DB4-9005222DC507}.Debug|Any CPU.ActiveCfg = Debug|Any CPU
		{D7169F9B-01A1-4098-9DB4-9005222DC507}.Debug|Any CPU.Build.0 = Debug|Any CPU
		{D7169F9B-01A1-4098-9DB4-9005222DC507}.Debug|ARM.ActiveCfg = Debug|Any CPU
		{D7169F9B-01A1-4098-9DB4-9005222DC507}.Debug|ARM.Build.0 = Debug|Any CPU
		{D7169F9B-01A1-4098-9DB4-9005222DC507}.Debug|ARM64.ActiveCfg = Debug|Any CPU
		{D7169F9B-01A1-4098-9DB4-9005222DC507}.Debug|ARM64.Build.0 = Debug|Any CPU
		{D7169F9B-01A1-4098-9DB4-9005222DC507}.Debug|iPhone.ActiveCfg = Debug|Any CPU
		{D7169F9B-01A1-4098-9DB4-9005222DC507}.Debug|iPhone.Build.0 = Debug|Any CPU
		{D7169F9B-01A1-4098-9DB4-9005222DC507}.Debug|iPhoneSimulator.ActiveCfg = Debug|Any CPU
		{D7169F9B-01A1-4098-9DB4-9005222DC507}.Debug|iPhoneSimulator.Build.0 = Debug|Any CPU
		{D7169F9B-01A1-4098-9DB4-9005222DC507}.Debug|Mixed Platforms.ActiveCfg = Debug|Any CPU
		{D7169F9B-01A1-4098-9DB4-9005222DC507}.Debug|Mixed Platforms.Build.0 = Debug|Any CPU
		{D7169F9B-01A1-4098-9DB4-9005222DC507}.Debug|Unix.ActiveCfg = Debug|Any CPU
		{D7169F9B-01A1-4098-9DB4-9005222DC507}.Debug|Unix.Build.0 = Debug|Any CPU
		{D7169F9B-01A1-4098-9DB4-9005222DC507}.Debug|x64.ActiveCfg = Debug|Any CPU
		{D7169F9B-01A1-4098-9DB4-9005222DC507}.Debug|x64.Build.0 = Debug|Any CPU
		{D7169F9B-01A1-4098-9DB4-9005222DC507}.Debug|x86.ActiveCfg = Debug|Any CPU
		{D7169F9B-01A1-4098-9DB4-9005222DC507}.Debug|x86.Build.0 = Debug|Any CPU
		{D7169F9B-01A1-4098-9DB4-9005222DC507}.Release|Any CPU.ActiveCfg = Release|Any CPU
		{D7169F9B-01A1-4098-9DB4-9005222DC507}.Release|Any CPU.Build.0 = Release|Any CPU
		{D7169F9B-01A1-4098-9DB4-9005222DC507}.Release|ARM.ActiveCfg = Release|Any CPU
		{D7169F9B-01A1-4098-9DB4-9005222DC507}.Release|ARM.Build.0 = Release|Any CPU
		{D7169F9B-01A1-4098-9DB4-9005222DC507}.Release|ARM64.ActiveCfg = Release|Any CPU
		{D7169F9B-01A1-4098-9DB4-9005222DC507}.Release|ARM64.Build.0 = Release|Any CPU
		{D7169F9B-01A1-4098-9DB4-9005222DC507}.Release|iPhone.ActiveCfg = Release|Any CPU
		{D7169F9B-01A1-4098-9DB4-9005222DC507}.Release|iPhone.Build.0 = Release|Any CPU
		{D7169F9B-01A1-4098-9DB4-9005222DC507}.Release|iPhoneSimulator.ActiveCfg = Release|Any CPU
		{D7169F9B-01A1-4098-9DB4-9005222DC507}.Release|iPhoneSimulator.Build.0 = Release|Any CPU
		{D7169F9B-01A1-4098-9DB4-9005222DC507}.Release|Mixed Platforms.ActiveCfg = Release|Any CPU
		{D7169F9B-01A1-4098-9DB4-9005222DC507}.Release|Mixed Platforms.Build.0 = Release|Any CPU
		{D7169F9B-01A1-4098-9DB4-9005222DC507}.Release|Unix.ActiveCfg = Release|Any CPU
		{D7169F9B-01A1-4098-9DB4-9005222DC507}.Release|Unix.Build.0 = Release|Any CPU
		{D7169F9B-01A1-4098-9DB4-9005222DC507}.Release|x64.ActiveCfg = Release|Any CPU
		{D7169F9B-01A1-4098-9DB4-9005222DC507}.Release|x64.Build.0 = Release|Any CPU
		{D7169F9B-01A1-4098-9DB4-9005222DC507}.Release|x86.ActiveCfg = Release|Any CPU
		{D7169F9B-01A1-4098-9DB4-9005222DC507}.Release|x86.Build.0 = Release|Any CPU
		{AC88BCF6-97ED-4410-A61B-19CA5E3737F8}.Ad-Hoc|Any CPU.ActiveCfg = Debug|Any CPU
		{AC88BCF6-97ED-4410-A61B-19CA5E3737F8}.Ad-Hoc|Any CPU.Build.0 = Debug|Any CPU
		{AC88BCF6-97ED-4410-A61B-19CA5E3737F8}.Ad-Hoc|ARM.ActiveCfg = Debug|Any CPU
		{AC88BCF6-97ED-4410-A61B-19CA5E3737F8}.Ad-Hoc|ARM.Build.0 = Debug|Any CPU
		{AC88BCF6-97ED-4410-A61B-19CA5E3737F8}.Ad-Hoc|ARM64.ActiveCfg = Debug|Any CPU
		{AC88BCF6-97ED-4410-A61B-19CA5E3737F8}.Ad-Hoc|ARM64.Build.0 = Debug|Any CPU
		{AC88BCF6-97ED-4410-A61B-19CA5E3737F8}.Ad-Hoc|iPhone.ActiveCfg = Debug|Any CPU
		{AC88BCF6-97ED-4410-A61B-19CA5E3737F8}.Ad-Hoc|iPhone.Build.0 = Debug|Any CPU
		{AC88BCF6-97ED-4410-A61B-19CA5E3737F8}.Ad-Hoc|iPhoneSimulator.ActiveCfg = Debug|Any CPU
		{AC88BCF6-97ED-4410-A61B-19CA5E3737F8}.Ad-Hoc|iPhoneSimulator.Build.0 = Debug|Any CPU
		{AC88BCF6-97ED-4410-A61B-19CA5E3737F8}.Ad-Hoc|Mixed Platforms.ActiveCfg = Debug|Any CPU
		{AC88BCF6-97ED-4410-A61B-19CA5E3737F8}.Ad-Hoc|Mixed Platforms.Build.0 = Debug|Any CPU
		{AC88BCF6-97ED-4410-A61B-19CA5E3737F8}.Ad-Hoc|Unix.ActiveCfg = Debug|Any CPU
		{AC88BCF6-97ED-4410-A61B-19CA5E3737F8}.Ad-Hoc|Unix.Build.0 = Debug|Any CPU
		{AC88BCF6-97ED-4410-A61B-19CA5E3737F8}.Ad-Hoc|x64.ActiveCfg = Debug|Any CPU
		{AC88BCF6-97ED-4410-A61B-19CA5E3737F8}.Ad-Hoc|x64.Build.0 = Debug|Any CPU
		{AC88BCF6-97ED-4410-A61B-19CA5E3737F8}.Ad-Hoc|x86.ActiveCfg = Debug|Any CPU
		{AC88BCF6-97ED-4410-A61B-19CA5E3737F8}.Ad-Hoc|x86.Build.0 = Debug|Any CPU
		{AC88BCF6-97ED-4410-A61B-19CA5E3737F8}.AppStore|Any CPU.ActiveCfg = Debug|Any CPU
		{AC88BCF6-97ED-4410-A61B-19CA5E3737F8}.AppStore|Any CPU.Build.0 = Debug|Any CPU
		{AC88BCF6-97ED-4410-A61B-19CA5E3737F8}.AppStore|ARM.ActiveCfg = Debug|Any CPU
		{AC88BCF6-97ED-4410-A61B-19CA5E3737F8}.AppStore|ARM.Build.0 = Debug|Any CPU
		{AC88BCF6-97ED-4410-A61B-19CA5E3737F8}.AppStore|ARM64.ActiveCfg = Debug|Any CPU
		{AC88BCF6-97ED-4410-A61B-19CA5E3737F8}.AppStore|ARM64.Build.0 = Debug|Any CPU
		{AC88BCF6-97ED-4410-A61B-19CA5E3737F8}.AppStore|iPhone.ActiveCfg = Debug|Any CPU
		{AC88BCF6-97ED-4410-A61B-19CA5E3737F8}.AppStore|iPhone.Build.0 = Debug|Any CPU
		{AC88BCF6-97ED-4410-A61B-19CA5E3737F8}.AppStore|iPhoneSimulator.ActiveCfg = Debug|Any CPU
		{AC88BCF6-97ED-4410-A61B-19CA5E3737F8}.AppStore|iPhoneSimulator.Build.0 = Debug|Any CPU
		{AC88BCF6-97ED-4410-A61B-19CA5E3737F8}.AppStore|Mixed Platforms.ActiveCfg = Debug|Any CPU
		{AC88BCF6-97ED-4410-A61B-19CA5E3737F8}.AppStore|Mixed Platforms.Build.0 = Debug|Any CPU
		{AC88BCF6-97ED-4410-A61B-19CA5E3737F8}.AppStore|Unix.ActiveCfg = Debug|Any CPU
		{AC88BCF6-97ED-4410-A61B-19CA5E3737F8}.AppStore|Unix.Build.0 = Debug|Any CPU
		{AC88BCF6-97ED-4410-A61B-19CA5E3737F8}.AppStore|x64.ActiveCfg = Debug|Any CPU
		{AC88BCF6-97ED-4410-A61B-19CA5E3737F8}.AppStore|x64.Build.0 = Debug|Any CPU
		{AC88BCF6-97ED-4410-A61B-19CA5E3737F8}.AppStore|x86.ActiveCfg = Debug|Any CPU
		{AC88BCF6-97ED-4410-A61B-19CA5E3737F8}.AppStore|x86.Build.0 = Debug|Any CPU
		{AC88BCF6-97ED-4410-A61B-19CA5E3737F8}.Debug|Any CPU.ActiveCfg = Debug|Any CPU
		{AC88BCF6-97ED-4410-A61B-19CA5E3737F8}.Debug|Any CPU.Build.0 = Debug|Any CPU
		{AC88BCF6-97ED-4410-A61B-19CA5E3737F8}.Debug|ARM.ActiveCfg = Debug|Any CPU
		{AC88BCF6-97ED-4410-A61B-19CA5E3737F8}.Debug|ARM.Build.0 = Debug|Any CPU
		{AC88BCF6-97ED-4410-A61B-19CA5E3737F8}.Debug|ARM64.ActiveCfg = Debug|Any CPU
		{AC88BCF6-97ED-4410-A61B-19CA5E3737F8}.Debug|ARM64.Build.0 = Debug|Any CPU
		{AC88BCF6-97ED-4410-A61B-19CA5E3737F8}.Debug|iPhone.ActiveCfg = Debug|Any CPU
		{AC88BCF6-97ED-4410-A61B-19CA5E3737F8}.Debug|iPhone.Build.0 = Debug|Any CPU
		{AC88BCF6-97ED-4410-A61B-19CA5E3737F8}.Debug|iPhoneSimulator.ActiveCfg = Debug|Any CPU
		{AC88BCF6-97ED-4410-A61B-19CA5E3737F8}.Debug|iPhoneSimulator.Build.0 = Debug|Any CPU
		{AC88BCF6-97ED-4410-A61B-19CA5E3737F8}.Debug|Mixed Platforms.ActiveCfg = Debug|Any CPU
		{AC88BCF6-97ED-4410-A61B-19CA5E3737F8}.Debug|Mixed Platforms.Build.0 = Debug|Any CPU
		{AC88BCF6-97ED-4410-A61B-19CA5E3737F8}.Debug|Unix.ActiveCfg = Debug|Any CPU
		{AC88BCF6-97ED-4410-A61B-19CA5E3737F8}.Debug|Unix.Build.0 = Debug|Any CPU
		{AC88BCF6-97ED-4410-A61B-19CA5E3737F8}.Debug|x64.ActiveCfg = Debug|Any CPU
		{AC88BCF6-97ED-4410-A61B-19CA5E3737F8}.Debug|x64.Build.0 = Debug|Any CPU
		{AC88BCF6-97ED-4410-A61B-19CA5E3737F8}.Debug|x86.ActiveCfg = Debug|Any CPU
		{AC88BCF6-97ED-4410-A61B-19CA5E3737F8}.Debug|x86.Build.0 = Debug|Any CPU
		{AC88BCF6-97ED-4410-A61B-19CA5E3737F8}.Release|Any CPU.ActiveCfg = Release|Any CPU
		{AC88BCF6-97ED-4410-A61B-19CA5E3737F8}.Release|Any CPU.Build.0 = Release|Any CPU
		{AC88BCF6-97ED-4410-A61B-19CA5E3737F8}.Release|ARM.ActiveCfg = Release|Any CPU
		{AC88BCF6-97ED-4410-A61B-19CA5E3737F8}.Release|ARM.Build.0 = Release|Any CPU
		{AC88BCF6-97ED-4410-A61B-19CA5E3737F8}.Release|ARM64.ActiveCfg = Release|Any CPU
		{AC88BCF6-97ED-4410-A61B-19CA5E3737F8}.Release|ARM64.Build.0 = Release|Any CPU
		{AC88BCF6-97ED-4410-A61B-19CA5E3737F8}.Release|iPhone.ActiveCfg = Release|Any CPU
		{AC88BCF6-97ED-4410-A61B-19CA5E3737F8}.Release|iPhone.Build.0 = Release|Any CPU
		{AC88BCF6-97ED-4410-A61B-19CA5E3737F8}.Release|iPhoneSimulator.ActiveCfg = Release|Any CPU
		{AC88BCF6-97ED-4410-A61B-19CA5E3737F8}.Release|iPhoneSimulator.Build.0 = Release|Any CPU
		{AC88BCF6-97ED-4410-A61B-19CA5E3737F8}.Release|Mixed Platforms.ActiveCfg = Release|Any CPU
		{AC88BCF6-97ED-4410-A61B-19CA5E3737F8}.Release|Mixed Platforms.Build.0 = Release|Any CPU
		{AC88BCF6-97ED-4410-A61B-19CA5E3737F8}.Release|Unix.ActiveCfg = Release|Any CPU
		{AC88BCF6-97ED-4410-A61B-19CA5E3737F8}.Release|Unix.Build.0 = Release|Any CPU
		{AC88BCF6-97ED-4410-A61B-19CA5E3737F8}.Release|x64.ActiveCfg = Release|Any CPU
		{AC88BCF6-97ED-4410-A61B-19CA5E3737F8}.Release|x64.Build.0 = Release|Any CPU
		{AC88BCF6-97ED-4410-A61B-19CA5E3737F8}.Release|x86.ActiveCfg = Release|Any CPU
		{AC88BCF6-97ED-4410-A61B-19CA5E3737F8}.Release|x86.Build.0 = Release|Any CPU
		{BD2E5EFE-7D2B-4CC8-8B7C-C0BDB1659777}.Ad-Hoc|Any CPU.ActiveCfg = Debug|Any CPU
		{BD2E5EFE-7D2B-4CC8-8B7C-C0BDB1659777}.Ad-Hoc|Any CPU.Build.0 = Debug|Any CPU
		{BD2E5EFE-7D2B-4CC8-8B7C-C0BDB1659777}.Ad-Hoc|ARM.ActiveCfg = Debug|Any CPU
		{BD2E5EFE-7D2B-4CC8-8B7C-C0BDB1659777}.Ad-Hoc|ARM.Build.0 = Debug|Any CPU
		{BD2E5EFE-7D2B-4CC8-8B7C-C0BDB1659777}.Ad-Hoc|ARM64.ActiveCfg = Debug|Any CPU
		{BD2E5EFE-7D2B-4CC8-8B7C-C0BDB1659777}.Ad-Hoc|ARM64.Build.0 = Debug|Any CPU
		{BD2E5EFE-7D2B-4CC8-8B7C-C0BDB1659777}.Ad-Hoc|iPhone.ActiveCfg = Debug|Any CPU
		{BD2E5EFE-7D2B-4CC8-8B7C-C0BDB1659777}.Ad-Hoc|iPhone.Build.0 = Debug|Any CPU
		{BD2E5EFE-7D2B-4CC8-8B7C-C0BDB1659777}.Ad-Hoc|iPhoneSimulator.ActiveCfg = Debug|Any CPU
		{BD2E5EFE-7D2B-4CC8-8B7C-C0BDB1659777}.Ad-Hoc|iPhoneSimulator.Build.0 = Debug|Any CPU
		{BD2E5EFE-7D2B-4CC8-8B7C-C0BDB1659777}.Ad-Hoc|Mixed Platforms.ActiveCfg = Debug|Any CPU
		{BD2E5EFE-7D2B-4CC8-8B7C-C0BDB1659777}.Ad-Hoc|Mixed Platforms.Build.0 = Debug|Any CPU
		{BD2E5EFE-7D2B-4CC8-8B7C-C0BDB1659777}.Ad-Hoc|Unix.ActiveCfg = Debug|Any CPU
		{BD2E5EFE-7D2B-4CC8-8B7C-C0BDB1659777}.Ad-Hoc|Unix.Build.0 = Debug|Any CPU
		{BD2E5EFE-7D2B-4CC8-8B7C-C0BDB1659777}.Ad-Hoc|x64.ActiveCfg = Debug|Any CPU
		{BD2E5EFE-7D2B-4CC8-8B7C-C0BDB1659777}.Ad-Hoc|x64.Build.0 = Debug|Any CPU
		{BD2E5EFE-7D2B-4CC8-8B7C-C0BDB1659777}.Ad-Hoc|x86.ActiveCfg = Debug|Any CPU
		{BD2E5EFE-7D2B-4CC8-8B7C-C0BDB1659777}.Ad-Hoc|x86.Build.0 = Debug|Any CPU
		{BD2E5EFE-7D2B-4CC8-8B7C-C0BDB1659777}.AppStore|Any CPU.ActiveCfg = Debug|Any CPU
		{BD2E5EFE-7D2B-4CC8-8B7C-C0BDB1659777}.AppStore|Any CPU.Build.0 = Debug|Any CPU
		{BD2E5EFE-7D2B-4CC8-8B7C-C0BDB1659777}.AppStore|ARM.ActiveCfg = Debug|Any CPU
		{BD2E5EFE-7D2B-4CC8-8B7C-C0BDB1659777}.AppStore|ARM.Build.0 = Debug|Any CPU
		{BD2E5EFE-7D2B-4CC8-8B7C-C0BDB1659777}.AppStore|ARM64.ActiveCfg = Debug|Any CPU
		{BD2E5EFE-7D2B-4CC8-8B7C-C0BDB1659777}.AppStore|ARM64.Build.0 = Debug|Any CPU
		{BD2E5EFE-7D2B-4CC8-8B7C-C0BDB1659777}.AppStore|iPhone.ActiveCfg = Debug|Any CPU
		{BD2E5EFE-7D2B-4CC8-8B7C-C0BDB1659777}.AppStore|iPhone.Build.0 = Debug|Any CPU
		{BD2E5EFE-7D2B-4CC8-8B7C-C0BDB1659777}.AppStore|iPhoneSimulator.ActiveCfg = Debug|Any CPU
		{BD2E5EFE-7D2B-4CC8-8B7C-C0BDB1659777}.AppStore|iPhoneSimulator.Build.0 = Debug|Any CPU
		{BD2E5EFE-7D2B-4CC8-8B7C-C0BDB1659777}.AppStore|Mixed Platforms.ActiveCfg = Debug|Any CPU
		{BD2E5EFE-7D2B-4CC8-8B7C-C0BDB1659777}.AppStore|Mixed Platforms.Build.0 = Debug|Any CPU
		{BD2E5EFE-7D2B-4CC8-8B7C-C0BDB1659777}.AppStore|Unix.ActiveCfg = Debug|Any CPU
		{BD2E5EFE-7D2B-4CC8-8B7C-C0BDB1659777}.AppStore|Unix.Build.0 = Debug|Any CPU
		{BD2E5EFE-7D2B-4CC8-8B7C-C0BDB1659777}.AppStore|x64.ActiveCfg = Debug|Any CPU
		{BD2E5EFE-7D2B-4CC8-8B7C-C0BDB1659777}.AppStore|x64.Build.0 = Debug|Any CPU
		{BD2E5EFE-7D2B-4CC8-8B7C-C0BDB1659777}.AppStore|x86.ActiveCfg = Debug|Any CPU
		{BD2E5EFE-7D2B-4CC8-8B7C-C0BDB1659777}.AppStore|x86.Build.0 = Debug|Any CPU
		{BD2E5EFE-7D2B-4CC8-8B7C-C0BDB1659777}.Debug|Any CPU.ActiveCfg = Debug|Any CPU
		{BD2E5EFE-7D2B-4CC8-8B7C-C0BDB1659777}.Debug|Any CPU.Build.0 = Debug|Any CPU
		{BD2E5EFE-7D2B-4CC8-8B7C-C0BDB1659777}.Debug|ARM.ActiveCfg = Debug|Any CPU
		{BD2E5EFE-7D2B-4CC8-8B7C-C0BDB1659777}.Debug|ARM.Build.0 = Debug|Any CPU
		{BD2E5EFE-7D2B-4CC8-8B7C-C0BDB1659777}.Debug|ARM64.ActiveCfg = Debug|Any CPU
		{BD2E5EFE-7D2B-4CC8-8B7C-C0BDB1659777}.Debug|ARM64.Build.0 = Debug|Any CPU
		{BD2E5EFE-7D2B-4CC8-8B7C-C0BDB1659777}.Debug|iPhone.ActiveCfg = Debug|Any CPU
		{BD2E5EFE-7D2B-4CC8-8B7C-C0BDB1659777}.Debug|iPhone.Build.0 = Debug|Any CPU
		{BD2E5EFE-7D2B-4CC8-8B7C-C0BDB1659777}.Debug|iPhoneSimulator.ActiveCfg = Debug|Any CPU
		{BD2E5EFE-7D2B-4CC8-8B7C-C0BDB1659777}.Debug|iPhoneSimulator.Build.0 = Debug|Any CPU
		{BD2E5EFE-7D2B-4CC8-8B7C-C0BDB1659777}.Debug|Mixed Platforms.ActiveCfg = Debug|Any CPU
		{BD2E5EFE-7D2B-4CC8-8B7C-C0BDB1659777}.Debug|Mixed Platforms.Build.0 = Debug|Any CPU
		{BD2E5EFE-7D2B-4CC8-8B7C-C0BDB1659777}.Debug|Unix.ActiveCfg = Debug|Any CPU
		{BD2E5EFE-7D2B-4CC8-8B7C-C0BDB1659777}.Debug|Unix.Build.0 = Debug|Any CPU
		{BD2E5EFE-7D2B-4CC8-8B7C-C0BDB1659777}.Debug|x64.ActiveCfg = Debug|Any CPU
		{BD2E5EFE-7D2B-4CC8-8B7C-C0BDB1659777}.Debug|x64.Build.0 = Debug|Any CPU
		{BD2E5EFE-7D2B-4CC8-8B7C-C0BDB1659777}.Debug|x86.ActiveCfg = Debug|Any CPU
		{BD2E5EFE-7D2B-4CC8-8B7C-C0BDB1659777}.Debug|x86.Build.0 = Debug|Any CPU
		{BD2E5EFE-7D2B-4CC8-8B7C-C0BDB1659777}.Release|Any CPU.ActiveCfg = Release|Any CPU
		{BD2E5EFE-7D2B-4CC8-8B7C-C0BDB1659777}.Release|Any CPU.Build.0 = Release|Any CPU
		{BD2E5EFE-7D2B-4CC8-8B7C-C0BDB1659777}.Release|ARM.ActiveCfg = Release|Any CPU
		{BD2E5EFE-7D2B-4CC8-8B7C-C0BDB1659777}.Release|ARM.Build.0 = Release|Any CPU
		{BD2E5EFE-7D2B-4CC8-8B7C-C0BDB1659777}.Release|ARM64.ActiveCfg = Release|Any CPU
		{BD2E5EFE-7D2B-4CC8-8B7C-C0BDB1659777}.Release|ARM64.Build.0 = Release|Any CPU
		{BD2E5EFE-7D2B-4CC8-8B7C-C0BDB1659777}.Release|iPhone.ActiveCfg = Release|Any CPU
		{BD2E5EFE-7D2B-4CC8-8B7C-C0BDB1659777}.Release|iPhone.Build.0 = Release|Any CPU
		{BD2E5EFE-7D2B-4CC8-8B7C-C0BDB1659777}.Release|iPhoneSimulator.ActiveCfg = Release|Any CPU
		{BD2E5EFE-7D2B-4CC8-8B7C-C0BDB1659777}.Release|iPhoneSimulator.Build.0 = Release|Any CPU
		{BD2E5EFE-7D2B-4CC8-8B7C-C0BDB1659777}.Release|Mixed Platforms.ActiveCfg = Release|Any CPU
		{BD2E5EFE-7D2B-4CC8-8B7C-C0BDB1659777}.Release|Mixed Platforms.Build.0 = Release|Any CPU
		{BD2E5EFE-7D2B-4CC8-8B7C-C0BDB1659777}.Release|Unix.ActiveCfg = Release|Any CPU
		{BD2E5EFE-7D2B-4CC8-8B7C-C0BDB1659777}.Release|Unix.Build.0 = Release|Any CPU
		{BD2E5EFE-7D2B-4CC8-8B7C-C0BDB1659777}.Release|x64.ActiveCfg = Release|Any CPU
		{BD2E5EFE-7D2B-4CC8-8B7C-C0BDB1659777}.Release|x64.Build.0 = Release|Any CPU
		{BD2E5EFE-7D2B-4CC8-8B7C-C0BDB1659777}.Release|x86.ActiveCfg = Release|Any CPU
		{BD2E5EFE-7D2B-4CC8-8B7C-C0BDB1659777}.Release|x86.Build.0 = Release|Any CPU
		{5127A85E-C3B3-44FE-A10D-1B52F92955C4}.Ad-Hoc|Any CPU.ActiveCfg = Debug|Any CPU
		{5127A85E-C3B3-44FE-A10D-1B52F92955C4}.Ad-Hoc|Any CPU.Build.0 = Debug|Any CPU
		{5127A85E-C3B3-44FE-A10D-1B52F92955C4}.Ad-Hoc|ARM.ActiveCfg = Debug|ARM
		{5127A85E-C3B3-44FE-A10D-1B52F92955C4}.Ad-Hoc|ARM.Build.0 = Debug|ARM
		{5127A85E-C3B3-44FE-A10D-1B52F92955C4}.Ad-Hoc|ARM64.ActiveCfg = Debug|ARM64
		{5127A85E-C3B3-44FE-A10D-1B52F92955C4}.Ad-Hoc|ARM64.Build.0 = Debug|ARM64
		{5127A85E-C3B3-44FE-A10D-1B52F92955C4}.Ad-Hoc|iPhone.ActiveCfg = Debug|Any CPU
		{5127A85E-C3B3-44FE-A10D-1B52F92955C4}.Ad-Hoc|iPhone.Build.0 = Debug|Any CPU
		{5127A85E-C3B3-44FE-A10D-1B52F92955C4}.Ad-Hoc|iPhoneSimulator.ActiveCfg = Debug|Any CPU
		{5127A85E-C3B3-44FE-A10D-1B52F92955C4}.Ad-Hoc|iPhoneSimulator.Build.0 = Debug|Any CPU
		{5127A85E-C3B3-44FE-A10D-1B52F92955C4}.Ad-Hoc|Mixed Platforms.ActiveCfg = Debug|x64
		{5127A85E-C3B3-44FE-A10D-1B52F92955C4}.Ad-Hoc|Mixed Platforms.Build.0 = Debug|x64
		{5127A85E-C3B3-44FE-A10D-1B52F92955C4}.Ad-Hoc|Unix.ActiveCfg = Debug|Any CPU
		{5127A85E-C3B3-44FE-A10D-1B52F92955C4}.Ad-Hoc|Unix.Build.0 = Debug|Any CPU
		{5127A85E-C3B3-44FE-A10D-1B52F92955C4}.Ad-Hoc|x64.ActiveCfg = Debug|x64
		{5127A85E-C3B3-44FE-A10D-1B52F92955C4}.Ad-Hoc|x64.Build.0 = Debug|x64
		{5127A85E-C3B3-44FE-A10D-1B52F92955C4}.Ad-Hoc|x86.ActiveCfg = Debug|x86
		{5127A85E-C3B3-44FE-A10D-1B52F92955C4}.Ad-Hoc|x86.Build.0 = Debug|x86
		{5127A85E-C3B3-44FE-A10D-1B52F92955C4}.AppStore|Any CPU.ActiveCfg = Debug|Any CPU
		{5127A85E-C3B3-44FE-A10D-1B52F92955C4}.AppStore|Any CPU.Build.0 = Debug|Any CPU
		{5127A85E-C3B3-44FE-A10D-1B52F92955C4}.AppStore|ARM.ActiveCfg = Debug|ARM
		{5127A85E-C3B3-44FE-A10D-1B52F92955C4}.AppStore|ARM.Build.0 = Debug|ARM
		{5127A85E-C3B3-44FE-A10D-1B52F92955C4}.AppStore|ARM64.ActiveCfg = Debug|ARM64
		{5127A85E-C3B3-44FE-A10D-1B52F92955C4}.AppStore|ARM64.Build.0 = Debug|ARM64
		{5127A85E-C3B3-44FE-A10D-1B52F92955C4}.AppStore|iPhone.ActiveCfg = Debug|Any CPU
		{5127A85E-C3B3-44FE-A10D-1B52F92955C4}.AppStore|iPhone.Build.0 = Debug|Any CPU
		{5127A85E-C3B3-44FE-A10D-1B52F92955C4}.AppStore|iPhoneSimulator.ActiveCfg = Debug|Any CPU
		{5127A85E-C3B3-44FE-A10D-1B52F92955C4}.AppStore|iPhoneSimulator.Build.0 = Debug|Any CPU
		{5127A85E-C3B3-44FE-A10D-1B52F92955C4}.AppStore|Mixed Platforms.ActiveCfg = Debug|x64
		{5127A85E-C3B3-44FE-A10D-1B52F92955C4}.AppStore|Mixed Platforms.Build.0 = Debug|x64
		{5127A85E-C3B3-44FE-A10D-1B52F92955C4}.AppStore|Unix.ActiveCfg = Debug|Any CPU
		{5127A85E-C3B3-44FE-A10D-1B52F92955C4}.AppStore|Unix.Build.0 = Debug|Any CPU
		{5127A85E-C3B3-44FE-A10D-1B52F92955C4}.AppStore|x64.ActiveCfg = Debug|x64
		{5127A85E-C3B3-44FE-A10D-1B52F92955C4}.AppStore|x64.Build.0 = Debug|x64
		{5127A85E-C3B3-44FE-A10D-1B52F92955C4}.AppStore|x86.ActiveCfg = Debug|x86
		{5127A85E-C3B3-44FE-A10D-1B52F92955C4}.AppStore|x86.Build.0 = Debug|x86
		{5127A85E-C3B3-44FE-A10D-1B52F92955C4}.Debug|Any CPU.ActiveCfg = Debug|Any CPU
		{5127A85E-C3B3-44FE-A10D-1B52F92955C4}.Debug|Any CPU.Build.0 = Debug|Any CPU
		{5127A85E-C3B3-44FE-A10D-1B52F92955C4}.Debug|ARM.ActiveCfg = Debug|ARM
		{5127A85E-C3B3-44FE-A10D-1B52F92955C4}.Debug|ARM.Build.0 = Debug|ARM
		{5127A85E-C3B3-44FE-A10D-1B52F92955C4}.Debug|ARM64.ActiveCfg = Debug|ARM64
		{5127A85E-C3B3-44FE-A10D-1B52F92955C4}.Debug|ARM64.Build.0 = Debug|ARM64
		{5127A85E-C3B3-44FE-A10D-1B52F92955C4}.Debug|iPhone.ActiveCfg = Debug|Any CPU
		{5127A85E-C3B3-44FE-A10D-1B52F92955C4}.Debug|iPhone.Build.0 = Debug|Any CPU
		{5127A85E-C3B3-44FE-A10D-1B52F92955C4}.Debug|iPhoneSimulator.ActiveCfg = Debug|Any CPU
		{5127A85E-C3B3-44FE-A10D-1B52F92955C4}.Debug|iPhoneSimulator.Build.0 = Debug|Any CPU
		{5127A85E-C3B3-44FE-A10D-1B52F92955C4}.Debug|Mixed Platforms.ActiveCfg = Debug|x64
		{5127A85E-C3B3-44FE-A10D-1B52F92955C4}.Debug|Mixed Platforms.Build.0 = Debug|x64
		{5127A85E-C3B3-44FE-A10D-1B52F92955C4}.Debug|Unix.ActiveCfg = Debug|Any CPU
		{5127A85E-C3B3-44FE-A10D-1B52F92955C4}.Debug|Unix.Build.0 = Debug|Any CPU
		{5127A85E-C3B3-44FE-A10D-1B52F92955C4}.Debug|x64.ActiveCfg = Debug|x64
		{5127A85E-C3B3-44FE-A10D-1B52F92955C4}.Debug|x64.Build.0 = Debug|x64
		{5127A85E-C3B3-44FE-A10D-1B52F92955C4}.Debug|x86.ActiveCfg = Debug|x86
		{5127A85E-C3B3-44FE-A10D-1B52F92955C4}.Debug|x86.Build.0 = Debug|x86
		{5127A85E-C3B3-44FE-A10D-1B52F92955C4}.Release|Any CPU.ActiveCfg = Release|Any CPU
		{5127A85E-C3B3-44FE-A10D-1B52F92955C4}.Release|Any CPU.Build.0 = Release|Any CPU
		{5127A85E-C3B3-44FE-A10D-1B52F92955C4}.Release|ARM.ActiveCfg = Release|ARM
		{5127A85E-C3B3-44FE-A10D-1B52F92955C4}.Release|ARM.Build.0 = Release|ARM
		{5127A85E-C3B3-44FE-A10D-1B52F92955C4}.Release|ARM64.ActiveCfg = Release|ARM64
		{5127A85E-C3B3-44FE-A10D-1B52F92955C4}.Release|ARM64.Build.0 = Release|ARM64
		{5127A85E-C3B3-44FE-A10D-1B52F92955C4}.Release|iPhone.ActiveCfg = Release|Any CPU
		{5127A85E-C3B3-44FE-A10D-1B52F92955C4}.Release|iPhone.Build.0 = Release|Any CPU
		{5127A85E-C3B3-44FE-A10D-1B52F92955C4}.Release|iPhoneSimulator.ActiveCfg = Release|Any CPU
		{5127A85E-C3B3-44FE-A10D-1B52F92955C4}.Release|iPhoneSimulator.Build.0 = Release|Any CPU
		{5127A85E-C3B3-44FE-A10D-1B52F92955C4}.Release|Mixed Platforms.ActiveCfg = Release|x64
		{5127A85E-C3B3-44FE-A10D-1B52F92955C4}.Release|Mixed Platforms.Build.0 = Release|x64
		{5127A85E-C3B3-44FE-A10D-1B52F92955C4}.Release|Unix.ActiveCfg = Release|Any CPU
		{5127A85E-C3B3-44FE-A10D-1B52F92955C4}.Release|Unix.Build.0 = Release|Any CPU
		{5127A85E-C3B3-44FE-A10D-1B52F92955C4}.Release|x64.ActiveCfg = Release|x64
		{5127A85E-C3B3-44FE-A10D-1B52F92955C4}.Release|x64.Build.0 = Release|x64
		{5127A85E-C3B3-44FE-A10D-1B52F92955C4}.Release|x86.ActiveCfg = Release|x86
		{5127A85E-C3B3-44FE-A10D-1B52F92955C4}.Release|x86.Build.0 = Release|x86
		{0D7B5BCE-3CB6-4FE4-806A-81BCAEFF18A1}.Ad-Hoc|Any CPU.ActiveCfg = Debug|Any CPU
		{0D7B5BCE-3CB6-4FE4-806A-81BCAEFF18A1}.Ad-Hoc|Any CPU.Build.0 = Debug|Any CPU
		{0D7B5BCE-3CB6-4FE4-806A-81BCAEFF18A1}.Ad-Hoc|ARM.ActiveCfg = Debug|Any CPU
		{0D7B5BCE-3CB6-4FE4-806A-81BCAEFF18A1}.Ad-Hoc|ARM.Build.0 = Debug|Any CPU
		{0D7B5BCE-3CB6-4FE4-806A-81BCAEFF18A1}.Ad-Hoc|ARM64.ActiveCfg = Debug|Any CPU
		{0D7B5BCE-3CB6-4FE4-806A-81BCAEFF18A1}.Ad-Hoc|ARM64.Build.0 = Debug|Any CPU
		{0D7B5BCE-3CB6-4FE4-806A-81BCAEFF18A1}.Ad-Hoc|iPhone.ActiveCfg = Debug|Any CPU
		{0D7B5BCE-3CB6-4FE4-806A-81BCAEFF18A1}.Ad-Hoc|iPhone.Build.0 = Debug|Any CPU
		{0D7B5BCE-3CB6-4FE4-806A-81BCAEFF18A1}.Ad-Hoc|iPhoneSimulator.ActiveCfg = Debug|Any CPU
		{0D7B5BCE-3CB6-4FE4-806A-81BCAEFF18A1}.Ad-Hoc|iPhoneSimulator.Build.0 = Debug|Any CPU
		{0D7B5BCE-3CB6-4FE4-806A-81BCAEFF18A1}.Ad-Hoc|Mixed Platforms.ActiveCfg = Debug|Any CPU
		{0D7B5BCE-3CB6-4FE4-806A-81BCAEFF18A1}.Ad-Hoc|Mixed Platforms.Build.0 = Debug|Any CPU
		{0D7B5BCE-3CB6-4FE4-806A-81BCAEFF18A1}.Ad-Hoc|Unix.ActiveCfg = Debug|Any CPU
		{0D7B5BCE-3CB6-4FE4-806A-81BCAEFF18A1}.Ad-Hoc|Unix.Build.0 = Debug|Any CPU
		{0D7B5BCE-3CB6-4FE4-806A-81BCAEFF18A1}.Ad-Hoc|x64.ActiveCfg = Debug|Any CPU
		{0D7B5BCE-3CB6-4FE4-806A-81BCAEFF18A1}.Ad-Hoc|x64.Build.0 = Debug|Any CPU
		{0D7B5BCE-3CB6-4FE4-806A-81BCAEFF18A1}.Ad-Hoc|x86.ActiveCfg = Debug|Any CPU
		{0D7B5BCE-3CB6-4FE4-806A-81BCAEFF18A1}.Ad-Hoc|x86.Build.0 = Debug|Any CPU
		{0D7B5BCE-3CB6-4FE4-806A-81BCAEFF18A1}.AppStore|Any CPU.ActiveCfg = Debug|Any CPU
		{0D7B5BCE-3CB6-4FE4-806A-81BCAEFF18A1}.AppStore|Any CPU.Build.0 = Debug|Any CPU
		{0D7B5BCE-3CB6-4FE4-806A-81BCAEFF18A1}.AppStore|ARM.ActiveCfg = Debug|Any CPU
		{0D7B5BCE-3CB6-4FE4-806A-81BCAEFF18A1}.AppStore|ARM.Build.0 = Debug|Any CPU
		{0D7B5BCE-3CB6-4FE4-806A-81BCAEFF18A1}.AppStore|ARM64.ActiveCfg = Debug|Any CPU
		{0D7B5BCE-3CB6-4FE4-806A-81BCAEFF18A1}.AppStore|ARM64.Build.0 = Debug|Any CPU
		{0D7B5BCE-3CB6-4FE4-806A-81BCAEFF18A1}.AppStore|iPhone.ActiveCfg = Debug|Any CPU
		{0D7B5BCE-3CB6-4FE4-806A-81BCAEFF18A1}.AppStore|iPhone.Build.0 = Debug|Any CPU
		{0D7B5BCE-3CB6-4FE4-806A-81BCAEFF18A1}.AppStore|iPhoneSimulator.ActiveCfg = Debug|Any CPU
		{0D7B5BCE-3CB6-4FE4-806A-81BCAEFF18A1}.AppStore|iPhoneSimulator.Build.0 = Debug|Any CPU
		{0D7B5BCE-3CB6-4FE4-806A-81BCAEFF18A1}.AppStore|Mixed Platforms.ActiveCfg = Debug|Any CPU
		{0D7B5BCE-3CB6-4FE4-806A-81BCAEFF18A1}.AppStore|Mixed Platforms.Build.0 = Debug|Any CPU
		{0D7B5BCE-3CB6-4FE4-806A-81BCAEFF18A1}.AppStore|Unix.ActiveCfg = Debug|Any CPU
		{0D7B5BCE-3CB6-4FE4-806A-81BCAEFF18A1}.AppStore|Unix.Build.0 = Debug|Any CPU
		{0D7B5BCE-3CB6-4FE4-806A-81BCAEFF18A1}.AppStore|x64.ActiveCfg = Debug|Any CPU
		{0D7B5BCE-3CB6-4FE4-806A-81BCAEFF18A1}.AppStore|x64.Build.0 = Debug|Any CPU
		{0D7B5BCE-3CB6-4FE4-806A-81BCAEFF18A1}.AppStore|x86.ActiveCfg = Debug|Any CPU
		{0D7B5BCE-3CB6-4FE4-806A-81BCAEFF18A1}.AppStore|x86.Build.0 = Debug|Any CPU
		{0D7B5BCE-3CB6-4FE4-806A-81BCAEFF18A1}.Debug|Any CPU.ActiveCfg = Debug|Any CPU
		{0D7B5BCE-3CB6-4FE4-806A-81BCAEFF18A1}.Debug|Any CPU.Build.0 = Debug|Any CPU
		{0D7B5BCE-3CB6-4FE4-806A-81BCAEFF18A1}.Debug|ARM.ActiveCfg = Debug|Any CPU
		{0D7B5BCE-3CB6-4FE4-806A-81BCAEFF18A1}.Debug|ARM.Build.0 = Debug|Any CPU
		{0D7B5BCE-3CB6-4FE4-806A-81BCAEFF18A1}.Debug|ARM64.ActiveCfg = Debug|Any CPU
		{0D7B5BCE-3CB6-4FE4-806A-81BCAEFF18A1}.Debug|ARM64.Build.0 = Debug|Any CPU
		{0D7B5BCE-3CB6-4FE4-806A-81BCAEFF18A1}.Debug|iPhone.ActiveCfg = Debug|Any CPU
		{0D7B5BCE-3CB6-4FE4-806A-81BCAEFF18A1}.Debug|iPhone.Build.0 = Debug|Any CPU
		{0D7B5BCE-3CB6-4FE4-806A-81BCAEFF18A1}.Debug|iPhoneSimulator.ActiveCfg = Debug|Any CPU
		{0D7B5BCE-3CB6-4FE4-806A-81BCAEFF18A1}.Debug|iPhoneSimulator.Build.0 = Debug|Any CPU
		{0D7B5BCE-3CB6-4FE4-806A-81BCAEFF18A1}.Debug|Mixed Platforms.ActiveCfg = Debug|Any CPU
		{0D7B5BCE-3CB6-4FE4-806A-81BCAEFF18A1}.Debug|Mixed Platforms.Build.0 = Debug|Any CPU
		{0D7B5BCE-3CB6-4FE4-806A-81BCAEFF18A1}.Debug|Unix.ActiveCfg = Debug|Any CPU
		{0D7B5BCE-3CB6-4FE4-806A-81BCAEFF18A1}.Debug|Unix.Build.0 = Debug|Any CPU
		{0D7B5BCE-3CB6-4FE4-806A-81BCAEFF18A1}.Debug|x64.ActiveCfg = Debug|Any CPU
		{0D7B5BCE-3CB6-4FE4-806A-81BCAEFF18A1}.Debug|x64.Build.0 = Debug|Any CPU
		{0D7B5BCE-3CB6-4FE4-806A-81BCAEFF18A1}.Debug|x86.ActiveCfg = Debug|Any CPU
		{0D7B5BCE-3CB6-4FE4-806A-81BCAEFF18A1}.Debug|x86.Build.0 = Debug|Any CPU
		{0D7B5BCE-3CB6-4FE4-806A-81BCAEFF18A1}.Release|Any CPU.ActiveCfg = Release|Any CPU
		{0D7B5BCE-3CB6-4FE4-806A-81BCAEFF18A1}.Release|Any CPU.Build.0 = Release|Any CPU
		{0D7B5BCE-3CB6-4FE4-806A-81BCAEFF18A1}.Release|ARM.ActiveCfg = Release|Any CPU
		{0D7B5BCE-3CB6-4FE4-806A-81BCAEFF18A1}.Release|ARM.Build.0 = Release|Any CPU
		{0D7B5BCE-3CB6-4FE4-806A-81BCAEFF18A1}.Release|ARM64.ActiveCfg = Release|Any CPU
		{0D7B5BCE-3CB6-4FE4-806A-81BCAEFF18A1}.Release|ARM64.Build.0 = Release|Any CPU
		{0D7B5BCE-3CB6-4FE4-806A-81BCAEFF18A1}.Release|iPhone.ActiveCfg = Release|Any CPU
		{0D7B5BCE-3CB6-4FE4-806A-81BCAEFF18A1}.Release|iPhone.Build.0 = Release|Any CPU
		{0D7B5BCE-3CB6-4FE4-806A-81BCAEFF18A1}.Release|iPhoneSimulator.ActiveCfg = Release|Any CPU
		{0D7B5BCE-3CB6-4FE4-806A-81BCAEFF18A1}.Release|iPhoneSimulator.Build.0 = Release|Any CPU
		{0D7B5BCE-3CB6-4FE4-806A-81BCAEFF18A1}.Release|Mixed Platforms.ActiveCfg = Release|Any CPU
		{0D7B5BCE-3CB6-4FE4-806A-81BCAEFF18A1}.Release|Mixed Platforms.Build.0 = Release|Any CPU
		{0D7B5BCE-3CB6-4FE4-806A-81BCAEFF18A1}.Release|Unix.ActiveCfg = Release|Any CPU
		{0D7B5BCE-3CB6-4FE4-806A-81BCAEFF18A1}.Release|Unix.Build.0 = Release|Any CPU
		{0D7B5BCE-3CB6-4FE4-806A-81BCAEFF18A1}.Release|x64.ActiveCfg = Release|Any CPU
		{0D7B5BCE-3CB6-4FE4-806A-81BCAEFF18A1}.Release|x64.Build.0 = Release|Any CPU
		{0D7B5BCE-3CB6-4FE4-806A-81BCAEFF18A1}.Release|x86.ActiveCfg = Release|Any CPU
		{0D7B5BCE-3CB6-4FE4-806A-81BCAEFF18A1}.Release|x86.Build.0 = Release|Any CPU
		{0429508E-AFD9-4F1C-900A-EA1997FC8567}.Ad-Hoc|Any CPU.ActiveCfg = Debug|Any CPU
		{0429508E-AFD9-4F1C-900A-EA1997FC8567}.Ad-Hoc|Any CPU.Build.0 = Debug|Any CPU
		{0429508E-AFD9-4F1C-900A-EA1997FC8567}.Ad-Hoc|ARM.ActiveCfg = Debug|Any CPU
		{0429508E-AFD9-4F1C-900A-EA1997FC8567}.Ad-Hoc|ARM.Build.0 = Debug|Any CPU
		{0429508E-AFD9-4F1C-900A-EA1997FC8567}.Ad-Hoc|ARM64.ActiveCfg = Debug|Any CPU
		{0429508E-AFD9-4F1C-900A-EA1997FC8567}.Ad-Hoc|ARM64.Build.0 = Debug|Any CPU
		{0429508E-AFD9-4F1C-900A-EA1997FC8567}.Ad-Hoc|iPhone.ActiveCfg = Debug|Any CPU
		{0429508E-AFD9-4F1C-900A-EA1997FC8567}.Ad-Hoc|iPhone.Build.0 = Debug|Any CPU
		{0429508E-AFD9-4F1C-900A-EA1997FC8567}.Ad-Hoc|iPhoneSimulator.ActiveCfg = Debug|Any CPU
		{0429508E-AFD9-4F1C-900A-EA1997FC8567}.Ad-Hoc|iPhoneSimulator.Build.0 = Debug|Any CPU
		{0429508E-AFD9-4F1C-900A-EA1997FC8567}.Ad-Hoc|Mixed Platforms.ActiveCfg = Debug|Any CPU
		{0429508E-AFD9-4F1C-900A-EA1997FC8567}.Ad-Hoc|Mixed Platforms.Build.0 = Debug|Any CPU
		{0429508E-AFD9-4F1C-900A-EA1997FC8567}.Ad-Hoc|Unix.ActiveCfg = Debug|Any CPU
		{0429508E-AFD9-4F1C-900A-EA1997FC8567}.Ad-Hoc|Unix.Build.0 = Debug|Any CPU
		{0429508E-AFD9-4F1C-900A-EA1997FC8567}.Ad-Hoc|x64.ActiveCfg = Debug|Any CPU
		{0429508E-AFD9-4F1C-900A-EA1997FC8567}.Ad-Hoc|x64.Build.0 = Debug|Any CPU
		{0429508E-AFD9-4F1C-900A-EA1997FC8567}.Ad-Hoc|x86.ActiveCfg = Debug|Any CPU
		{0429508E-AFD9-4F1C-900A-EA1997FC8567}.Ad-Hoc|x86.Build.0 = Debug|Any CPU
		{0429508E-AFD9-4F1C-900A-EA1997FC8567}.AppStore|Any CPU.ActiveCfg = Debug|Any CPU
		{0429508E-AFD9-4F1C-900A-EA1997FC8567}.AppStore|Any CPU.Build.0 = Debug|Any CPU
		{0429508E-AFD9-4F1C-900A-EA1997FC8567}.AppStore|ARM.ActiveCfg = Debug|Any CPU
		{0429508E-AFD9-4F1C-900A-EA1997FC8567}.AppStore|ARM.Build.0 = Debug|Any CPU
		{0429508E-AFD9-4F1C-900A-EA1997FC8567}.AppStore|ARM64.ActiveCfg = Debug|Any CPU
		{0429508E-AFD9-4F1C-900A-EA1997FC8567}.AppStore|ARM64.Build.0 = Debug|Any CPU
		{0429508E-AFD9-4F1C-900A-EA1997FC8567}.AppStore|iPhone.ActiveCfg = Debug|Any CPU
		{0429508E-AFD9-4F1C-900A-EA1997FC8567}.AppStore|iPhone.Build.0 = Debug|Any CPU
		{0429508E-AFD9-4F1C-900A-EA1997FC8567}.AppStore|iPhoneSimulator.ActiveCfg = Debug|Any CPU
		{0429508E-AFD9-4F1C-900A-EA1997FC8567}.AppStore|iPhoneSimulator.Build.0 = Debug|Any CPU
		{0429508E-AFD9-4F1C-900A-EA1997FC8567}.AppStore|Mixed Platforms.ActiveCfg = Debug|Any CPU
		{0429508E-AFD9-4F1C-900A-EA1997FC8567}.AppStore|Mixed Platforms.Build.0 = Debug|Any CPU
		{0429508E-AFD9-4F1C-900A-EA1997FC8567}.AppStore|Unix.ActiveCfg = Debug|Any CPU
		{0429508E-AFD9-4F1C-900A-EA1997FC8567}.AppStore|Unix.Build.0 = Debug|Any CPU
		{0429508E-AFD9-4F1C-900A-EA1997FC8567}.AppStore|x64.ActiveCfg = Debug|Any CPU
		{0429508E-AFD9-4F1C-900A-EA1997FC8567}.AppStore|x64.Build.0 = Debug|Any CPU
		{0429508E-AFD9-4F1C-900A-EA1997FC8567}.AppStore|x86.ActiveCfg = Debug|Any CPU
		{0429508E-AFD9-4F1C-900A-EA1997FC8567}.AppStore|x86.Build.0 = Debug|Any CPU
		{0429508E-AFD9-4F1C-900A-EA1997FC8567}.Debug|Any CPU.ActiveCfg = Debug|Any CPU
		{0429508E-AFD9-4F1C-900A-EA1997FC8567}.Debug|Any CPU.Build.0 = Debug|Any CPU
		{0429508E-AFD9-4F1C-900A-EA1997FC8567}.Debug|ARM.ActiveCfg = Debug|Any CPU
		{0429508E-AFD9-4F1C-900A-EA1997FC8567}.Debug|ARM.Build.0 = Debug|Any CPU
		{0429508E-AFD9-4F1C-900A-EA1997FC8567}.Debug|ARM64.ActiveCfg = Debug|Any CPU
		{0429508E-AFD9-4F1C-900A-EA1997FC8567}.Debug|ARM64.Build.0 = Debug|Any CPU
		{0429508E-AFD9-4F1C-900A-EA1997FC8567}.Debug|iPhone.ActiveCfg = Debug|Any CPU
		{0429508E-AFD9-4F1C-900A-EA1997FC8567}.Debug|iPhone.Build.0 = Debug|Any CPU
		{0429508E-AFD9-4F1C-900A-EA1997FC8567}.Debug|iPhoneSimulator.ActiveCfg = Debug|Any CPU
		{0429508E-AFD9-4F1C-900A-EA1997FC8567}.Debug|iPhoneSimulator.Build.0 = Debug|Any CPU
		{0429508E-AFD9-4F1C-900A-EA1997FC8567}.Debug|Mixed Platforms.ActiveCfg = Debug|Any CPU
		{0429508E-AFD9-4F1C-900A-EA1997FC8567}.Debug|Mixed Platforms.Build.0 = Debug|Any CPU
		{0429508E-AFD9-4F1C-900A-EA1997FC8567}.Debug|Unix.ActiveCfg = Debug|Any CPU
		{0429508E-AFD9-4F1C-900A-EA1997FC8567}.Debug|Unix.Build.0 = Debug|Any CPU
		{0429508E-AFD9-4F1C-900A-EA1997FC8567}.Debug|x64.ActiveCfg = Debug|Any CPU
		{0429508E-AFD9-4F1C-900A-EA1997FC8567}.Debug|x64.Build.0 = Debug|Any CPU
		{0429508E-AFD9-4F1C-900A-EA1997FC8567}.Debug|x86.ActiveCfg = Debug|Any CPU
		{0429508E-AFD9-4F1C-900A-EA1997FC8567}.Debug|x86.Build.0 = Debug|Any CPU
		{0429508E-AFD9-4F1C-900A-EA1997FC8567}.Release|Any CPU.ActiveCfg = Release|Any CPU
		{0429508E-AFD9-4F1C-900A-EA1997FC8567}.Release|Any CPU.Build.0 = Release|Any CPU
		{0429508E-AFD9-4F1C-900A-EA1997FC8567}.Release|ARM.ActiveCfg = Release|Any CPU
		{0429508E-AFD9-4F1C-900A-EA1997FC8567}.Release|ARM.Build.0 = Release|Any CPU
		{0429508E-AFD9-4F1C-900A-EA1997FC8567}.Release|ARM64.ActiveCfg = Release|Any CPU
		{0429508E-AFD9-4F1C-900A-EA1997FC8567}.Release|ARM64.Build.0 = Release|Any CPU
		{0429508E-AFD9-4F1C-900A-EA1997FC8567}.Release|iPhone.ActiveCfg = Release|Any CPU
		{0429508E-AFD9-4F1C-900A-EA1997FC8567}.Release|iPhone.Build.0 = Release|Any CPU
		{0429508E-AFD9-4F1C-900A-EA1997FC8567}.Release|iPhoneSimulator.ActiveCfg = Release|Any CPU
		{0429508E-AFD9-4F1C-900A-EA1997FC8567}.Release|iPhoneSimulator.Build.0 = Release|Any CPU
		{0429508E-AFD9-4F1C-900A-EA1997FC8567}.Release|Mixed Platforms.ActiveCfg = Release|Any CPU
		{0429508E-AFD9-4F1C-900A-EA1997FC8567}.Release|Mixed Platforms.Build.0 = Release|Any CPU
		{0429508E-AFD9-4F1C-900A-EA1997FC8567}.Release|Unix.ActiveCfg = Release|Any CPU
		{0429508E-AFD9-4F1C-900A-EA1997FC8567}.Release|Unix.Build.0 = Release|Any CPU
		{0429508E-AFD9-4F1C-900A-EA1997FC8567}.Release|x64.ActiveCfg = Release|Any CPU
		{0429508E-AFD9-4F1C-900A-EA1997FC8567}.Release|x64.Build.0 = Release|Any CPU
		{0429508E-AFD9-4F1C-900A-EA1997FC8567}.Release|x86.ActiveCfg = Release|Any CPU
		{0429508E-AFD9-4F1C-900A-EA1997FC8567}.Release|x86.Build.0 = Release|Any CPU
		{E593AFFA-EE19-4F42-8CC1-77B86ACF25A5}.Ad-Hoc|Any CPU.ActiveCfg = Debug|Any CPU
		{E593AFFA-EE19-4F42-8CC1-77B86ACF25A5}.Ad-Hoc|Any CPU.Build.0 = Debug|Any CPU
		{E593AFFA-EE19-4F42-8CC1-77B86ACF25A5}.Ad-Hoc|ARM.ActiveCfg = Debug|Any CPU
		{E593AFFA-EE19-4F42-8CC1-77B86ACF25A5}.Ad-Hoc|ARM.Build.0 = Debug|Any CPU
		{E593AFFA-EE19-4F42-8CC1-77B86ACF25A5}.Ad-Hoc|ARM64.ActiveCfg = Debug|Any CPU
		{E593AFFA-EE19-4F42-8CC1-77B86ACF25A5}.Ad-Hoc|ARM64.Build.0 = Debug|Any CPU
		{E593AFFA-EE19-4F42-8CC1-77B86ACF25A5}.Ad-Hoc|iPhone.ActiveCfg = Debug|Any CPU
		{E593AFFA-EE19-4F42-8CC1-77B86ACF25A5}.Ad-Hoc|iPhone.Build.0 = Debug|Any CPU
		{E593AFFA-EE19-4F42-8CC1-77B86ACF25A5}.Ad-Hoc|iPhoneSimulator.ActiveCfg = Debug|Any CPU
		{E593AFFA-EE19-4F42-8CC1-77B86ACF25A5}.Ad-Hoc|iPhoneSimulator.Build.0 = Debug|Any CPU
		{E593AFFA-EE19-4F42-8CC1-77B86ACF25A5}.Ad-Hoc|Mixed Platforms.ActiveCfg = Debug|Any CPU
		{E593AFFA-EE19-4F42-8CC1-77B86ACF25A5}.Ad-Hoc|Mixed Platforms.Build.0 = Debug|Any CPU
		{E593AFFA-EE19-4F42-8CC1-77B86ACF25A5}.Ad-Hoc|Unix.ActiveCfg = Debug|Any CPU
		{E593AFFA-EE19-4F42-8CC1-77B86ACF25A5}.Ad-Hoc|Unix.Build.0 = Debug|Any CPU
		{E593AFFA-EE19-4F42-8CC1-77B86ACF25A5}.Ad-Hoc|x64.ActiveCfg = Debug|Any CPU
		{E593AFFA-EE19-4F42-8CC1-77B86ACF25A5}.Ad-Hoc|x64.Build.0 = Debug|Any CPU
		{E593AFFA-EE19-4F42-8CC1-77B86ACF25A5}.Ad-Hoc|x86.ActiveCfg = Debug|Any CPU
		{E593AFFA-EE19-4F42-8CC1-77B86ACF25A5}.Ad-Hoc|x86.Build.0 = Debug|Any CPU
		{E593AFFA-EE19-4F42-8CC1-77B86ACF25A5}.AppStore|Any CPU.ActiveCfg = Debug|Any CPU
		{E593AFFA-EE19-4F42-8CC1-77B86ACF25A5}.AppStore|Any CPU.Build.0 = Debug|Any CPU
		{E593AFFA-EE19-4F42-8CC1-77B86ACF25A5}.AppStore|ARM.ActiveCfg = Debug|Any CPU
		{E593AFFA-EE19-4F42-8CC1-77B86ACF25A5}.AppStore|ARM.Build.0 = Debug|Any CPU
		{E593AFFA-EE19-4F42-8CC1-77B86ACF25A5}.AppStore|ARM64.ActiveCfg = Debug|Any CPU
		{E593AFFA-EE19-4F42-8CC1-77B86ACF25A5}.AppStore|ARM64.Build.0 = Debug|Any CPU
		{E593AFFA-EE19-4F42-8CC1-77B86ACF25A5}.AppStore|iPhone.ActiveCfg = Debug|Any CPU
		{E593AFFA-EE19-4F42-8CC1-77B86ACF25A5}.AppStore|iPhone.Build.0 = Debug|Any CPU
		{E593AFFA-EE19-4F42-8CC1-77B86ACF25A5}.AppStore|iPhoneSimulator.ActiveCfg = Debug|Any CPU
		{E593AFFA-EE19-4F42-8CC1-77B86ACF25A5}.AppStore|iPhoneSimulator.Build.0 = Debug|Any CPU
		{E593AFFA-EE19-4F42-8CC1-77B86ACF25A5}.AppStore|Mixed Platforms.ActiveCfg = Debug|Any CPU
		{E593AFFA-EE19-4F42-8CC1-77B86ACF25A5}.AppStore|Mixed Platforms.Build.0 = Debug|Any CPU
		{E593AFFA-EE19-4F42-8CC1-77B86ACF25A5}.AppStore|Unix.ActiveCfg = Debug|Any CPU
		{E593AFFA-EE19-4F42-8CC1-77B86ACF25A5}.AppStore|Unix.Build.0 = Debug|Any CPU
		{E593AFFA-EE19-4F42-8CC1-77B86ACF25A5}.AppStore|x64.ActiveCfg = Debug|Any CPU
		{E593AFFA-EE19-4F42-8CC1-77B86ACF25A5}.AppStore|x64.Build.0 = Debug|Any CPU
		{E593AFFA-EE19-4F42-8CC1-77B86ACF25A5}.AppStore|x86.ActiveCfg = Debug|Any CPU
		{E593AFFA-EE19-4F42-8CC1-77B86ACF25A5}.AppStore|x86.Build.0 = Debug|Any CPU
		{E593AFFA-EE19-4F42-8CC1-77B86ACF25A5}.Debug|Any CPU.ActiveCfg = Debug|Any CPU
		{E593AFFA-EE19-4F42-8CC1-77B86ACF25A5}.Debug|Any CPU.Build.0 = Debug|Any CPU
		{E593AFFA-EE19-4F42-8CC1-77B86ACF25A5}.Debug|ARM.ActiveCfg = Debug|Any CPU
		{E593AFFA-EE19-4F42-8CC1-77B86ACF25A5}.Debug|ARM.Build.0 = Debug|Any CPU
		{E593AFFA-EE19-4F42-8CC1-77B86ACF25A5}.Debug|ARM64.ActiveCfg = Debug|Any CPU
		{E593AFFA-EE19-4F42-8CC1-77B86ACF25A5}.Debug|ARM64.Build.0 = Debug|Any CPU
		{E593AFFA-EE19-4F42-8CC1-77B86ACF25A5}.Debug|iPhone.ActiveCfg = Debug|Any CPU
		{E593AFFA-EE19-4F42-8CC1-77B86ACF25A5}.Debug|iPhone.Build.0 = Debug|Any CPU
		{E593AFFA-EE19-4F42-8CC1-77B86ACF25A5}.Debug|iPhoneSimulator.ActiveCfg = Debug|Any CPU
		{E593AFFA-EE19-4F42-8CC1-77B86ACF25A5}.Debug|iPhoneSimulator.Build.0 = Debug|Any CPU
		{E593AFFA-EE19-4F42-8CC1-77B86ACF25A5}.Debug|Mixed Platforms.ActiveCfg = Debug|Any CPU
		{E593AFFA-EE19-4F42-8CC1-77B86ACF25A5}.Debug|Mixed Platforms.Build.0 = Debug|Any CPU
		{E593AFFA-EE19-4F42-8CC1-77B86ACF25A5}.Debug|Unix.ActiveCfg = Debug|Any CPU
		{E593AFFA-EE19-4F42-8CC1-77B86ACF25A5}.Debug|Unix.Build.0 = Debug|Any CPU
		{E593AFFA-EE19-4F42-8CC1-77B86ACF25A5}.Debug|x64.ActiveCfg = Debug|Any CPU
		{E593AFFA-EE19-4F42-8CC1-77B86ACF25A5}.Debug|x64.Build.0 = Debug|Any CPU
		{E593AFFA-EE19-4F42-8CC1-77B86ACF25A5}.Debug|x86.ActiveCfg = Debug|Any CPU
		{E593AFFA-EE19-4F42-8CC1-77B86ACF25A5}.Debug|x86.Build.0 = Debug|Any CPU
		{E593AFFA-EE19-4F42-8CC1-77B86ACF25A5}.Release|Any CPU.ActiveCfg = Release|Any CPU
		{E593AFFA-EE19-4F42-8CC1-77B86ACF25A5}.Release|Any CPU.Build.0 = Release|Any CPU
		{E593AFFA-EE19-4F42-8CC1-77B86ACF25A5}.Release|ARM.ActiveCfg = Release|Any CPU
		{E593AFFA-EE19-4F42-8CC1-77B86ACF25A5}.Release|ARM.Build.0 = Release|Any CPU
		{E593AFFA-EE19-4F42-8CC1-77B86ACF25A5}.Release|ARM64.ActiveCfg = Release|Any CPU
		{E593AFFA-EE19-4F42-8CC1-77B86ACF25A5}.Release|ARM64.Build.0 = Release|Any CPU
		{E593AFFA-EE19-4F42-8CC1-77B86ACF25A5}.Release|iPhone.ActiveCfg = Release|Any CPU
		{E593AFFA-EE19-4F42-8CC1-77B86ACF25A5}.Release|iPhone.Build.0 = Release|Any CPU
		{E593AFFA-EE19-4F42-8CC1-77B86ACF25A5}.Release|iPhoneSimulator.ActiveCfg = Release|Any CPU
		{E593AFFA-EE19-4F42-8CC1-77B86ACF25A5}.Release|iPhoneSimulator.Build.0 = Release|Any CPU
		{E593AFFA-EE19-4F42-8CC1-77B86ACF25A5}.Release|Mixed Platforms.ActiveCfg = Release|Any CPU
		{E593AFFA-EE19-4F42-8CC1-77B86ACF25A5}.Release|Mixed Platforms.Build.0 = Release|Any CPU
		{E593AFFA-EE19-4F42-8CC1-77B86ACF25A5}.Release|Unix.ActiveCfg = Release|Any CPU
		{E593AFFA-EE19-4F42-8CC1-77B86ACF25A5}.Release|Unix.Build.0 = Release|Any CPU
		{E593AFFA-EE19-4F42-8CC1-77B86ACF25A5}.Release|x64.ActiveCfg = Release|Any CPU
		{E593AFFA-EE19-4F42-8CC1-77B86ACF25A5}.Release|x64.Build.0 = Release|Any CPU
		{E593AFFA-EE19-4F42-8CC1-77B86ACF25A5}.Release|x86.ActiveCfg = Release|Any CPU
		{E593AFFA-EE19-4F42-8CC1-77B86ACF25A5}.Release|x86.Build.0 = Release|Any CPU
		{DC9FA7E8-3098-45BA-A267-DCA34D765A0D}.Ad-Hoc|Any CPU.ActiveCfg = Debug|Any CPU
		{DC9FA7E8-3098-45BA-A267-DCA34D765A0D}.Ad-Hoc|Any CPU.Build.0 = Debug|Any CPU
		{DC9FA7E8-3098-45BA-A267-DCA34D765A0D}.Ad-Hoc|ARM.ActiveCfg = Debug|Any CPU
		{DC9FA7E8-3098-45BA-A267-DCA34D765A0D}.Ad-Hoc|ARM.Build.0 = Debug|Any CPU
		{DC9FA7E8-3098-45BA-A267-DCA34D765A0D}.Ad-Hoc|ARM64.ActiveCfg = Debug|Any CPU
		{DC9FA7E8-3098-45BA-A267-DCA34D765A0D}.Ad-Hoc|ARM64.Build.0 = Debug|Any CPU
		{DC9FA7E8-3098-45BA-A267-DCA34D765A0D}.Ad-Hoc|iPhone.ActiveCfg = Debug|Any CPU
		{DC9FA7E8-3098-45BA-A267-DCA34D765A0D}.Ad-Hoc|iPhone.Build.0 = Debug|Any CPU
		{DC9FA7E8-3098-45BA-A267-DCA34D765A0D}.Ad-Hoc|iPhoneSimulator.ActiveCfg = Debug|Any CPU
		{DC9FA7E8-3098-45BA-A267-DCA34D765A0D}.Ad-Hoc|iPhoneSimulator.Build.0 = Debug|Any CPU
		{DC9FA7E8-3098-45BA-A267-DCA34D765A0D}.Ad-Hoc|Mixed Platforms.ActiveCfg = Debug|Any CPU
		{DC9FA7E8-3098-45BA-A267-DCA34D765A0D}.Ad-Hoc|Mixed Platforms.Build.0 = Debug|Any CPU
		{DC9FA7E8-3098-45BA-A267-DCA34D765A0D}.Ad-Hoc|Unix.ActiveCfg = Debug|Any CPU
		{DC9FA7E8-3098-45BA-A267-DCA34D765A0D}.Ad-Hoc|Unix.Build.0 = Debug|Any CPU
		{DC9FA7E8-3098-45BA-A267-DCA34D765A0D}.Ad-Hoc|x64.ActiveCfg = Debug|Any CPU
		{DC9FA7E8-3098-45BA-A267-DCA34D765A0D}.Ad-Hoc|x64.Build.0 = Debug|Any CPU
		{DC9FA7E8-3098-45BA-A267-DCA34D765A0D}.Ad-Hoc|x86.ActiveCfg = Debug|Any CPU
		{DC9FA7E8-3098-45BA-A267-DCA34D765A0D}.Ad-Hoc|x86.Build.0 = Debug|Any CPU
		{DC9FA7E8-3098-45BA-A267-DCA34D765A0D}.AppStore|Any CPU.ActiveCfg = Debug|Any CPU
		{DC9FA7E8-3098-45BA-A267-DCA34D765A0D}.AppStore|Any CPU.Build.0 = Debug|Any CPU
		{DC9FA7E8-3098-45BA-A267-DCA34D765A0D}.AppStore|ARM.ActiveCfg = Debug|Any CPU
		{DC9FA7E8-3098-45BA-A267-DCA34D765A0D}.AppStore|ARM.Build.0 = Debug|Any CPU
		{DC9FA7E8-3098-45BA-A267-DCA34D765A0D}.AppStore|ARM64.ActiveCfg = Debug|Any CPU
		{DC9FA7E8-3098-45BA-A267-DCA34D765A0D}.AppStore|ARM64.Build.0 = Debug|Any CPU
		{DC9FA7E8-3098-45BA-A267-DCA34D765A0D}.AppStore|iPhone.ActiveCfg = Debug|Any CPU
		{DC9FA7E8-3098-45BA-A267-DCA34D765A0D}.AppStore|iPhone.Build.0 = Debug|Any CPU
		{DC9FA7E8-3098-45BA-A267-DCA34D765A0D}.AppStore|iPhoneSimulator.ActiveCfg = Debug|Any CPU
		{DC9FA7E8-3098-45BA-A267-DCA34D765A0D}.AppStore|iPhoneSimulator.Build.0 = Debug|Any CPU
		{DC9FA7E8-3098-45BA-A267-DCA34D765A0D}.AppStore|Mixed Platforms.ActiveCfg = Debug|Any CPU
		{DC9FA7E8-3098-45BA-A267-DCA34D765A0D}.AppStore|Mixed Platforms.Build.0 = Debug|Any CPU
		{DC9FA7E8-3098-45BA-A267-DCA34D765A0D}.AppStore|Unix.ActiveCfg = Debug|Any CPU
		{DC9FA7E8-3098-45BA-A267-DCA34D765A0D}.AppStore|Unix.Build.0 = Debug|Any CPU
		{DC9FA7E8-3098-45BA-A267-DCA34D765A0D}.AppStore|x64.ActiveCfg = Debug|Any CPU
		{DC9FA7E8-3098-45BA-A267-DCA34D765A0D}.AppStore|x64.Build.0 = Debug|Any CPU
		{DC9FA7E8-3098-45BA-A267-DCA34D765A0D}.AppStore|x86.ActiveCfg = Debug|Any CPU
		{DC9FA7E8-3098-45BA-A267-DCA34D765A0D}.AppStore|x86.Build.0 = Debug|Any CPU
		{DC9FA7E8-3098-45BA-A267-DCA34D765A0D}.Debug|Any CPU.ActiveCfg = Debug|Any CPU
		{DC9FA7E8-3098-45BA-A267-DCA34D765A0D}.Debug|Any CPU.Build.0 = Debug|Any CPU
		{DC9FA7E8-3098-45BA-A267-DCA34D765A0D}.Debug|ARM.ActiveCfg = Debug|Any CPU
		{DC9FA7E8-3098-45BA-A267-DCA34D765A0D}.Debug|ARM.Build.0 = Debug|Any CPU
		{DC9FA7E8-3098-45BA-A267-DCA34D765A0D}.Debug|ARM64.ActiveCfg = Debug|Any CPU
		{DC9FA7E8-3098-45BA-A267-DCA34D765A0D}.Debug|ARM64.Build.0 = Debug|Any CPU
		{DC9FA7E8-3098-45BA-A267-DCA34D765A0D}.Debug|iPhone.ActiveCfg = Debug|Any CPU
		{DC9FA7E8-3098-45BA-A267-DCA34D765A0D}.Debug|iPhone.Build.0 = Debug|Any CPU
		{DC9FA7E8-3098-45BA-A267-DCA34D765A0D}.Debug|iPhoneSimulator.ActiveCfg = Debug|Any CPU
		{DC9FA7E8-3098-45BA-A267-DCA34D765A0D}.Debug|iPhoneSimulator.Build.0 = Debug|Any CPU
		{DC9FA7E8-3098-45BA-A267-DCA34D765A0D}.Debug|Mixed Platforms.ActiveCfg = Debug|Any CPU
		{DC9FA7E8-3098-45BA-A267-DCA34D765A0D}.Debug|Mixed Platforms.Build.0 = Debug|Any CPU
		{DC9FA7E8-3098-45BA-A267-DCA34D765A0D}.Debug|Unix.ActiveCfg = Debug|Any CPU
		{DC9FA7E8-3098-45BA-A267-DCA34D765A0D}.Debug|Unix.Build.0 = Debug|Any CPU
		{DC9FA7E8-3098-45BA-A267-DCA34D765A0D}.Debug|x64.ActiveCfg = Debug|Any CPU
		{DC9FA7E8-3098-45BA-A267-DCA34D765A0D}.Debug|x64.Build.0 = Debug|Any CPU
		{DC9FA7E8-3098-45BA-A267-DCA34D765A0D}.Debug|x86.ActiveCfg = Debug|Any CPU
		{DC9FA7E8-3098-45BA-A267-DCA34D765A0D}.Debug|x86.Build.0 = Debug|Any CPU
		{DC9FA7E8-3098-45BA-A267-DCA34D765A0D}.Release|Any CPU.ActiveCfg = Release|Any CPU
		{DC9FA7E8-3098-45BA-A267-DCA34D765A0D}.Release|Any CPU.Build.0 = Release|Any CPU
		{DC9FA7E8-3098-45BA-A267-DCA34D765A0D}.Release|ARM.ActiveCfg = Release|Any CPU
		{DC9FA7E8-3098-45BA-A267-DCA34D765A0D}.Release|ARM.Build.0 = Release|Any CPU
		{DC9FA7E8-3098-45BA-A267-DCA34D765A0D}.Release|ARM64.ActiveCfg = Release|Any CPU
		{DC9FA7E8-3098-45BA-A267-DCA34D765A0D}.Release|ARM64.Build.0 = Release|Any CPU
		{DC9FA7E8-3098-45BA-A267-DCA34D765A0D}.Release|iPhone.ActiveCfg = Release|Any CPU
		{DC9FA7E8-3098-45BA-A267-DCA34D765A0D}.Release|iPhone.Build.0 = Release|Any CPU
		{DC9FA7E8-3098-45BA-A267-DCA34D765A0D}.Release|iPhoneSimulator.ActiveCfg = Release|Any CPU
		{DC9FA7E8-3098-45BA-A267-DCA34D765A0D}.Release|iPhoneSimulator.Build.0 = Release|Any CPU
		{DC9FA7E8-3098-45BA-A267-DCA34D765A0D}.Release|Mixed Platforms.ActiveCfg = Release|Any CPU
		{DC9FA7E8-3098-45BA-A267-DCA34D765A0D}.Release|Mixed Platforms.Build.0 = Release|Any CPU
		{DC9FA7E8-3098-45BA-A267-DCA34D765A0D}.Release|Unix.ActiveCfg = Release|Any CPU
		{DC9FA7E8-3098-45BA-A267-DCA34D765A0D}.Release|Unix.Build.0 = Release|Any CPU
		{DC9FA7E8-3098-45BA-A267-DCA34D765A0D}.Release|x64.ActiveCfg = Release|Any CPU
		{DC9FA7E8-3098-45BA-A267-DCA34D765A0D}.Release|x64.Build.0 = Release|Any CPU
		{DC9FA7E8-3098-45BA-A267-DCA34D765A0D}.Release|x86.ActiveCfg = Release|Any CPU
		{DC9FA7E8-3098-45BA-A267-DCA34D765A0D}.Release|x86.Build.0 = Release|Any CPU
		{C026B27B-7A05-40AE-917B-27709254526B}.Ad-Hoc|Any CPU.ActiveCfg = Debug|Any CPU
		{C026B27B-7A05-40AE-917B-27709254526B}.Ad-Hoc|Any CPU.Build.0 = Debug|Any CPU
		{C026B27B-7A05-40AE-917B-27709254526B}.Ad-Hoc|ARM.ActiveCfg = Debug|Any CPU
		{C026B27B-7A05-40AE-917B-27709254526B}.Ad-Hoc|ARM.Build.0 = Debug|Any CPU
		{C026B27B-7A05-40AE-917B-27709254526B}.Ad-Hoc|ARM64.ActiveCfg = Debug|Any CPU
		{C026B27B-7A05-40AE-917B-27709254526B}.Ad-Hoc|ARM64.Build.0 = Debug|Any CPU
		{C026B27B-7A05-40AE-917B-27709254526B}.Ad-Hoc|iPhone.ActiveCfg = Debug|Any CPU
		{C026B27B-7A05-40AE-917B-27709254526B}.Ad-Hoc|iPhone.Build.0 = Debug|Any CPU
		{C026B27B-7A05-40AE-917B-27709254526B}.Ad-Hoc|iPhoneSimulator.ActiveCfg = Debug|Any CPU
		{C026B27B-7A05-40AE-917B-27709254526B}.Ad-Hoc|iPhoneSimulator.Build.0 = Debug|Any CPU
		{C026B27B-7A05-40AE-917B-27709254526B}.Ad-Hoc|Mixed Platforms.ActiveCfg = Debug|Any CPU
		{C026B27B-7A05-40AE-917B-27709254526B}.Ad-Hoc|Mixed Platforms.Build.0 = Debug|Any CPU
		{C026B27B-7A05-40AE-917B-27709254526B}.Ad-Hoc|Unix.ActiveCfg = Debug|Any CPU
		{C026B27B-7A05-40AE-917B-27709254526B}.Ad-Hoc|Unix.Build.0 = Debug|Any CPU
		{C026B27B-7A05-40AE-917B-27709254526B}.Ad-Hoc|x64.ActiveCfg = Debug|Any CPU
		{C026B27B-7A05-40AE-917B-27709254526B}.Ad-Hoc|x64.Build.0 = Debug|Any CPU
		{C026B27B-7A05-40AE-917B-27709254526B}.Ad-Hoc|x86.ActiveCfg = Debug|Any CPU
		{C026B27B-7A05-40AE-917B-27709254526B}.Ad-Hoc|x86.Build.0 = Debug|Any CPU
		{C026B27B-7A05-40AE-917B-27709254526B}.AppStore|Any CPU.ActiveCfg = Debug|Any CPU
		{C026B27B-7A05-40AE-917B-27709254526B}.AppStore|Any CPU.Build.0 = Debug|Any CPU
		{C026B27B-7A05-40AE-917B-27709254526B}.AppStore|ARM.ActiveCfg = Debug|Any CPU
		{C026B27B-7A05-40AE-917B-27709254526B}.AppStore|ARM.Build.0 = Debug|Any CPU
		{C026B27B-7A05-40AE-917B-27709254526B}.AppStore|ARM64.ActiveCfg = Debug|Any CPU
		{C026B27B-7A05-40AE-917B-27709254526B}.AppStore|ARM64.Build.0 = Debug|Any CPU
		{C026B27B-7A05-40AE-917B-27709254526B}.AppStore|iPhone.ActiveCfg = Debug|Any CPU
		{C026B27B-7A05-40AE-917B-27709254526B}.AppStore|iPhone.Build.0 = Debug|Any CPU
		{C026B27B-7A05-40AE-917B-27709254526B}.AppStore|iPhoneSimulator.ActiveCfg = Debug|Any CPU
		{C026B27B-7A05-40AE-917B-27709254526B}.AppStore|iPhoneSimulator.Build.0 = Debug|Any CPU
		{C026B27B-7A05-40AE-917B-27709254526B}.AppStore|Mixed Platforms.ActiveCfg = Debug|Any CPU
		{C026B27B-7A05-40AE-917B-27709254526B}.AppStore|Mixed Platforms.Build.0 = Debug|Any CPU
		{C026B27B-7A05-40AE-917B-27709254526B}.AppStore|Unix.ActiveCfg = Debug|Any CPU
		{C026B27B-7A05-40AE-917B-27709254526B}.AppStore|Unix.Build.0 = Debug|Any CPU
		{C026B27B-7A05-40AE-917B-27709254526B}.AppStore|x64.ActiveCfg = Debug|Any CPU
		{C026B27B-7A05-40AE-917B-27709254526B}.AppStore|x64.Build.0 = Debug|Any CPU
		{C026B27B-7A05-40AE-917B-27709254526B}.AppStore|x86.ActiveCfg = Debug|Any CPU
		{C026B27B-7A05-40AE-917B-27709254526B}.AppStore|x86.Build.0 = Debug|Any CPU
		{C026B27B-7A05-40AE-917B-27709254526B}.Debug|Any CPU.ActiveCfg = Debug|Any CPU
		{C026B27B-7A05-40AE-917B-27709254526B}.Debug|Any CPU.Build.0 = Debug|Any CPU
		{C026B27B-7A05-40AE-917B-27709254526B}.Debug|ARM.ActiveCfg = Debug|Any CPU
		{C026B27B-7A05-40AE-917B-27709254526B}.Debug|ARM.Build.0 = Debug|Any CPU
		{C026B27B-7A05-40AE-917B-27709254526B}.Debug|ARM64.ActiveCfg = Debug|Any CPU
		{C026B27B-7A05-40AE-917B-27709254526B}.Debug|ARM64.Build.0 = Debug|Any CPU
		{C026B27B-7A05-40AE-917B-27709254526B}.Debug|iPhone.ActiveCfg = Debug|Any CPU
		{C026B27B-7A05-40AE-917B-27709254526B}.Debug|iPhone.Build.0 = Debug|Any CPU
		{C026B27B-7A05-40AE-917B-27709254526B}.Debug|iPhoneSimulator.ActiveCfg = Debug|Any CPU
		{C026B27B-7A05-40AE-917B-27709254526B}.Debug|iPhoneSimulator.Build.0 = Debug|Any CPU
		{C026B27B-7A05-40AE-917B-27709254526B}.Debug|Mixed Platforms.ActiveCfg = Debug|Any CPU
		{C026B27B-7A05-40AE-917B-27709254526B}.Debug|Mixed Platforms.Build.0 = Debug|Any CPU
		{C026B27B-7A05-40AE-917B-27709254526B}.Debug|Unix.ActiveCfg = Debug|Any CPU
		{C026B27B-7A05-40AE-917B-27709254526B}.Debug|Unix.Build.0 = Debug|Any CPU
		{C026B27B-7A05-40AE-917B-27709254526B}.Debug|x64.ActiveCfg = Debug|Any CPU
		{C026B27B-7A05-40AE-917B-27709254526B}.Debug|x64.Build.0 = Debug|Any CPU
		{C026B27B-7A05-40AE-917B-27709254526B}.Debug|x86.ActiveCfg = Debug|Any CPU
		{C026B27B-7A05-40AE-917B-27709254526B}.Debug|x86.Build.0 = Debug|Any CPU
		{C026B27B-7A05-40AE-917B-27709254526B}.Release|Any CPU.ActiveCfg = Release|Any CPU
		{C026B27B-7A05-40AE-917B-27709254526B}.Release|Any CPU.Build.0 = Release|Any CPU
		{C026B27B-7A05-40AE-917B-27709254526B}.Release|ARM.ActiveCfg = Release|Any CPU
		{C026B27B-7A05-40AE-917B-27709254526B}.Release|ARM.Build.0 = Release|Any CPU
		{C026B27B-7A05-40AE-917B-27709254526B}.Release|ARM64.ActiveCfg = Release|Any CPU
		{C026B27B-7A05-40AE-917B-27709254526B}.Release|ARM64.Build.0 = Release|Any CPU
		{C026B27B-7A05-40AE-917B-27709254526B}.Release|iPhone.ActiveCfg = Release|Any CPU
		{C026B27B-7A05-40AE-917B-27709254526B}.Release|iPhone.Build.0 = Release|Any CPU
		{C026B27B-7A05-40AE-917B-27709254526B}.Release|iPhoneSimulator.ActiveCfg = Release|Any CPU
		{C026B27B-7A05-40AE-917B-27709254526B}.Release|iPhoneSimulator.Build.0 = Release|Any CPU
		{C026B27B-7A05-40AE-917B-27709254526B}.Release|Mixed Platforms.ActiveCfg = Release|Any CPU
		{C026B27B-7A05-40AE-917B-27709254526B}.Release|Mixed Platforms.Build.0 = Release|Any CPU
		{C026B27B-7A05-40AE-917B-27709254526B}.Release|Unix.ActiveCfg = Release|Any CPU
		{C026B27B-7A05-40AE-917B-27709254526B}.Release|Unix.Build.0 = Release|Any CPU
		{C026B27B-7A05-40AE-917B-27709254526B}.Release|x64.ActiveCfg = Release|Any CPU
		{C026B27B-7A05-40AE-917B-27709254526B}.Release|x64.Build.0 = Release|Any CPU
		{C026B27B-7A05-40AE-917B-27709254526B}.Release|x86.ActiveCfg = Release|Any CPU
		{C026B27B-7A05-40AE-917B-27709254526B}.Release|x86.Build.0 = Release|Any CPU
	EndGlobalSection
	GlobalSection(SolutionProperties) = preSolution
		HideSolutionNode = FALSE
	EndGlobalSection
	GlobalSection(NestedProjects) = preSolution
		{FE2B1389-86D0-4915-A8BB-2B12FB951246} = {322785EB-7924-4EC1-849E-79C91C1159C7}
		{543F0752-1B4A-40FF-83EF-D80A26576910} = {322785EB-7924-4EC1-849E-79C91C1159C7}
		{39D5696B-0B77-49B8-9BD2-8BA164035D72} = {68196064-35D5-4628-9065-329772C8745A}
		{7609020C-0D2A-49D6-8EC2-731971159B62} = {B32CCED4-586C-4C27-80C1-DDBFFE6D5988}
		{EA29B996-13E8-4775-9031-88E05C6288C4} = {B5F4E306-E019-4753-9C8F-4858C7517DA6}
		{9777F861-F072-4FB3-A23E-09F37DF90CC1} = {68196064-35D5-4628-9065-329772C8745A}
		{D7169F9B-01A1-4098-9DB4-9005222DC507} = {C34715EF-4059-44BC-A162-5599ACA83C82}
		{322785EB-7924-4EC1-849E-79C91C1159C7} = {39D5696B-0B77-49B8-9BD2-8BA164035D72}
		{AC88BCF6-97ED-4410-A61B-19CA5E3737F8} = {322785EB-7924-4EC1-849E-79C91C1159C7}
		{BD2E5EFE-7D2B-4CC8-8B7C-C0BDB1659777} = {C34715EF-4059-44BC-A162-5599ACA83C82}
		{B32CCED4-586C-4C27-80C1-DDBFFE6D5988} = {39D5696B-0B77-49B8-9BD2-8BA164035D72}
		{5127A85E-C3B3-44FE-A10D-1B52F92955C4} = {B32CCED4-586C-4C27-80C1-DDBFFE6D5988}
		{0D7B5BCE-3CB6-4FE4-806A-81BCAEFF18A1} = {322785EB-7924-4EC1-849E-79C91C1159C7}
		{0429508E-AFD9-4F1C-900A-EA1997FC8567} = {68196064-35D5-4628-9065-329772C8745A}
		{E593AFFA-EE19-4F42-8CC1-77B86ACF25A5} = {68196064-35D5-4628-9065-329772C8745A}
		{DC9FA7E8-3098-45BA-A267-DCA34D765A0D} = {C34715EF-4059-44BC-A162-5599ACA83C82}
		{C026B27B-7A05-40AE-917B-27709254526B} = {68196064-35D5-4628-9065-329772C8745A}
	EndGlobalSection
	GlobalSection(ExtensibilityGlobals) = postSolution
		RESX_ShowErrorsInErrorList = False
		SolutionGuid = {B224E843-3B6E-4B4E-86D7-B3A0A635A284}
		RESX_CodeReferences = {"Items":[{"Expression":"\\W($File.$Key)\\W","Extensions":".cs,.xaml,.cshtml","IsCaseSensitive":true,"SingleLineComment":"\/\/"},{"Expression":"\\W($File.$Key)\\W","Extensions":".vbhtml","IsCaseSensitive":false,"SingleLineComment":null},{"Expression":"ResourceManager.GetString\\(\"($Key)\"\\)","Extensions":".cs","IsCaseSensitive":true,"SingleLineComment":"\/\/"},{"Expression":"typeof\\((\\w+\\.)*($File)\\).+\"($Key)\"|\"($Key)\".+typeof\\((\\w+\\.)*($File)\\)","Extensions":".cs","IsCaseSensitive":true,"SingleLineComment":"\/\/"},{"Expression":"\\W($Key)\\W","Extensions":".vb","IsCaseSensitive":false,"SingleLineComment":"'"},{"Expression":"\\W($File::$Key)\\W","Extensions":".cpp,.c,.hxx,.h","IsCaseSensitive":true,"SingleLineComment":"\/\/"},{"Expression":"&lt;%\\$\\s+Resources:\\s*($File)\\s*,\\s*($Key)\\s*%&gt;","Extensions":".aspx,.ascx,.master","IsCaseSensitive":true,"SingleLineComment":null},{"Expression":"StringResourceKey\\.($Key)","Extensions":".cs","IsCaseSensitive":true,"SingleLineComment":"\/\/"},{"Expression":"\\.($Key)","Extensions":".ts,.html","IsCaseSensitive":true,"SingleLineComment":"\/\/"},{"Expression":"resources:Strings.$Key","Extensions":".xaml","IsCaseSensitive":false,"SingleLineComment":"<!--"},{"Expression":"Strings.$Key","Extensions":".cs","IsCaseSensitive":true,"SingleLineComment":"\/\/"}]}
	EndGlobalSection
	GlobalSection(MonoDevelopProperties) = preSolution
		version = 0.12.0.0
	EndGlobalSection
EndGlobal
