
Microsoft Visual Studio Solution File, Format Version 12.00
# Visual Studio Version 16
VisualStudioVersion = 16.0.30320.27
MinimumVisualStudioVersion = 10.0.40219.1
Project("{FAE04EC0-301F-11D3-BF4B-00C04F79EFBC}") = "MoneyFox.Android", "MoneyFox.Android\MoneyFox.Android.csproj", "{FE2B1389-86D0-4915-A8BB-2B12FB951246}"
EndProject
Project("{FAE04EC0-301F-11D3-BF4B-00C04F79EFBC}") = "MoneyFox.iOS", "MoneyFox.iOS\MoneyFox.iOS.csproj", "{543F0752-1B4A-40FF-83EF-D80A26576910}"
EndProject
Project("{9A19103F-16F7-4668-BE54-9A1E7A4F7556}") = "MoneyFox", "MoneyFox\MoneyFox.csproj", "{97801952-BB0D-4CAA-BA07-CBAE00A5860F}"
EndProject
Project("{2150E333-8FDC-42A3-9474-1A3956D46DE8}") = "Core", "Core", "{2CBA4C4B-4217-4BEB-B458-2480180E47A0}"
EndProject
Project("{2150E333-8FDC-42A3-9474-1A3956D46DE8}") = "Presentation", "Presentation", "{D4B4EA23-1E58-4000-99C5-C184BC68AAB6}"
EndProject
Project("{2150E333-8FDC-42A3-9474-1A3956D46DE8}") = "Solution Items", "Solution Items", "{02FD6D51-FEE2-4EFE-9DC6-D1D08BD3F478}"
	ProjectSection(SolutionItems) = preProject
		.editorconfig = .editorconfig
		..\pipelines\azure-pipelines-android.yml = ..\pipelines\azure-pipelines-android.yml
		..\pipelines\azure-pipelines-iOS.yml = ..\pipelines\azure-pipelines-iOS.yml
		..\pipelines\azure-pipelines-validate-pr.yml = ..\pipelines\azure-pipelines-validate-pr.yml
		..\pipelines\azure-pipelines-windows.yml = ..\pipelines\azure-pipelines-windows.yml
	EndProjectSection
EndProject
Project("{9A19103F-16F7-4668-BE54-9A1E7A4F7556}") = "MoneyFox.Application", "MoneyFox.Application\MoneyFox.Application.csproj", "{9D569165-5277-4B92-A621-6710C487F51B}"
EndProject
Project("{9A19103F-16F7-4668-BE54-9A1E7A4F7556}") = "MoneyFox.Domain", "MoneyFox.Domain\MoneyFox.Domain.csproj", "{4DAED35C-D8CF-48A6-BE73-5A43437057D3}"
EndProject
Project("{9A19103F-16F7-4668-BE54-9A1E7A4F7556}") = "MoneyFox.Persistence", "MoneyFox.Persistence\MoneyFox.Persistence.csproj", "{20C6887B-81DB-4248-A896-8D24E2BC7473}"
EndProject
Project("{2150E333-8FDC-42A3-9474-1A3956D46DE8}") = "Tests", "Tests", "{4CEB1C79-990C-4F53-A88F-FC5B30A69F6D}"
EndProject
Project("{9A19103F-16F7-4668-BE54-9A1E7A4F7556}") = "MoneyFox.Domain.Tests", "MoneyFox.Domain.Tests\MoneyFox.Domain.Tests.csproj", "{5E95161B-EE69-4880-98E9-FFAD1FD5E12B}"
EndProject
Project("{9A19103F-16F7-4668-BE54-9A1E7A4F7556}") = "MoneyFox.Application.Tests", "MoneyFox.Application.Tests\MoneyFox.Application.Tests.csproj", "{D6C266EC-2759-4BB1-8098-48F383945333}"
EndProject
Project("{9A19103F-16F7-4668-BE54-9A1E7A4F7556}") = "MoneyFox.Persistence.Tests", "MoneyFox.Persistence.Tests\MoneyFox.Persistence.Tests.csproj", "{66A79F57-C69F-48CE-99CD-1890DBE18FEF}"
EndProject
Project("{9A19103F-16F7-4668-BE54-9A1E7A4F7556}") = "MoneyFox.Migrations.Startup", "MoneyFox.Migrations.Startup\MoneyFox.Migrations.Startup.csproj", "{9E322F9E-C967-4E52-A3A3-867F38AC8187}"
EndProject
Project("{2150E333-8FDC-42A3-9474-1A3956D46DE8}") = "Helper", "Helper", "{6F084A49-E414-4304-B76F-CE3FD9A1B2C1}"
EndProject
Project("{9A19103F-16F7-4668-BE54-9A1E7A4F7556}") = "MoneyFox.Ui.Shared", "MoneyFox.Ui.Shared\MoneyFox.Ui.Shared.csproj", "{D0FF4F98-97C7-4115-AC1E-4754B5D01C37}"
EndProject
Global
	GlobalSection(SolutionConfigurationPlatforms) = preSolution
		Debug|Any CPU = Debug|Any CPU
		Debug|iPhone = Debug|iPhone
		Debug|iPhoneSimulator = Debug|iPhoneSimulator
		Release|Any CPU = Release|Any CPU
		Release|iPhone = Release|iPhone
		Release|iPhoneSimulator = Release|iPhoneSimulator
	EndGlobalSection
	GlobalSection(ProjectConfigurationPlatforms) = postSolution
		{FE2B1389-86D0-4915-A8BB-2B12FB951246}.Debug|Any CPU.ActiveCfg = Debug|Any CPU
		{FE2B1389-86D0-4915-A8BB-2B12FB951246}.Debug|Any CPU.Build.0 = Debug|Any CPU
		{FE2B1389-86D0-4915-A8BB-2B12FB951246}.Debug|Any CPU.Deploy.0 = Debug|Any CPU
		{FE2B1389-86D0-4915-A8BB-2B12FB951246}.Debug|iPhone.ActiveCfg = Debug|Any CPU
		{FE2B1389-86D0-4915-A8BB-2B12FB951246}.Debug|iPhone.Build.0 = Debug|Any CPU
		{FE2B1389-86D0-4915-A8BB-2B12FB951246}.Debug|iPhone.Deploy.0 = Debug|Any CPU
		{FE2B1389-86D0-4915-A8BB-2B12FB951246}.Debug|iPhoneSimulator.ActiveCfg = Debug|Any CPU
		{FE2B1389-86D0-4915-A8BB-2B12FB951246}.Debug|iPhoneSimulator.Build.0 = Debug|Any CPU
		{FE2B1389-86D0-4915-A8BB-2B12FB951246}.Debug|iPhoneSimulator.Deploy.0 = Debug|Any CPU
		{FE2B1389-86D0-4915-A8BB-2B12FB951246}.Release|Any CPU.ActiveCfg = Release|Any CPU
		{FE2B1389-86D0-4915-A8BB-2B12FB951246}.Release|Any CPU.Build.0 = Release|Any CPU
		{FE2B1389-86D0-4915-A8BB-2B12FB951246}.Release|Any CPU.Deploy.0 = Release|Any CPU
		{FE2B1389-86D0-4915-A8BB-2B12FB951246}.Release|iPhone.ActiveCfg = Release|Any CPU
		{FE2B1389-86D0-4915-A8BB-2B12FB951246}.Release|iPhone.Build.0 = Release|Any CPU
		{FE2B1389-86D0-4915-A8BB-2B12FB951246}.Release|iPhone.Deploy.0 = Release|Any CPU
		{FE2B1389-86D0-4915-A8BB-2B12FB951246}.Release|iPhoneSimulator.ActiveCfg = Release|Any CPU
		{FE2B1389-86D0-4915-A8BB-2B12FB951246}.Release|iPhoneSimulator.Build.0 = Release|Any CPU
		{FE2B1389-86D0-4915-A8BB-2B12FB951246}.Release|iPhoneSimulator.Deploy.0 = Release|Any CPU
		{543F0752-1B4A-40FF-83EF-D80A26576910}.Debug|Any CPU.ActiveCfg = Debug|iPhone
		{543F0752-1B4A-40FF-83EF-D80A26576910}.Debug|Any CPU.Build.0 = Debug|iPhone
		{543F0752-1B4A-40FF-83EF-D80A26576910}.Debug|Any CPU.Deploy.0 = Debug|iPhone
		{543F0752-1B4A-40FF-83EF-D80A26576910}.Debug|iPhone.ActiveCfg = Debug|iPhone
		{543F0752-1B4A-40FF-83EF-D80A26576910}.Debug|iPhone.Build.0 = Debug|iPhone
		{543F0752-1B4A-40FF-83EF-D80A26576910}.Debug|iPhone.Deploy.0 = Debug|iPhone
		{543F0752-1B4A-40FF-83EF-D80A26576910}.Debug|iPhoneSimulator.ActiveCfg = Debug|iPhoneSimulator
		{543F0752-1B4A-40FF-83EF-D80A26576910}.Debug|iPhoneSimulator.Build.0 = Debug|iPhoneSimulator
		{543F0752-1B4A-40FF-83EF-D80A26576910}.Debug|iPhoneSimulator.Deploy.0 = Debug|iPhoneSimulator
		{543F0752-1B4A-40FF-83EF-D80A26576910}.Release|Any CPU.ActiveCfg = Release|iPhone
		{543F0752-1B4A-40FF-83EF-D80A26576910}.Release|Any CPU.Build.0 = Release|iPhone
		{543F0752-1B4A-40FF-83EF-D80A26576910}.Release|Any CPU.Deploy.0 = Release|iPhone
		{543F0752-1B4A-40FF-83EF-D80A26576910}.Release|iPhone.ActiveCfg = Release|iPhone
		{543F0752-1B4A-40FF-83EF-D80A26576910}.Release|iPhone.Build.0 = Release|iPhone
		{543F0752-1B4A-40FF-83EF-D80A26576910}.Release|iPhone.Deploy.0 = Release|iPhone
		{543F0752-1B4A-40FF-83EF-D80A26576910}.Release|iPhoneSimulator.ActiveCfg = Release|iPhoneSimulator
		{543F0752-1B4A-40FF-83EF-D80A26576910}.Release|iPhoneSimulator.Build.0 = Release|iPhoneSimulator
		{543F0752-1B4A-40FF-83EF-D80A26576910}.Release|iPhoneSimulator.Deploy.0 = Release|iPhoneSimulator
		{97801952-BB0D-4CAA-BA07-CBAE00A5860F}.Debug|Any CPU.ActiveCfg = Debug|Any CPU
		{97801952-BB0D-4CAA-BA07-CBAE00A5860F}.Debug|Any CPU.Build.0 = Debug|Any CPU
		{97801952-BB0D-4CAA-BA07-CBAE00A5860F}.Debug|Any CPU.Deploy.0 = Debug|Any CPU
		{97801952-BB0D-4CAA-BA07-CBAE00A5860F}.Debug|iPhone.ActiveCfg = Debug|Any CPU
		{97801952-BB0D-4CAA-BA07-CBAE00A5860F}.Debug|iPhone.Build.0 = Debug|Any CPU
		{97801952-BB0D-4CAA-BA07-CBAE00A5860F}.Debug|iPhone.Deploy.0 = Debug|Any CPU
		{97801952-BB0D-4CAA-BA07-CBAE00A5860F}.Debug|iPhoneSimulator.ActiveCfg = Debug|Any CPU
		{97801952-BB0D-4CAA-BA07-CBAE00A5860F}.Debug|iPhoneSimulator.Build.0 = Debug|Any CPU
		{97801952-BB0D-4CAA-BA07-CBAE00A5860F}.Debug|iPhoneSimulator.Deploy.0 = Debug|Any CPU
		{97801952-BB0D-4CAA-BA07-CBAE00A5860F}.Release|Any CPU.ActiveCfg = Release|Any CPU
		{97801952-BB0D-4CAA-BA07-CBAE00A5860F}.Release|Any CPU.Build.0 = Release|Any CPU
		{97801952-BB0D-4CAA-BA07-CBAE00A5860F}.Release|Any CPU.Deploy.0 = Release|Any CPU
		{97801952-BB0D-4CAA-BA07-CBAE00A5860F}.Release|iPhone.ActiveCfg = Release|Any CPU
		{97801952-BB0D-4CAA-BA07-CBAE00A5860F}.Release|iPhone.Build.0 = Release|Any CPU
		{97801952-BB0D-4CAA-BA07-CBAE00A5860F}.Release|iPhone.Deploy.0 = Release|Any CPU
		{97801952-BB0D-4CAA-BA07-CBAE00A5860F}.Release|iPhoneSimulator.ActiveCfg = Release|Any CPU
		{97801952-BB0D-4CAA-BA07-CBAE00A5860F}.Release|iPhoneSimulator.Build.0 = Release|Any CPU
		{97801952-BB0D-4CAA-BA07-CBAE00A5860F}.Release|iPhoneSimulator.Deploy.0 = Release|Any CPU
		{9D569165-5277-4B92-A621-6710C487F51B}.Debug|Any CPU.ActiveCfg = Debug|Any CPU
		{9D569165-5277-4B92-A621-6710C487F51B}.Debug|Any CPU.Build.0 = Debug|Any CPU
		{9D569165-5277-4B92-A621-6710C487F51B}.Debug|iPhone.ActiveCfg = Debug|Any CPU
		{9D569165-5277-4B92-A621-6710C487F51B}.Debug|iPhone.Build.0 = Debug|Any CPU
		{9D569165-5277-4B92-A621-6710C487F51B}.Debug|iPhoneSimulator.ActiveCfg = Debug|Any CPU
		{9D569165-5277-4B92-A621-6710C487F51B}.Debug|iPhoneSimulator.Build.0 = Debug|Any CPU
		{9D569165-5277-4B92-A621-6710C487F51B}.Release|Any CPU.ActiveCfg = Release|Any CPU
		{9D569165-5277-4B92-A621-6710C487F51B}.Release|Any CPU.Build.0 = Release|Any CPU
		{9D569165-5277-4B92-A621-6710C487F51B}.Release|iPhone.ActiveCfg = Release|Any CPU
		{9D569165-5277-4B92-A621-6710C487F51B}.Release|iPhone.Build.0 = Release|Any CPU
		{9D569165-5277-4B92-A621-6710C487F51B}.Release|iPhoneSimulator.ActiveCfg = Release|Any CPU
		{9D569165-5277-4B92-A621-6710C487F51B}.Release|iPhoneSimulator.Build.0 = Release|Any CPU
		{4DAED35C-D8CF-48A6-BE73-5A43437057D3}.Debug|Any CPU.ActiveCfg = Debug|Any CPU
		{4DAED35C-D8CF-48A6-BE73-5A43437057D3}.Debug|Any CPU.Build.0 = Debug|Any CPU
		{4DAED35C-D8CF-48A6-BE73-5A43437057D3}.Debug|iPhone.ActiveCfg = Debug|Any CPU
		{4DAED35C-D8CF-48A6-BE73-5A43437057D3}.Debug|iPhone.Build.0 = Debug|Any CPU
		{4DAED35C-D8CF-48A6-BE73-5A43437057D3}.Debug|iPhoneSimulator.ActiveCfg = Debug|Any CPU
		{4DAED35C-D8CF-48A6-BE73-5A43437057D3}.Debug|iPhoneSimulator.Build.0 = Debug|Any CPU
		{4DAED35C-D8CF-48A6-BE73-5A43437057D3}.Release|Any CPU.ActiveCfg = Release|Any CPU
		{4DAED35C-D8CF-48A6-BE73-5A43437057D3}.Release|Any CPU.Build.0 = Release|Any CPU
		{4DAED35C-D8CF-48A6-BE73-5A43437057D3}.Release|iPhone.ActiveCfg = Release|Any CPU
		{4DAED35C-D8CF-48A6-BE73-5A43437057D3}.Release|iPhone.Build.0 = Release|Any CPU
		{4DAED35C-D8CF-48A6-BE73-5A43437057D3}.Release|iPhoneSimulator.ActiveCfg = Release|Any CPU
		{4DAED35C-D8CF-48A6-BE73-5A43437057D3}.Release|iPhoneSimulator.Build.0 = Release|Any CPU
		{20C6887B-81DB-4248-A896-8D24E2BC7473}.Debug|Any CPU.ActiveCfg = Debug|Any CPU
		{20C6887B-81DB-4248-A896-8D24E2BC7473}.Debug|Any CPU.Build.0 = Debug|Any CPU
		{20C6887B-81DB-4248-A896-8D24E2BC7473}.Debug|iPhone.ActiveCfg = Debug|Any CPU
		{20C6887B-81DB-4248-A896-8D24E2BC7473}.Debug|iPhone.Build.0 = Debug|Any CPU
		{20C6887B-81DB-4248-A896-8D24E2BC7473}.Debug|iPhoneSimulator.ActiveCfg = Debug|Any CPU
		{20C6887B-81DB-4248-A896-8D24E2BC7473}.Debug|iPhoneSimulator.Build.0 = Debug|Any CPU
		{20C6887B-81DB-4248-A896-8D24E2BC7473}.Release|Any CPU.ActiveCfg = Release|Any CPU
		{20C6887B-81DB-4248-A896-8D24E2BC7473}.Release|Any CPU.Build.0 = Release|Any CPU
		{20C6887B-81DB-4248-A896-8D24E2BC7473}.Release|iPhone.ActiveCfg = Release|Any CPU
		{20C6887B-81DB-4248-A896-8D24E2BC7473}.Release|iPhone.Build.0 = Release|Any CPU
		{20C6887B-81DB-4248-A896-8D24E2BC7473}.Release|iPhoneSimulator.ActiveCfg = Release|Any CPU
		{20C6887B-81DB-4248-A896-8D24E2BC7473}.Release|iPhoneSimulator.Build.0 = Release|Any CPU
		{5E95161B-EE69-4880-98E9-FFAD1FD5E12B}.Debug|Any CPU.ActiveCfg = Debug|Any CPU
		{5E95161B-EE69-4880-98E9-FFAD1FD5E12B}.Debug|Any CPU.Build.0 = Debug|Any CPU
		{5E95161B-EE69-4880-98E9-FFAD1FD5E12B}.Debug|iPhone.ActiveCfg = Debug|Any CPU
		{5E95161B-EE69-4880-98E9-FFAD1FD5E12B}.Debug|iPhone.Build.0 = Debug|Any CPU
		{5E95161B-EE69-4880-98E9-FFAD1FD5E12B}.Debug|iPhoneSimulator.ActiveCfg = Debug|Any CPU
		{5E95161B-EE69-4880-98E9-FFAD1FD5E12B}.Debug|iPhoneSimulator.Build.0 = Debug|Any CPU
		{5E95161B-EE69-4880-98E9-FFAD1FD5E12B}.Release|Any CPU.ActiveCfg = Release|Any CPU
		{5E95161B-EE69-4880-98E9-FFAD1FD5E12B}.Release|Any CPU.Build.0 = Release|Any CPU
		{5E95161B-EE69-4880-98E9-FFAD1FD5E12B}.Release|iPhone.ActiveCfg = Release|Any CPU
		{5E95161B-EE69-4880-98E9-FFAD1FD5E12B}.Release|iPhone.Build.0 = Release|Any CPU
		{5E95161B-EE69-4880-98E9-FFAD1FD5E12B}.Release|iPhoneSimulator.ActiveCfg = Release|Any CPU
		{5E95161B-EE69-4880-98E9-FFAD1FD5E12B}.Release|iPhoneSimulator.Build.0 = Release|Any CPU
		{D6C266EC-2759-4BB1-8098-48F383945333}.Debug|Any CPU.ActiveCfg = Debug|Any CPU
		{D6C266EC-2759-4BB1-8098-48F383945333}.Debug|Any CPU.Build.0 = Debug|Any CPU
		{D6C266EC-2759-4BB1-8098-48F383945333}.Debug|iPhone.ActiveCfg = Debug|Any CPU
		{D6C266EC-2759-4BB1-8098-48F383945333}.Debug|iPhone.Build.0 = Debug|Any CPU
		{D6C266EC-2759-4BB1-8098-48F383945333}.Debug|iPhoneSimulator.ActiveCfg = Debug|Any CPU
		{D6C266EC-2759-4BB1-8098-48F383945333}.Debug|iPhoneSimulator.Build.0 = Debug|Any CPU
		{D6C266EC-2759-4BB1-8098-48F383945333}.Release|Any CPU.ActiveCfg = Release|Any CPU
		{D6C266EC-2759-4BB1-8098-48F383945333}.Release|Any CPU.Build.0 = Release|Any CPU
		{D6C266EC-2759-4BB1-8098-48F383945333}.Release|iPhone.ActiveCfg = Release|Any CPU
		{D6C266EC-2759-4BB1-8098-48F383945333}.Release|iPhone.Build.0 = Release|Any CPU
		{D6C266EC-2759-4BB1-8098-48F383945333}.Release|iPhoneSimulator.ActiveCfg = Release|Any CPU
		{D6C266EC-2759-4BB1-8098-48F383945333}.Release|iPhoneSimulator.Build.0 = Release|Any CPU
		{66A79F57-C69F-48CE-99CD-1890DBE18FEF}.Debug|Any CPU.ActiveCfg = Debug|Any CPU
		{66A79F57-C69F-48CE-99CD-1890DBE18FEF}.Debug|Any CPU.Build.0 = Debug|Any CPU
		{66A79F57-C69F-48CE-99CD-1890DBE18FEF}.Debug|iPhone.ActiveCfg = Debug|Any CPU
		{66A79F57-C69F-48CE-99CD-1890DBE18FEF}.Debug|iPhone.Build.0 = Debug|Any CPU
		{66A79F57-C69F-48CE-99CD-1890DBE18FEF}.Debug|iPhoneSimulator.ActiveCfg = Debug|Any CPU
		{66A79F57-C69F-48CE-99CD-1890DBE18FEF}.Debug|iPhoneSimulator.Build.0 = Debug|Any CPU
		{66A79F57-C69F-48CE-99CD-1890DBE18FEF}.Release|Any CPU.ActiveCfg = Release|Any CPU
		{66A79F57-C69F-48CE-99CD-1890DBE18FEF}.Release|Any CPU.Build.0 = Release|Any CPU
		{66A79F57-C69F-48CE-99CD-1890DBE18FEF}.Release|iPhone.ActiveCfg = Release|Any CPU
		{66A79F57-C69F-48CE-99CD-1890DBE18FEF}.Release|iPhone.Build.0 = Release|Any CPU
		{66A79F57-C69F-48CE-99CD-1890DBE18FEF}.Release|iPhoneSimulator.ActiveCfg = Release|Any CPU
		{66A79F57-C69F-48CE-99CD-1890DBE18FEF}.Release|iPhoneSimulator.Build.0 = Release|Any CPU
		{9E322F9E-C967-4E52-A3A3-867F38AC8187}.Debug|Any CPU.ActiveCfg = Debug|Any CPU
		{9E322F9E-C967-4E52-A3A3-867F38AC8187}.Debug|Any CPU.Build.0 = Debug|Any CPU
		{9E322F9E-C967-4E52-A3A3-867F38AC8187}.Debug|iPhone.ActiveCfg = Debug|Any CPU
		{9E322F9E-C967-4E52-A3A3-867F38AC8187}.Debug|iPhone.Build.0 = Debug|Any CPU
		{9E322F9E-C967-4E52-A3A3-867F38AC8187}.Debug|iPhoneSimulator.ActiveCfg = Debug|Any CPU
		{9E322F9E-C967-4E52-A3A3-867F38AC8187}.Debug|iPhoneSimulator.Build.0 = Debug|Any CPU
		{9E322F9E-C967-4E52-A3A3-867F38AC8187}.Release|Any CPU.ActiveCfg = Release|Any CPU
		{9E322F9E-C967-4E52-A3A3-867F38AC8187}.Release|Any CPU.Build.0 = Release|Any CPU
		{9E322F9E-C967-4E52-A3A3-867F38AC8187}.Release|iPhone.ActiveCfg = Release|Any CPU
		{9E322F9E-C967-4E52-A3A3-867F38AC8187}.Release|iPhone.Build.0 = Release|Any CPU
		{9E322F9E-C967-4E52-A3A3-867F38AC8187}.Release|iPhoneSimulator.ActiveCfg = Release|Any CPU
		{9E322F9E-C967-4E52-A3A3-867F38AC8187}.Release|iPhoneSimulator.Build.0 = Release|Any CPU
		{D0FF4F98-97C7-4115-AC1E-4754B5D01C37}.Debug|Any CPU.ActiveCfg = Debug|Any CPU
		{D0FF4F98-97C7-4115-AC1E-4754B5D01C37}.Debug|Any CPU.Build.0 = Debug|Any CPU
		{D0FF4F98-97C7-4115-AC1E-4754B5D01C37}.Debug|iPhone.ActiveCfg = Debug|Any CPU
		{D0FF4F98-97C7-4115-AC1E-4754B5D01C37}.Debug|iPhone.Build.0 = Debug|Any CPU
		{D0FF4F98-97C7-4115-AC1E-4754B5D01C37}.Debug|iPhoneSimulator.ActiveCfg = Debug|Any CPU
		{D0FF4F98-97C7-4115-AC1E-4754B5D01C37}.Debug|iPhoneSimulator.Build.0 = Debug|Any CPU
		{D0FF4F98-97C7-4115-AC1E-4754B5D01C37}.Release|Any CPU.ActiveCfg = Release|Any CPU
		{D0FF4F98-97C7-4115-AC1E-4754B5D01C37}.Release|Any CPU.Build.0 = Release|Any CPU
		{D0FF4F98-97C7-4115-AC1E-4754B5D01C37}.Release|iPhone.ActiveCfg = Release|Any CPU
		{D0FF4F98-97C7-4115-AC1E-4754B5D01C37}.Release|iPhone.Build.0 = Release|Any CPU
		{D0FF4F98-97C7-4115-AC1E-4754B5D01C37}.Release|iPhoneSimulator.ActiveCfg = Release|Any CPU
		{D0FF4F98-97C7-4115-AC1E-4754B5D01C37}.Release|iPhoneSimulator.Build.0 = Release|Any CPU
	EndGlobalSection
	GlobalSection(SolutionProperties) = preSolution
		HideSolutionNode = FALSE
	EndGlobalSection
	GlobalSection(NestedProjects) = preSolution
		{FE2B1389-86D0-4915-A8BB-2B12FB951246} = {D4B4EA23-1E58-4000-99C5-C184BC68AAB6}
		{543F0752-1B4A-40FF-83EF-D80A26576910} = {D4B4EA23-1E58-4000-99C5-C184BC68AAB6}
		{97801952-BB0D-4CAA-BA07-CBAE00A5860F} = {D4B4EA23-1E58-4000-99C5-C184BC68AAB6}
		{9D569165-5277-4B92-A621-6710C487F51B} = {2CBA4C4B-4217-4BEB-B458-2480180E47A0}
		{4DAED35C-D8CF-48A6-BE73-5A43437057D3} = {2CBA4C4B-4217-4BEB-B458-2480180E47A0}
		{20C6887B-81DB-4248-A896-8D24E2BC7473} = {2CBA4C4B-4217-4BEB-B458-2480180E47A0}
		{5E95161B-EE69-4880-98E9-FFAD1FD5E12B} = {4CEB1C79-990C-4F53-A88F-FC5B30A69F6D}
		{D6C266EC-2759-4BB1-8098-48F383945333} = {4CEB1C79-990C-4F53-A88F-FC5B30A69F6D}
		{66A79F57-C69F-48CE-99CD-1890DBE18FEF} = {4CEB1C79-990C-4F53-A88F-FC5B30A69F6D}
		{9E322F9E-C967-4E52-A3A3-867F38AC8187} = {6F084A49-E414-4304-B76F-CE3FD9A1B2C1}
		{D0FF4F98-97C7-4115-AC1E-4754B5D01C37} = {D4B4EA23-1E58-4000-99C5-C184BC68AAB6}
	EndGlobalSection
	GlobalSection(ExtensibilityGlobals) = postSolution
		RESX_TaskErrorCategory = Message
		RESX_ShowErrorsInErrorList = True
		SolutionGuid = {C94DCBF4-5DE5-4CC7-BACC-7ADF66719727}
	EndGlobalSection
EndGlobal
